
Microsoft Visual Studio Solution File, Format Version 12.00
# Visual Studio 14
VisualStudioVersion = 14.0.25123.0
MinimumVisualStudioVersion = 10.0.40219.1
Project("{FAE04EC0-301F-11D3-BF4B-00C04F79EFBC}") = "Aggregator.Windows", "Aggregator.Windows\Aggregator.Windows.csproj", "{78E36CD7-2797-4C61-B3ED-8BEB0FD95C26}"
EndProject
Project("{FAE04EC0-301F-11D3-BF4B-00C04F79EFBC}") = "Aggregator.Android", "Aggregator.Android\Aggregator.Android.csproj", "{C584FA97-E664-4028-ACDC-793070CDE04A}"
EndProject
Project("{FAE04EC0-301F-11D3-BF4B-00C04F79EFBC}") = "Aggregator.Test.Windows", "Aggregator.Test.Windows\Aggregator.Test.Windows.csproj", "{15E582C9-8B2B-4C1A-BC64-050B0B19B249}"
EndProject
Project("{FAE04EC0-301F-11D3-BF4B-00C04F79EFBC}") = "Aggregator.Test.Android", "Aggregator.Test.Android\Aggregator.Test.Android.csproj", "{C9CB994C-4CA8-4966-8992-22C5C2B24E8C}"
EndProject
Project("{2150E333-8FDC-42A3-9474-1A3956D46DE8}") = "Solution Items", "Solution Items", "{9F62C93F-1ECE-43DE-8E16-7E02CE306D10}"
	ProjectSection(SolutionItems) = preProject
		ReadMe.md = ReadMe.md
	EndProjectSection
EndProject
Project("{D954291E-2A0B-460D-934E-DC6B0785DB48}") = "Aggregator", "Aggregator\Aggregator.shproj", "{023F22BA-3CEB-4762-8DED-DEE9B5D006FF}"
EndProject
Project("{D954291E-2A0B-460D-934E-DC6B0785DB48}") = "Aggregator.Mobile", "Aggregator.Mobile\Aggregator.Mobile.shproj", "{DC2D3717-93AC-4A64-963D-7E658ADDDD79}"
EndProject
Project("{D954291E-2A0B-460D-934E-DC6B0785DB48}") = "Aggregator.Test", "Aggregator.Test\Aggregator.Test.shproj", "{881DD912-9FBA-4446-8D2C-21EFF73D233A}"
EndProject
Project("{FAE04EC0-301F-11D3-BF4B-00C04F79EFBC}") = "Aggregator.Test.iOS", "Aggregator.Test.iOS\Aggregator.Test.iOS.csproj", "{A4FC713A-876D-44CF-8BB3-D2C1FF1A5ED9}"
EndProject
Project("{FAE04EC0-301F-11D3-BF4B-00C04F79EFBC}") = "Aggregator.iOS", "Aggregator.iOS\Aggregator.iOS.csproj", "{FEF6E59C-902D-4040-8AF4-E7E94615DF5A}"
EndProject
Project("{FAE04EC0-301F-11D3-BF4B-00C04F79EFBC}") = "Aggregator.Portable", "Aggregator.Portable\Aggregator.Portable.csproj", "{5702D554-BA30-420C-9FA8-A59780E855EE}"
EndProject
Project("{FAE04EC0-301F-11D3-BF4B-00C04F79EFBC}") = "Aggregator.NuGet", "Aggregator.NuGet\Aggregator.NuGet.csproj", "{0451BAEF-DF2E-4B98-8644-94EE9415E389}"
EndProject
Project("{FAE04EC0-301F-11D3-BF4B-00C04F79EFBC}") = "Aggregator.UI.Test.Android", "Aggregator.UI.Test.Android\Aggregator.UI.Test.Android.csproj", "{A3AAFEEF-513A-4296-A9DF-4F7BE657AA45}"
EndProject
Project("{FAE04EC0-301F-11D3-BF4B-00C04F79EFBC}") = "Aggregator.UI.Test.iOS", "Aggregator.UI.Test.iOS\Aggregator.UI.Test.iOS.csproj", "{15A1CCE5-395D-4CCB-9B94-43A5A2BB3774}"
EndProject
Project("{2150E333-8FDC-42A3-9474-1A3956D46DE8}") = "Android", "Android", "{3022BAAF-2794-4FCE-9BAA-9C7D93D3B305}"
EndProject
Project("{2150E333-8FDC-42A3-9474-1A3956D46DE8}") = "iOS", "iOS", "{A7D386FB-5D85-414A-8A32-3B40E40F00D6}"
EndProject
Project("{2150E333-8FDC-42A3-9474-1A3956D46DE8}") = "Windows", "Windows", "{E0F6A267-403A-45A8-ABED-D67E97C0B5F6}"
EndProject
Global
	GlobalSection(SharedMSBuildProjectFiles) = preSolution
		Aggregator.Mobile\Aggregator.Mobile.projitems*{fef6e59c-902d-4040-8af4-e7e94615df5a}*SharedItemsImports = 4
		Aggregator\Aggregator.projitems*{fef6e59c-902d-4040-8af4-e7e94615df5a}*SharedItemsImports = 4
		Aggregator.Test\Aggregator.Test.projitems*{15e582c9-8b2b-4c1a-bc64-050b0b19b249}*SharedItemsImports = 4
		Aggregator.Test\Aggregator.Test.projitems*{c9cb994c-4ca8-4966-8992-22c5c2b24e8c}*SharedItemsImports = 4
		Aggregator\Aggregator.projitems*{78e36cd7-2797-4c61-b3ed-8beb0fd95c26}*SharedItemsImports = 4
		Aggregator\Aggregator.projitems*{023f22ba-3ceb-4762-8ded-dee9b5d006ff}*SharedItemsImports = 13
		Aggregator.Test\Aggregator.Test.projitems*{a4fc713a-876d-44cf-8bb3-d2c1ff1a5ed9}*SharedItemsImports = 4
		Aggregator.Mobile\Aggregator.Mobile.projitems*{dc2d3717-93ac-4a64-963d-7e658adddd79}*SharedItemsImports = 13
		Aggregator.Test\Aggregator.Test.projitems*{881dd912-9fba-4446-8d2c-21eff73d233a}*SharedItemsImports = 13
		Aggregator.Mobile\Aggregator.Mobile.projitems*{c584fa97-e664-4028-acdc-793070cde04a}*SharedItemsImports = 4
		Aggregator\Aggregator.projitems*{c584fa97-e664-4028-acdc-793070cde04a}*SharedItemsImports = 4
	EndGlobalSection
	GlobalSection(SolutionConfigurationPlatforms) = preSolution
		Ad-Hoc|Any CPU = Ad-Hoc|Any CPU
		Ad-Hoc|ARM = Ad-Hoc|ARM
		Ad-Hoc|iPhone = Ad-Hoc|iPhone
		Ad-Hoc|iPhoneSimulator = Ad-Hoc|iPhoneSimulator
		Ad-Hoc|Mixed Platforms = Ad-Hoc|Mixed Platforms
		Ad-Hoc|x64 = Ad-Hoc|x64
		Ad-Hoc|x86 = Ad-Hoc|x86
		AppStore|Any CPU = AppStore|Any CPU
		AppStore|ARM = AppStore|ARM
		AppStore|iPhone = AppStore|iPhone
		AppStore|iPhoneSimulator = AppStore|iPhoneSimulator
		AppStore|Mixed Platforms = AppStore|Mixed Platforms
		AppStore|x64 = AppStore|x64
		AppStore|x86 = AppStore|x86
		Debug|Any CPU = Debug|Any CPU
		Debug|ARM = Debug|ARM
		Debug|iPhone = Debug|iPhone
		Debug|iPhoneSimulator = Debug|iPhoneSimulator
		Debug|Mixed Platforms = Debug|Mixed Platforms
		Debug|x64 = Debug|x64
		Debug|x86 = Debug|x86
		DebugAndroid|Any CPU = DebugAndroid|Any CPU
		DebugAndroid|ARM = DebugAndroid|ARM
		DebugAndroid|iPhone = DebugAndroid|iPhone
		DebugAndroid|iPhoneSimulator = DebugAndroid|iPhoneSimulator
		DebugAndroid|Mixed Platforms = DebugAndroid|Mixed Platforms
		DebugAndroid|x64 = DebugAndroid|x64
		DebugAndroid|x86 = DebugAndroid|x86
		DebugiOS|Any CPU = DebugiOS|Any CPU
		DebugiOS|ARM = DebugiOS|ARM
		DebugiOS|iPhone = DebugiOS|iPhone
		DebugiOS|iPhoneSimulator = DebugiOS|iPhoneSimulator
		DebugiOS|Mixed Platforms = DebugiOS|Mixed Platforms
		DebugiOS|x64 = DebugiOS|x64
		DebugiOS|x86 = DebugiOS|x86
		DebugWindows|Any CPU = DebugWindows|Any CPU
		DebugWindows|ARM = DebugWindows|ARM
		DebugWindows|iPhone = DebugWindows|iPhone
		DebugWindows|iPhoneSimulator = DebugWindows|iPhoneSimulator
		DebugWindows|Mixed Platforms = DebugWindows|Mixed Platforms
		DebugWindows|x64 = DebugWindows|x64
		DebugWindows|x86 = DebugWindows|x86
		Release|Any CPU = Release|Any CPU
		Release|ARM = Release|ARM
		Release|iPhone = Release|iPhone
		Release|iPhoneSimulator = Release|iPhoneSimulator
		Release|Mixed Platforms = Release|Mixed Platforms
		Release|x64 = Release|x64
		Release|x86 = Release|x86
	EndGlobalSection
	GlobalSection(ProjectConfigurationPlatforms) = postSolution
		{78E36CD7-2797-4C61-B3ED-8BEB0FD95C26}.Ad-Hoc|Any CPU.ActiveCfg = Release|Any CPU
		{78E36CD7-2797-4C61-B3ED-8BEB0FD95C26}.Ad-Hoc|Any CPU.Build.0 = Release|Any CPU
		{78E36CD7-2797-4C61-B3ED-8BEB0FD95C26}.Ad-Hoc|ARM.ActiveCfg = Release|Any CPU
		{78E36CD7-2797-4C61-B3ED-8BEB0FD95C26}.Ad-Hoc|iPhone.ActiveCfg = Release|Any CPU
		{78E36CD7-2797-4C61-B3ED-8BEB0FD95C26}.Ad-Hoc|iPhoneSimulator.ActiveCfg = Release|Any CPU
		{78E36CD7-2797-4C61-B3ED-8BEB0FD95C26}.Ad-Hoc|Mixed Platforms.ActiveCfg = Release|Any CPU
		{78E36CD7-2797-4C61-B3ED-8BEB0FD95C26}.Ad-Hoc|Mixed Platforms.Build.0 = Release|Any CPU
		{78E36CD7-2797-4C61-B3ED-8BEB0FD95C26}.Ad-Hoc|x64.ActiveCfg = Release|Any CPU
		{78E36CD7-2797-4C61-B3ED-8BEB0FD95C26}.Ad-Hoc|x86.ActiveCfg = Release|Any CPU
		{78E36CD7-2797-4C61-B3ED-8BEB0FD95C26}.AppStore|Any CPU.ActiveCfg = Release|Any CPU
		{78E36CD7-2797-4C61-B3ED-8BEB0FD95C26}.AppStore|Any CPU.Build.0 = Release|Any CPU
		{78E36CD7-2797-4C61-B3ED-8BEB0FD95C26}.AppStore|ARM.ActiveCfg = Release|Any CPU
		{78E36CD7-2797-4C61-B3ED-8BEB0FD95C26}.AppStore|iPhone.ActiveCfg = Release|Any CPU
		{78E36CD7-2797-4C61-B3ED-8BEB0FD95C26}.AppStore|iPhoneSimulator.ActiveCfg = Release|Any CPU
		{78E36CD7-2797-4C61-B3ED-8BEB0FD95C26}.AppStore|Mixed Platforms.ActiveCfg = Release|Any CPU
		{78E36CD7-2797-4C61-B3ED-8BEB0FD95C26}.AppStore|Mixed Platforms.Build.0 = Release|Any CPU
		{78E36CD7-2797-4C61-B3ED-8BEB0FD95C26}.AppStore|x64.ActiveCfg = Release|Any CPU
		{78E36CD7-2797-4C61-B3ED-8BEB0FD95C26}.AppStore|x86.ActiveCfg = Release|Any CPU
		{78E36CD7-2797-4C61-B3ED-8BEB0FD95C26}.Debug|Any CPU.ActiveCfg = Debug|Any CPU
		{78E36CD7-2797-4C61-B3ED-8BEB0FD95C26}.Debug|Any CPU.Build.0 = Debug|Any CPU
		{78E36CD7-2797-4C61-B3ED-8BEB0FD95C26}.Debug|ARM.ActiveCfg = Debug|Any CPU
		{78E36CD7-2797-4C61-B3ED-8BEB0FD95C26}.Debug|iPhone.ActiveCfg = Debug|Any CPU
		{78E36CD7-2797-4C61-B3ED-8BEB0FD95C26}.Debug|iPhoneSimulator.ActiveCfg = Debug|Any CPU
		{78E36CD7-2797-4C61-B3ED-8BEB0FD95C26}.Debug|Mixed Platforms.ActiveCfg = Debug|Any CPU
		{78E36CD7-2797-4C61-B3ED-8BEB0FD95C26}.Debug|Mixed Platforms.Build.0 = Debug|Any CPU
		{78E36CD7-2797-4C61-B3ED-8BEB0FD95C26}.Debug|x64.ActiveCfg = Debug|Any CPU
		{78E36CD7-2797-4C61-B3ED-8BEB0FD95C26}.Debug|x86.ActiveCfg = Debug|Any CPU
		{78E36CD7-2797-4C61-B3ED-8BEB0FD95C26}.DebugAndroid|Any CPU.ActiveCfg = DebugAndroid|Any CPU
		{78E36CD7-2797-4C61-B3ED-8BEB0FD95C26}.DebugAndroid|ARM.ActiveCfg = DebugAndroid|Any CPU
		{78E36CD7-2797-4C61-B3ED-8BEB0FD95C26}.DebugAndroid|ARM.Build.0 = DebugAndroid|Any CPU
		{78E36CD7-2797-4C61-B3ED-8BEB0FD95C26}.DebugAndroid|iPhone.ActiveCfg = DebugAndroid|Any CPU
		{78E36CD7-2797-4C61-B3ED-8BEB0FD95C26}.DebugAndroid|iPhone.Build.0 = DebugAndroid|Any CPU
		{78E36CD7-2797-4C61-B3ED-8BEB0FD95C26}.DebugAndroid|iPhoneSimulator.ActiveCfg = DebugAndroid|Any CPU
		{78E36CD7-2797-4C61-B3ED-8BEB0FD95C26}.DebugAndroid|iPhoneSimulator.Build.0 = DebugAndroid|Any CPU
		{78E36CD7-2797-4C61-B3ED-8BEB0FD95C26}.DebugAndroid|Mixed Platforms.ActiveCfg = DebugAndroid|Any CPU
		{78E36CD7-2797-4C61-B3ED-8BEB0FD95C26}.DebugAndroid|Mixed Platforms.Build.0 = DebugAndroid|Any CPU
		{78E36CD7-2797-4C61-B3ED-8BEB0FD95C26}.DebugAndroid|x64.ActiveCfg = DebugAndroid|Any CPU
		{78E36CD7-2797-4C61-B3ED-8BEB0FD95C26}.DebugAndroid|x64.Build.0 = DebugAndroid|Any CPU
		{78E36CD7-2797-4C61-B3ED-8BEB0FD95C26}.DebugAndroid|x86.ActiveCfg = DebugAndroid|Any CPU
		{78E36CD7-2797-4C61-B3ED-8BEB0FD95C26}.DebugAndroid|x86.Build.0 = DebugAndroid|Any CPU
		{78E36CD7-2797-4C61-B3ED-8BEB0FD95C26}.DebugiOS|Any CPU.ActiveCfg = DebugiOS|Any CPU
		{78E36CD7-2797-4C61-B3ED-8BEB0FD95C26}.DebugiOS|ARM.ActiveCfg = DebugiOS|Any CPU
		{78E36CD7-2797-4C61-B3ED-8BEB0FD95C26}.DebugiOS|ARM.Build.0 = DebugiOS|Any CPU
		{78E36CD7-2797-4C61-B3ED-8BEB0FD95C26}.DebugiOS|iPhone.ActiveCfg = DebugiOS|Any CPU
		{78E36CD7-2797-4C61-B3ED-8BEB0FD95C26}.DebugiOS|iPhoneSimulator.ActiveCfg = DebugiOS|Any CPU
		{78E36CD7-2797-4C61-B3ED-8BEB0FD95C26}.DebugiOS|Mixed Platforms.ActiveCfg = DebugiOS|Any CPU
		{78E36CD7-2797-4C61-B3ED-8BEB0FD95C26}.DebugiOS|Mixed Platforms.Build.0 = DebugiOS|Any CPU
		{78E36CD7-2797-4C61-B3ED-8BEB0FD95C26}.DebugiOS|x64.ActiveCfg = DebugiOS|Any CPU
		{78E36CD7-2797-4C61-B3ED-8BEB0FD95C26}.DebugiOS|x64.Build.0 = DebugiOS|Any CPU
		{78E36CD7-2797-4C61-B3ED-8BEB0FD95C26}.DebugiOS|x86.ActiveCfg = DebugiOS|Any CPU
		{78E36CD7-2797-4C61-B3ED-8BEB0FD95C26}.DebugiOS|x86.Build.0 = DebugiOS|Any CPU
		{78E36CD7-2797-4C61-B3ED-8BEB0FD95C26}.DebugWindows|Any CPU.ActiveCfg = DebugWindows|Any CPU
		{78E36CD7-2797-4C61-B3ED-8BEB0FD95C26}.DebugWindows|Any CPU.Build.0 = DebugWindows|Any CPU
		{78E36CD7-2797-4C61-B3ED-8BEB0FD95C26}.DebugWindows|ARM.ActiveCfg = DebugWindows|Any CPU
		{78E36CD7-2797-4C61-B3ED-8BEB0FD95C26}.DebugWindows|ARM.Build.0 = DebugWindows|Any CPU
		{78E36CD7-2797-4C61-B3ED-8BEB0FD95C26}.DebugWindows|iPhone.ActiveCfg = DebugWindows|Any CPU
		{78E36CD7-2797-4C61-B3ED-8BEB0FD95C26}.DebugWindows|iPhone.Build.0 = DebugWindows|Any CPU
		{78E36CD7-2797-4C61-B3ED-8BEB0FD95C26}.DebugWindows|iPhoneSimulator.ActiveCfg = DebugWindows|Any CPU
		{78E36CD7-2797-4C61-B3ED-8BEB0FD95C26}.DebugWindows|iPhoneSimulator.Build.0 = DebugWindows|Any CPU
		{78E36CD7-2797-4C61-B3ED-8BEB0FD95C26}.DebugWindows|Mixed Platforms.ActiveCfg = DebugWindows|Any CPU
		{78E36CD7-2797-4C61-B3ED-8BEB0FD95C26}.DebugWindows|Mixed Platforms.Build.0 = DebugWindows|Any CPU
		{78E36CD7-2797-4C61-B3ED-8BEB0FD95C26}.DebugWindows|x64.ActiveCfg = DebugWindows|Any CPU
		{78E36CD7-2797-4C61-B3ED-8BEB0FD95C26}.DebugWindows|x64.Build.0 = DebugWindows|Any CPU
		{78E36CD7-2797-4C61-B3ED-8BEB0FD95C26}.DebugWindows|x86.ActiveCfg = DebugWindows|Any CPU
		{78E36CD7-2797-4C61-B3ED-8BEB0FD95C26}.DebugWindows|x86.Build.0 = DebugWindows|Any CPU
		{78E36CD7-2797-4C61-B3ED-8BEB0FD95C26}.Release|Any CPU.ActiveCfg = Release|Any CPU
		{78E36CD7-2797-4C61-B3ED-8BEB0FD95C26}.Release|Any CPU.Build.0 = Release|Any CPU
		{78E36CD7-2797-4C61-B3ED-8BEB0FD95C26}.Release|ARM.ActiveCfg = Release|Any CPU
		{78E36CD7-2797-4C61-B3ED-8BEB0FD95C26}.Release|iPhone.ActiveCfg = Release|Any CPU
		{78E36CD7-2797-4C61-B3ED-8BEB0FD95C26}.Release|iPhoneSimulator.ActiveCfg = Release|Any CPU
		{78E36CD7-2797-4C61-B3ED-8BEB0FD95C26}.Release|Mixed Platforms.ActiveCfg = Release|Any CPU
		{78E36CD7-2797-4C61-B3ED-8BEB0FD95C26}.Release|Mixed Platforms.Build.0 = Release|Any CPU
		{78E36CD7-2797-4C61-B3ED-8BEB0FD95C26}.Release|x64.ActiveCfg = Release|Any CPU
		{78E36CD7-2797-4C61-B3ED-8BEB0FD95C26}.Release|x86.ActiveCfg = Release|Any CPU
		{C584FA97-E664-4028-ACDC-793070CDE04A}.Ad-Hoc|Any CPU.ActiveCfg = Release|Any CPU
		{C584FA97-E664-4028-ACDC-793070CDE04A}.Ad-Hoc|Any CPU.Build.0 = Release|Any CPU
		{C584FA97-E664-4028-ACDC-793070CDE04A}.Ad-Hoc|Any CPU.Deploy.0 = Release|Any CPU
		{C584FA97-E664-4028-ACDC-793070CDE04A}.Ad-Hoc|ARM.ActiveCfg = Release|Any CPU
		{C584FA97-E664-4028-ACDC-793070CDE04A}.Ad-Hoc|ARM.Build.0 = Release|Any CPU
		{C584FA97-E664-4028-ACDC-793070CDE04A}.Ad-Hoc|iPhone.ActiveCfg = Release|Any CPU
		{C584FA97-E664-4028-ACDC-793070CDE04A}.Ad-Hoc|iPhone.Build.0 = Release|Any CPU
		{C584FA97-E664-4028-ACDC-793070CDE04A}.Ad-Hoc|iPhoneSimulator.ActiveCfg = Release|Any CPU
		{C584FA97-E664-4028-ACDC-793070CDE04A}.Ad-Hoc|iPhoneSimulator.Build.0 = Release|Any CPU
		{C584FA97-E664-4028-ACDC-793070CDE04A}.Ad-Hoc|Mixed Platforms.ActiveCfg = Release|Any CPU
		{C584FA97-E664-4028-ACDC-793070CDE04A}.Ad-Hoc|Mixed Platforms.Build.0 = Release|Any CPU
		{C584FA97-E664-4028-ACDC-793070CDE04A}.Ad-Hoc|Mixed Platforms.Deploy.0 = Release|Any CPU
		{C584FA97-E664-4028-ACDC-793070CDE04A}.Ad-Hoc|x64.ActiveCfg = Release|Any CPU
		{C584FA97-E664-4028-ACDC-793070CDE04A}.Ad-Hoc|x64.Build.0 = Release|Any CPU
		{C584FA97-E664-4028-ACDC-793070CDE04A}.Ad-Hoc|x86.ActiveCfg = Release|Any CPU
		{C584FA97-E664-4028-ACDC-793070CDE04A}.Ad-Hoc|x86.Build.0 = Release|Any CPU
		{C584FA97-E664-4028-ACDC-793070CDE04A}.AppStore|Any CPU.ActiveCfg = Release|Any CPU
		{C584FA97-E664-4028-ACDC-793070CDE04A}.AppStore|Any CPU.Build.0 = Release|Any CPU
		{C584FA97-E664-4028-ACDC-793070CDE04A}.AppStore|Any CPU.Deploy.0 = Release|Any CPU
		{C584FA97-E664-4028-ACDC-793070CDE04A}.AppStore|ARM.ActiveCfg = Release|Any CPU
		{C584FA97-E664-4028-ACDC-793070CDE04A}.AppStore|ARM.Build.0 = Release|Any CPU
		{C584FA97-E664-4028-ACDC-793070CDE04A}.AppStore|iPhone.ActiveCfg = Release|Any CPU
		{C584FA97-E664-4028-ACDC-793070CDE04A}.AppStore|iPhone.Build.0 = Release|Any CPU
		{C584FA97-E664-4028-ACDC-793070CDE04A}.AppStore|iPhoneSimulator.ActiveCfg = Release|Any CPU
		{C584FA97-E664-4028-ACDC-793070CDE04A}.AppStore|iPhoneSimulator.Build.0 = Release|Any CPU
		{C584FA97-E664-4028-ACDC-793070CDE04A}.AppStore|Mixed Platforms.ActiveCfg = Release|Any CPU
		{C584FA97-E664-4028-ACDC-793070CDE04A}.AppStore|Mixed Platforms.Build.0 = Release|Any CPU
		{C584FA97-E664-4028-ACDC-793070CDE04A}.AppStore|Mixed Platforms.Deploy.0 = Release|Any CPU
		{C584FA97-E664-4028-ACDC-793070CDE04A}.AppStore|x64.ActiveCfg = Release|Any CPU
		{C584FA97-E664-4028-ACDC-793070CDE04A}.AppStore|x64.Build.0 = Release|Any CPU
		{C584FA97-E664-4028-ACDC-793070CDE04A}.AppStore|x86.ActiveCfg = Release|Any CPU
		{C584FA97-E664-4028-ACDC-793070CDE04A}.AppStore|x86.Build.0 = Release|Any CPU
		{C584FA97-E664-4028-ACDC-793070CDE04A}.Debug|Any CPU.ActiveCfg = Debug|Any CPU
		{C584FA97-E664-4028-ACDC-793070CDE04A}.Debug|Any CPU.Build.0 = Debug|Any CPU
		{C584FA97-E664-4028-ACDC-793070CDE04A}.Debug|Any CPU.Deploy.0 = Debug|Any CPU
		{C584FA97-E664-4028-ACDC-793070CDE04A}.Debug|ARM.ActiveCfg = Debug|Any CPU
		{C584FA97-E664-4028-ACDC-793070CDE04A}.Debug|ARM.Build.0 = Debug|Any CPU
		{C584FA97-E664-4028-ACDC-793070CDE04A}.Debug|iPhone.ActiveCfg = Debug|Any CPU
		{C584FA97-E664-4028-ACDC-793070CDE04A}.Debug|iPhoneSimulator.ActiveCfg = Debug|Any CPU
		{C584FA97-E664-4028-ACDC-793070CDE04A}.Debug|Mixed Platforms.ActiveCfg = Debug|Any CPU
		{C584FA97-E664-4028-ACDC-793070CDE04A}.Debug|Mixed Platforms.Build.0 = Debug|Any CPU
		{C584FA97-E664-4028-ACDC-793070CDE04A}.Debug|Mixed Platforms.Deploy.0 = Debug|Any CPU
		{C584FA97-E664-4028-ACDC-793070CDE04A}.Debug|x64.ActiveCfg = Debug|Any CPU
		{C584FA97-E664-4028-ACDC-793070CDE04A}.Debug|x64.Build.0 = Debug|Any CPU
		{C584FA97-E664-4028-ACDC-793070CDE04A}.Debug|x86.ActiveCfg = Debug|Any CPU
		{C584FA97-E664-4028-ACDC-793070CDE04A}.Debug|x86.Build.0 = Debug|Any CPU
		{C584FA97-E664-4028-ACDC-793070CDE04A}.DebugAndroid|Any CPU.ActiveCfg = DebugAndroid|Any CPU
		{C584FA97-E664-4028-ACDC-793070CDE04A}.DebugAndroid|Any CPU.Build.0 = DebugAndroid|Any CPU
		{C584FA97-E664-4028-ACDC-793070CDE04A}.DebugAndroid|ARM.ActiveCfg = DebugAndroid|Any CPU
		{C584FA97-E664-4028-ACDC-793070CDE04A}.DebugAndroid|ARM.Build.0 = DebugAndroid|Any CPU
		{C584FA97-E664-4028-ACDC-793070CDE04A}.DebugAndroid|iPhone.ActiveCfg = DebugAndroid|Any CPU
		{C584FA97-E664-4028-ACDC-793070CDE04A}.DebugAndroid|iPhone.Build.0 = DebugAndroid|Any CPU
		{C584FA97-E664-4028-ACDC-793070CDE04A}.DebugAndroid|iPhoneSimulator.ActiveCfg = DebugAndroid|Any CPU
		{C584FA97-E664-4028-ACDC-793070CDE04A}.DebugAndroid|iPhoneSimulator.Build.0 = DebugAndroid|Any CPU
		{C584FA97-E664-4028-ACDC-793070CDE04A}.DebugAndroid|Mixed Platforms.ActiveCfg = DebugAndroid|Any CPU
		{C584FA97-E664-4028-ACDC-793070CDE04A}.DebugAndroid|Mixed Platforms.Build.0 = DebugAndroid|Any CPU
		{C584FA97-E664-4028-ACDC-793070CDE04A}.DebugAndroid|x64.ActiveCfg = DebugAndroid|Any CPU
		{C584FA97-E664-4028-ACDC-793070CDE04A}.DebugAndroid|x64.Build.0 = DebugAndroid|Any CPU
		{C584FA97-E664-4028-ACDC-793070CDE04A}.DebugAndroid|x86.ActiveCfg = DebugAndroid|Any CPU
		{C584FA97-E664-4028-ACDC-793070CDE04A}.DebugAndroid|x86.Build.0 = DebugAndroid|Any CPU
		{C584FA97-E664-4028-ACDC-793070CDE04A}.DebugiOS|Any CPU.ActiveCfg = DebugiOS|Any CPU
		{C584FA97-E664-4028-ACDC-793070CDE04A}.DebugiOS|ARM.ActiveCfg = DebugiOS|Any CPU
		{C584FA97-E664-4028-ACDC-793070CDE04A}.DebugiOS|ARM.Build.0 = DebugiOS|Any CPU
		{C584FA97-E664-4028-ACDC-793070CDE04A}.DebugiOS|iPhone.ActiveCfg = DebugiOS|Any CPU
		{C584FA97-E664-4028-ACDC-793070CDE04A}.DebugiOS|iPhoneSimulator.ActiveCfg = DebugiOS|Any CPU
		{C584FA97-E664-4028-ACDC-793070CDE04A}.DebugiOS|Mixed Platforms.ActiveCfg = DebugiOS|Any CPU
		{C584FA97-E664-4028-ACDC-793070CDE04A}.DebugiOS|Mixed Platforms.Build.0 = DebugiOS|Any CPU
		{C584FA97-E664-4028-ACDC-793070CDE04A}.DebugiOS|x64.ActiveCfg = DebugiOS|Any CPU
		{C584FA97-E664-4028-ACDC-793070CDE04A}.DebugiOS|x64.Build.0 = DebugiOS|Any CPU
		{C584FA97-E664-4028-ACDC-793070CDE04A}.DebugiOS|x86.ActiveCfg = DebugiOS|Any CPU
		{C584FA97-E664-4028-ACDC-793070CDE04A}.DebugiOS|x86.Build.0 = DebugiOS|Any CPU
		{C584FA97-E664-4028-ACDC-793070CDE04A}.DebugWindows|Any CPU.ActiveCfg = DebugWindows|Any CPU
		{C584FA97-E664-4028-ACDC-793070CDE04A}.DebugWindows|ARM.ActiveCfg = DebugWindows|Any CPU
		{C584FA97-E664-4028-ACDC-793070CDE04A}.DebugWindows|ARM.Build.0 = DebugWindows|Any CPU
		{C584FA97-E664-4028-ACDC-793070CDE04A}.DebugWindows|iPhone.ActiveCfg = DebugWindows|Any CPU
		{C584FA97-E664-4028-ACDC-793070CDE04A}.DebugWindows|iPhone.Build.0 = DebugWindows|Any CPU
		{C584FA97-E664-4028-ACDC-793070CDE04A}.DebugWindows|iPhoneSimulator.ActiveCfg = DebugWindows|Any CPU
		{C584FA97-E664-4028-ACDC-793070CDE04A}.DebugWindows|iPhoneSimulator.Build.0 = DebugWindows|Any CPU
		{C584FA97-E664-4028-ACDC-793070CDE04A}.DebugWindows|Mixed Platforms.ActiveCfg = DebugWindows|Any CPU
		{C584FA97-E664-4028-ACDC-793070CDE04A}.DebugWindows|Mixed Platforms.Build.0 = DebugWindows|Any CPU
		{C584FA97-E664-4028-ACDC-793070CDE04A}.DebugWindows|x64.ActiveCfg = DebugWindows|Any CPU
		{C584FA97-E664-4028-ACDC-793070CDE04A}.DebugWindows|x64.Build.0 = DebugWindows|Any CPU
		{C584FA97-E664-4028-ACDC-793070CDE04A}.DebugWindows|x86.ActiveCfg = DebugWindows|Any CPU
		{C584FA97-E664-4028-ACDC-793070CDE04A}.DebugWindows|x86.Build.0 = DebugWindows|Any CPU
		{C584FA97-E664-4028-ACDC-793070CDE04A}.Release|Any CPU.ActiveCfg = Release|Any CPU
		{C584FA97-E664-4028-ACDC-793070CDE04A}.Release|Any CPU.Build.0 = Release|Any CPU
		{C584FA97-E664-4028-ACDC-793070CDE04A}.Release|Any CPU.Deploy.0 = Release|Any CPU
		{C584FA97-E664-4028-ACDC-793070CDE04A}.Release|ARM.ActiveCfg = Release|Any CPU
		{C584FA97-E664-4028-ACDC-793070CDE04A}.Release|ARM.Build.0 = Release|Any CPU
		{C584FA97-E664-4028-ACDC-793070CDE04A}.Release|iPhone.ActiveCfg = Release|Any CPU
		{C584FA97-E664-4028-ACDC-793070CDE04A}.Release|iPhoneSimulator.ActiveCfg = Release|Any CPU
		{C584FA97-E664-4028-ACDC-793070CDE04A}.Release|iPhoneSimulator.Build.0 = Release|Any CPU
		{C584FA97-E664-4028-ACDC-793070CDE04A}.Release|Mixed Platforms.ActiveCfg = Release|Any CPU
		{C584FA97-E664-4028-ACDC-793070CDE04A}.Release|Mixed Platforms.Build.0 = Release|Any CPU
		{C584FA97-E664-4028-ACDC-793070CDE04A}.Release|Mixed Platforms.Deploy.0 = Release|Any CPU
		{C584FA97-E664-4028-ACDC-793070CDE04A}.Release|x64.ActiveCfg = Release|Any CPU
		{C584FA97-E664-4028-ACDC-793070CDE04A}.Release|x64.Build.0 = Release|Any CPU
		{C584FA97-E664-4028-ACDC-793070CDE04A}.Release|x86.ActiveCfg = Release|Any CPU
		{C584FA97-E664-4028-ACDC-793070CDE04A}.Release|x86.Build.0 = Release|Any CPU
		{15E582C9-8B2B-4C1A-BC64-050B0B19B249}.Ad-Hoc|Any CPU.ActiveCfg = Release|Any CPU
		{15E582C9-8B2B-4C1A-BC64-050B0B19B249}.Ad-Hoc|Any CPU.Build.0 = Release|Any CPU
		{15E582C9-8B2B-4C1A-BC64-050B0B19B249}.Ad-Hoc|ARM.ActiveCfg = Release|Any CPU
		{15E582C9-8B2B-4C1A-BC64-050B0B19B249}.Ad-Hoc|iPhone.ActiveCfg = Release|Any CPU
		{15E582C9-8B2B-4C1A-BC64-050B0B19B249}.Ad-Hoc|iPhoneSimulator.ActiveCfg = Release|Any CPU
		{15E582C9-8B2B-4C1A-BC64-050B0B19B249}.Ad-Hoc|Mixed Platforms.ActiveCfg = Release|Any CPU
		{15E582C9-8B2B-4C1A-BC64-050B0B19B249}.Ad-Hoc|Mixed Platforms.Build.0 = Release|Any CPU
		{15E582C9-8B2B-4C1A-BC64-050B0B19B249}.Ad-Hoc|x64.ActiveCfg = Release|Any CPU
		{15E582C9-8B2B-4C1A-BC64-050B0B19B249}.Ad-Hoc|x86.ActiveCfg = Release|Any CPU
		{15E582C9-8B2B-4C1A-BC64-050B0B19B249}.AppStore|Any CPU.ActiveCfg = Release|Any CPU
		{15E582C9-8B2B-4C1A-BC64-050B0B19B249}.AppStore|Any CPU.Build.0 = Release|Any CPU
		{15E582C9-8B2B-4C1A-BC64-050B0B19B249}.AppStore|ARM.ActiveCfg = Release|Any CPU
		{15E582C9-8B2B-4C1A-BC64-050B0B19B249}.AppStore|iPhone.ActiveCfg = Release|Any CPU
		{15E582C9-8B2B-4C1A-BC64-050B0B19B249}.AppStore|iPhoneSimulator.ActiveCfg = Release|Any CPU
		{15E582C9-8B2B-4C1A-BC64-050B0B19B249}.AppStore|Mixed Platforms.ActiveCfg = Release|Any CPU
		{15E582C9-8B2B-4C1A-BC64-050B0B19B249}.AppStore|Mixed Platforms.Build.0 = Release|Any CPU
		{15E582C9-8B2B-4C1A-BC64-050B0B19B249}.AppStore|x64.ActiveCfg = Release|Any CPU
		{15E582C9-8B2B-4C1A-BC64-050B0B19B249}.AppStore|x86.ActiveCfg = Release|Any CPU
		{15E582C9-8B2B-4C1A-BC64-050B0B19B249}.Debug|Any CPU.ActiveCfg = Debug|Any CPU
		{15E582C9-8B2B-4C1A-BC64-050B0B19B249}.Debug|Any CPU.Build.0 = Debug|Any CPU
		{15E582C9-8B2B-4C1A-BC64-050B0B19B249}.Debug|ARM.ActiveCfg = Debug|Any CPU
		{15E582C9-8B2B-4C1A-BC64-050B0B19B249}.Debug|iPhone.ActiveCfg = Debug|Any CPU
		{15E582C9-8B2B-4C1A-BC64-050B0B19B249}.Debug|iPhoneSimulator.ActiveCfg = Debug|Any CPU
		{15E582C9-8B2B-4C1A-BC64-050B0B19B249}.Debug|Mixed Platforms.ActiveCfg = Debug|Any CPU
		{15E582C9-8B2B-4C1A-BC64-050B0B19B249}.Debug|Mixed Platforms.Build.0 = Debug|Any CPU
		{15E582C9-8B2B-4C1A-BC64-050B0B19B249}.Debug|x64.ActiveCfg = Debug|Any CPU
		{15E582C9-8B2B-4C1A-BC64-050B0B19B249}.Debug|x86.ActiveCfg = Debug|Any CPU
		{15E582C9-8B2B-4C1A-BC64-050B0B19B249}.DebugAndroid|Any CPU.ActiveCfg = DebugAndroid|Any CPU
		{15E582C9-8B2B-4C1A-BC64-050B0B19B249}.DebugAndroid|ARM.ActiveCfg = DebugAndroid|Any CPU
		{15E582C9-8B2B-4C1A-BC64-050B0B19B249}.DebugAndroid|ARM.Build.0 = DebugAndroid|Any CPU
		{15E582C9-8B2B-4C1A-BC64-050B0B19B249}.DebugAndroid|iPhone.ActiveCfg = DebugAndroid|Any CPU
		{15E582C9-8B2B-4C1A-BC64-050B0B19B249}.DebugAndroid|iPhone.Build.0 = DebugAndroid|Any CPU
		{15E582C9-8B2B-4C1A-BC64-050B0B19B249}.DebugAndroid|iPhoneSimulator.ActiveCfg = DebugAndroid|Any CPU
		{15E582C9-8B2B-4C1A-BC64-050B0B19B249}.DebugAndroid|iPhoneSimulator.Build.0 = DebugAndroid|Any CPU
		{15E582C9-8B2B-4C1A-BC64-050B0B19B249}.DebugAndroid|Mixed Platforms.ActiveCfg = DebugAndroid|Any CPU
		{15E582C9-8B2B-4C1A-BC64-050B0B19B249}.DebugAndroid|Mixed Platforms.Build.0 = DebugAndroid|Any CPU
		{15E582C9-8B2B-4C1A-BC64-050B0B19B249}.DebugAndroid|x64.ActiveCfg = DebugAndroid|Any CPU
		{15E582C9-8B2B-4C1A-BC64-050B0B19B249}.DebugAndroid|x64.Build.0 = DebugAndroid|Any CPU
		{15E582C9-8B2B-4C1A-BC64-050B0B19B249}.DebugAndroid|x86.ActiveCfg = DebugAndroid|Any CPU
		{15E582C9-8B2B-4C1A-BC64-050B0B19B249}.DebugAndroid|x86.Build.0 = DebugAndroid|Any CPU
		{15E582C9-8B2B-4C1A-BC64-050B0B19B249}.DebugiOS|Any CPU.ActiveCfg = DebugiOS|Any CPU
		{15E582C9-8B2B-4C1A-BC64-050B0B19B249}.DebugiOS|ARM.ActiveCfg = DebugiOS|Any CPU
		{15E582C9-8B2B-4C1A-BC64-050B0B19B249}.DebugiOS|ARM.Build.0 = DebugiOS|Any CPU
		{15E582C9-8B2B-4C1A-BC64-050B0B19B249}.DebugiOS|iPhone.ActiveCfg = DebugiOS|Any CPU
		{15E582C9-8B2B-4C1A-BC64-050B0B19B249}.DebugiOS|iPhoneSimulator.ActiveCfg = DebugiOS|Any CPU
		{15E582C9-8B2B-4C1A-BC64-050B0B19B249}.DebugiOS|Mixed Platforms.ActiveCfg = DebugiOS|Any CPU
		{15E582C9-8B2B-4C1A-BC64-050B0B19B249}.DebugiOS|Mixed Platforms.Build.0 = DebugiOS|Any CPU
		{15E582C9-8B2B-4C1A-BC64-050B0B19B249}.DebugiOS|x64.ActiveCfg = DebugiOS|Any CPU
		{15E582C9-8B2B-4C1A-BC64-050B0B19B249}.DebugiOS|x64.Build.0 = DebugiOS|Any CPU
		{15E582C9-8B2B-4C1A-BC64-050B0B19B249}.DebugiOS|x86.ActiveCfg = DebugiOS|Any CPU
		{15E582C9-8B2B-4C1A-BC64-050B0B19B249}.DebugiOS|x86.Build.0 = DebugiOS|Any CPU
		{15E582C9-8B2B-4C1A-BC64-050B0B19B249}.DebugWindows|Any CPU.ActiveCfg = DebugWindows|Any CPU
		{15E582C9-8B2B-4C1A-BC64-050B0B19B249}.DebugWindows|Any CPU.Build.0 = DebugWindows|Any CPU
		{15E582C9-8B2B-4C1A-BC64-050B0B19B249}.DebugWindows|ARM.ActiveCfg = DebugWindows|Any CPU
		{15E582C9-8B2B-4C1A-BC64-050B0B19B249}.DebugWindows|ARM.Build.0 = DebugWindows|Any CPU
		{15E582C9-8B2B-4C1A-BC64-050B0B19B249}.DebugWindows|iPhone.ActiveCfg = DebugWindows|Any CPU
		{15E582C9-8B2B-4C1A-BC64-050B0B19B249}.DebugWindows|iPhone.Build.0 = DebugWindows|Any CPU
		{15E582C9-8B2B-4C1A-BC64-050B0B19B249}.DebugWindows|iPhoneSimulator.ActiveCfg = DebugWindows|Any CPU
		{15E582C9-8B2B-4C1A-BC64-050B0B19B249}.DebugWindows|iPhoneSimulator.Build.0 = DebugWindows|Any CPU
		{15E582C9-8B2B-4C1A-BC64-050B0B19B249}.DebugWindows|Mixed Platforms.ActiveCfg = DebugWindows|Any CPU
		{15E582C9-8B2B-4C1A-BC64-050B0B19B249}.DebugWindows|Mixed Platforms.Build.0 = DebugWindows|Any CPU
		{15E582C9-8B2B-4C1A-BC64-050B0B19B249}.DebugWindows|x64.ActiveCfg = DebugWindows|Any CPU
		{15E582C9-8B2B-4C1A-BC64-050B0B19B249}.DebugWindows|x64.Build.0 = DebugWindows|Any CPU
		{15E582C9-8B2B-4C1A-BC64-050B0B19B249}.DebugWindows|x86.ActiveCfg = DebugWindows|Any CPU
		{15E582C9-8B2B-4C1A-BC64-050B0B19B249}.DebugWindows|x86.Build.0 = DebugWindows|Any CPU
		{15E582C9-8B2B-4C1A-BC64-050B0B19B249}.Release|Any CPU.ActiveCfg = Release|Any CPU
		{15E582C9-8B2B-4C1A-BC64-050B0B19B249}.Release|ARM.ActiveCfg = Release|Any CPU
		{15E582C9-8B2B-4C1A-BC64-050B0B19B249}.Release|iPhone.ActiveCfg = Release|Any CPU
		{15E582C9-8B2B-4C1A-BC64-050B0B19B249}.Release|iPhoneSimulator.ActiveCfg = Release|Any CPU
		{15E582C9-8B2B-4C1A-BC64-050B0B19B249}.Release|Mixed Platforms.ActiveCfg = Release|Any CPU
		{15E582C9-8B2B-4C1A-BC64-050B0B19B249}.Release|Mixed Platforms.Build.0 = Release|Any CPU
		{15E582C9-8B2B-4C1A-BC64-050B0B19B249}.Release|x64.ActiveCfg = Release|Any CPU
		{15E582C9-8B2B-4C1A-BC64-050B0B19B249}.Release|x86.ActiveCfg = Release|Any CPU
		{C9CB994C-4CA8-4966-8992-22C5C2B24E8C}.Ad-Hoc|Any CPU.ActiveCfg = Debug|Any CPU
		{C9CB994C-4CA8-4966-8992-22C5C2B24E8C}.Ad-Hoc|Any CPU.Build.0 = Debug|Any CPU
		{C9CB994C-4CA8-4966-8992-22C5C2B24E8C}.Ad-Hoc|ARM.ActiveCfg = Debug|Any CPU
		{C9CB994C-4CA8-4966-8992-22C5C2B24E8C}.Ad-Hoc|ARM.Build.0 = Debug|Any CPU
		{C9CB994C-4CA8-4966-8992-22C5C2B24E8C}.Ad-Hoc|iPhone.ActiveCfg = Debug|Any CPU
		{C9CB994C-4CA8-4966-8992-22C5C2B24E8C}.Ad-Hoc|iPhone.Build.0 = Debug|Any CPU
		{C9CB994C-4CA8-4966-8992-22C5C2B24E8C}.Ad-Hoc|iPhoneSimulator.ActiveCfg = Debug|Any CPU
		{C9CB994C-4CA8-4966-8992-22C5C2B24E8C}.Ad-Hoc|iPhoneSimulator.Build.0 = Debug|Any CPU
		{C9CB994C-4CA8-4966-8992-22C5C2B24E8C}.Ad-Hoc|Mixed Platforms.ActiveCfg = Debug|Any CPU
		{C9CB994C-4CA8-4966-8992-22C5C2B24E8C}.Ad-Hoc|Mixed Platforms.Build.0 = Debug|Any CPU
		{C9CB994C-4CA8-4966-8992-22C5C2B24E8C}.Ad-Hoc|x64.ActiveCfg = Debug|Any CPU
		{C9CB994C-4CA8-4966-8992-22C5C2B24E8C}.Ad-Hoc|x64.Build.0 = Debug|Any CPU
		{C9CB994C-4CA8-4966-8992-22C5C2B24E8C}.Ad-Hoc|x86.ActiveCfg = Debug|Any CPU
		{C9CB994C-4CA8-4966-8992-22C5C2B24E8C}.Ad-Hoc|x86.Build.0 = Debug|Any CPU
		{C9CB994C-4CA8-4966-8992-22C5C2B24E8C}.AppStore|Any CPU.ActiveCfg = Debug|Any CPU
		{C9CB994C-4CA8-4966-8992-22C5C2B24E8C}.AppStore|Any CPU.Build.0 = Debug|Any CPU
		{C9CB994C-4CA8-4966-8992-22C5C2B24E8C}.AppStore|ARM.ActiveCfg = Debug|Any CPU
		{C9CB994C-4CA8-4966-8992-22C5C2B24E8C}.AppStore|ARM.Build.0 = Debug|Any CPU
		{C9CB994C-4CA8-4966-8992-22C5C2B24E8C}.AppStore|iPhone.ActiveCfg = Debug|Any CPU
		{C9CB994C-4CA8-4966-8992-22C5C2B24E8C}.AppStore|iPhone.Build.0 = Debug|Any CPU
		{C9CB994C-4CA8-4966-8992-22C5C2B24E8C}.AppStore|iPhoneSimulator.ActiveCfg = Debug|Any CPU
		{C9CB994C-4CA8-4966-8992-22C5C2B24E8C}.AppStore|iPhoneSimulator.Build.0 = Debug|Any CPU
		{C9CB994C-4CA8-4966-8992-22C5C2B24E8C}.AppStore|Mixed Platforms.ActiveCfg = Debug|Any CPU
		{C9CB994C-4CA8-4966-8992-22C5C2B24E8C}.AppStore|Mixed Platforms.Build.0 = Debug|Any CPU
		{C9CB994C-4CA8-4966-8992-22C5C2B24E8C}.AppStore|x64.ActiveCfg = Debug|Any CPU
		{C9CB994C-4CA8-4966-8992-22C5C2B24E8C}.AppStore|x64.Build.0 = Debug|Any CPU
		{C9CB994C-4CA8-4966-8992-22C5C2B24E8C}.AppStore|x86.ActiveCfg = Debug|Any CPU
		{C9CB994C-4CA8-4966-8992-22C5C2B24E8C}.AppStore|x86.Build.0 = Debug|Any CPU
		{C9CB994C-4CA8-4966-8992-22C5C2B24E8C}.Debug|Any CPU.ActiveCfg = Debug|Any CPU
		{C9CB994C-4CA8-4966-8992-22C5C2B24E8C}.Debug|Any CPU.Build.0 = Debug|Any CPU
		{C9CB994C-4CA8-4966-8992-22C5C2B24E8C}.Debug|Any CPU.Deploy.0 = Debug|Any CPU
		{C9CB994C-4CA8-4966-8992-22C5C2B24E8C}.Debug|ARM.ActiveCfg = Debug|Any CPU
		{C9CB994C-4CA8-4966-8992-22C5C2B24E8C}.Debug|ARM.Build.0 = Debug|Any CPU
		{C9CB994C-4CA8-4966-8992-22C5C2B24E8C}.Debug|iPhone.ActiveCfg = Debug|Any CPU
		{C9CB994C-4CA8-4966-8992-22C5C2B24E8C}.Debug|iPhoneSimulator.ActiveCfg = Debug|Any CPU
		{C9CB994C-4CA8-4966-8992-22C5C2B24E8C}.Debug|Mixed Platforms.ActiveCfg = Debug|Any CPU
		{C9CB994C-4CA8-4966-8992-22C5C2B24E8C}.Debug|Mixed Platforms.Build.0 = Debug|Any CPU
		{C9CB994C-4CA8-4966-8992-22C5C2B24E8C}.Debug|Mixed Platforms.Deploy.0 = Debug|Any CPU
		{C9CB994C-4CA8-4966-8992-22C5C2B24E8C}.Debug|x64.ActiveCfg = Debug|Any CPU
		{C9CB994C-4CA8-4966-8992-22C5C2B24E8C}.Debug|x64.Build.0 = Debug|Any CPU
		{C9CB994C-4CA8-4966-8992-22C5C2B24E8C}.Debug|x86.ActiveCfg = Debug|Any CPU
		{C9CB994C-4CA8-4966-8992-22C5C2B24E8C}.Debug|x86.Build.0 = Debug|Any CPU
		{C9CB994C-4CA8-4966-8992-22C5C2B24E8C}.DebugAndroid|Any CPU.ActiveCfg = DebugAndroid|Any CPU
		{C9CB994C-4CA8-4966-8992-22C5C2B24E8C}.DebugAndroid|Any CPU.Build.0 = DebugAndroid|Any CPU
		{C9CB994C-4CA8-4966-8992-22C5C2B24E8C}.DebugAndroid|Any CPU.Deploy.0 = DebugAndroid|Any CPU
		{C9CB994C-4CA8-4966-8992-22C5C2B24E8C}.DebugAndroid|ARM.ActiveCfg = DebugAndroid|Any CPU
		{C9CB994C-4CA8-4966-8992-22C5C2B24E8C}.DebugAndroid|ARM.Build.0 = DebugAndroid|Any CPU
		{C9CB994C-4CA8-4966-8992-22C5C2B24E8C}.DebugAndroid|ARM.Deploy.0 = DebugAndroid|Any CPU
		{C9CB994C-4CA8-4966-8992-22C5C2B24E8C}.DebugAndroid|iPhone.ActiveCfg = DebugAndroid|Any CPU
		{C9CB994C-4CA8-4966-8992-22C5C2B24E8C}.DebugAndroid|iPhone.Build.0 = DebugAndroid|Any CPU
		{C9CB994C-4CA8-4966-8992-22C5C2B24E8C}.DebugAndroid|iPhone.Deploy.0 = DebugAndroid|Any CPU
		{C9CB994C-4CA8-4966-8992-22C5C2B24E8C}.DebugAndroid|iPhoneSimulator.ActiveCfg = DebugAndroid|Any CPU
		{C9CB994C-4CA8-4966-8992-22C5C2B24E8C}.DebugAndroid|iPhoneSimulator.Build.0 = DebugAndroid|Any CPU
		{C9CB994C-4CA8-4966-8992-22C5C2B24E8C}.DebugAndroid|iPhoneSimulator.Deploy.0 = DebugAndroid|Any CPU
		{C9CB994C-4CA8-4966-8992-22C5C2B24E8C}.DebugAndroid|Mixed Platforms.ActiveCfg = DebugAndroid|Any CPU
		{C9CB994C-4CA8-4966-8992-22C5C2B24E8C}.DebugAndroid|Mixed Platforms.Build.0 = DebugAndroid|Any CPU
		{C9CB994C-4CA8-4966-8992-22C5C2B24E8C}.DebugAndroid|Mixed Platforms.Deploy.0 = DebugAndroid|Any CPU
		{C9CB994C-4CA8-4966-8992-22C5C2B24E8C}.DebugAndroid|x64.ActiveCfg = DebugAndroid|Any CPU
		{C9CB994C-4CA8-4966-8992-22C5C2B24E8C}.DebugAndroid|x64.Build.0 = DebugAndroid|Any CPU
		{C9CB994C-4CA8-4966-8992-22C5C2B24E8C}.DebugAndroid|x64.Deploy.0 = DebugAndroid|Any CPU
		{C9CB994C-4CA8-4966-8992-22C5C2B24E8C}.DebugAndroid|x86.ActiveCfg = DebugAndroid|Any CPU
		{C9CB994C-4CA8-4966-8992-22C5C2B24E8C}.DebugAndroid|x86.Build.0 = DebugAndroid|Any CPU
		{C9CB994C-4CA8-4966-8992-22C5C2B24E8C}.DebugAndroid|x86.Deploy.0 = DebugAndroid|Any CPU
		{C9CB994C-4CA8-4966-8992-22C5C2B24E8C}.DebugiOS|Any CPU.ActiveCfg = DebugiOS|Any CPU
		{C9CB994C-4CA8-4966-8992-22C5C2B24E8C}.DebugiOS|ARM.ActiveCfg = DebugiOS|Any CPU
		{C9CB994C-4CA8-4966-8992-22C5C2B24E8C}.DebugiOS|ARM.Build.0 = DebugiOS|Any CPU
		{C9CB994C-4CA8-4966-8992-22C5C2B24E8C}.DebugiOS|ARM.Deploy.0 = DebugiOS|Any CPU
		{C9CB994C-4CA8-4966-8992-22C5C2B24E8C}.DebugiOS|iPhone.ActiveCfg = DebugiOS|Any CPU
		{C9CB994C-4CA8-4966-8992-22C5C2B24E8C}.DebugiOS|iPhoneSimulator.ActiveCfg = DebugiOS|Any CPU
		{C9CB994C-4CA8-4966-8992-22C5C2B24E8C}.DebugiOS|Mixed Platforms.ActiveCfg = DebugiOS|Any CPU
		{C9CB994C-4CA8-4966-8992-22C5C2B24E8C}.DebugiOS|Mixed Platforms.Build.0 = DebugiOS|Any CPU
		{C9CB994C-4CA8-4966-8992-22C5C2B24E8C}.DebugiOS|Mixed Platforms.Deploy.0 = DebugiOS|Any CPU
		{C9CB994C-4CA8-4966-8992-22C5C2B24E8C}.DebugiOS|x64.ActiveCfg = DebugiOS|Any CPU
		{C9CB994C-4CA8-4966-8992-22C5C2B24E8C}.DebugiOS|x64.Build.0 = DebugiOS|Any CPU
		{C9CB994C-4CA8-4966-8992-22C5C2B24E8C}.DebugiOS|x64.Deploy.0 = DebugiOS|Any CPU
		{C9CB994C-4CA8-4966-8992-22C5C2B24E8C}.DebugiOS|x86.ActiveCfg = DebugiOS|Any CPU
		{C9CB994C-4CA8-4966-8992-22C5C2B24E8C}.DebugiOS|x86.Build.0 = DebugiOS|Any CPU
		{C9CB994C-4CA8-4966-8992-22C5C2B24E8C}.DebugiOS|x86.Deploy.0 = DebugiOS|Any CPU
		{C9CB994C-4CA8-4966-8992-22C5C2B24E8C}.DebugWindows|Any CPU.ActiveCfg = DebugWindows|Any CPU
		{C9CB994C-4CA8-4966-8992-22C5C2B24E8C}.DebugWindows|ARM.ActiveCfg = DebugWindows|Any CPU
		{C9CB994C-4CA8-4966-8992-22C5C2B24E8C}.DebugWindows|ARM.Build.0 = DebugWindows|Any CPU
		{C9CB994C-4CA8-4966-8992-22C5C2B24E8C}.DebugWindows|ARM.Deploy.0 = DebugWindows|Any CPU
		{C9CB994C-4CA8-4966-8992-22C5C2B24E8C}.DebugWindows|iPhone.ActiveCfg = DebugWindows|Any CPU
		{C9CB994C-4CA8-4966-8992-22C5C2B24E8C}.DebugWindows|iPhone.Build.0 = DebugWindows|Any CPU
		{C9CB994C-4CA8-4966-8992-22C5C2B24E8C}.DebugWindows|iPhone.Deploy.0 = DebugWindows|Any CPU
		{C9CB994C-4CA8-4966-8992-22C5C2B24E8C}.DebugWindows|iPhoneSimulator.ActiveCfg = DebugWindows|Any CPU
		{C9CB994C-4CA8-4966-8992-22C5C2B24E8C}.DebugWindows|iPhoneSimulator.Build.0 = DebugWindows|Any CPU
		{C9CB994C-4CA8-4966-8992-22C5C2B24E8C}.DebugWindows|iPhoneSimulator.Deploy.0 = DebugWindows|Any CPU
		{C9CB994C-4CA8-4966-8992-22C5C2B24E8C}.DebugWindows|Mixed Platforms.ActiveCfg = DebugWindows|Any CPU
		{C9CB994C-4CA8-4966-8992-22C5C2B24E8C}.DebugWindows|Mixed Platforms.Build.0 = DebugWindows|Any CPU
		{C9CB994C-4CA8-4966-8992-22C5C2B24E8C}.DebugWindows|Mixed Platforms.Deploy.0 = DebugWindows|Any CPU
		{C9CB994C-4CA8-4966-8992-22C5C2B24E8C}.DebugWindows|x64.ActiveCfg = DebugWindows|Any CPU
		{C9CB994C-4CA8-4966-8992-22C5C2B24E8C}.DebugWindows|x64.Build.0 = DebugWindows|Any CPU
		{C9CB994C-4CA8-4966-8992-22C5C2B24E8C}.DebugWindows|x64.Deploy.0 = DebugWindows|Any CPU
		{C9CB994C-4CA8-4966-8992-22C5C2B24E8C}.DebugWindows|x86.ActiveCfg = DebugWindows|Any CPU
		{C9CB994C-4CA8-4966-8992-22C5C2B24E8C}.DebugWindows|x86.Build.0 = DebugWindows|Any CPU
		{C9CB994C-4CA8-4966-8992-22C5C2B24E8C}.DebugWindows|x86.Deploy.0 = DebugWindows|Any CPU
		{C9CB994C-4CA8-4966-8992-22C5C2B24E8C}.Release|Any CPU.ActiveCfg = Release|Any CPU
		{C9CB994C-4CA8-4966-8992-22C5C2B24E8C}.Release|ARM.ActiveCfg = Release|Any CPU
		{C9CB994C-4CA8-4966-8992-22C5C2B24E8C}.Release|ARM.Build.0 = Release|Any CPU
		{C9CB994C-4CA8-4966-8992-22C5C2B24E8C}.Release|iPhone.ActiveCfg = Release|Any CPU
		{C9CB994C-4CA8-4966-8992-22C5C2B24E8C}.Release|iPhoneSimulator.ActiveCfg = Release|Any CPU
		{C9CB994C-4CA8-4966-8992-22C5C2B24E8C}.Release|iPhoneSimulator.Build.0 = Release|Any CPU
		{C9CB994C-4CA8-4966-8992-22C5C2B24E8C}.Release|Mixed Platforms.ActiveCfg = Release|Any CPU
		{C9CB994C-4CA8-4966-8992-22C5C2B24E8C}.Release|Mixed Platforms.Build.0 = Release|Any CPU
		{C9CB994C-4CA8-4966-8992-22C5C2B24E8C}.Release|x64.ActiveCfg = Release|Any CPU
		{C9CB994C-4CA8-4966-8992-22C5C2B24E8C}.Release|x64.Build.0 = Release|Any CPU
		{C9CB994C-4CA8-4966-8992-22C5C2B24E8C}.Release|x86.ActiveCfg = Release|Any CPU
		{C9CB994C-4CA8-4966-8992-22C5C2B24E8C}.Release|x86.Build.0 = Release|Any CPU
		{A4FC713A-876D-44CF-8BB3-D2C1FF1A5ED9}.Ad-Hoc|Any CPU.ActiveCfg = Ad-Hoc|iPhone
		{A4FC713A-876D-44CF-8BB3-D2C1FF1A5ED9}.Ad-Hoc|ARM.ActiveCfg = Ad-Hoc|iPhone
		{A4FC713A-876D-44CF-8BB3-D2C1FF1A5ED9}.Ad-Hoc|iPhone.ActiveCfg = Ad-Hoc|iPhone
		{A4FC713A-876D-44CF-8BB3-D2C1FF1A5ED9}.Ad-Hoc|iPhone.Build.0 = Ad-Hoc|iPhone
		{A4FC713A-876D-44CF-8BB3-D2C1FF1A5ED9}.Ad-Hoc|iPhoneSimulator.ActiveCfg = Ad-Hoc|iPhoneSimulator
		{A4FC713A-876D-44CF-8BB3-D2C1FF1A5ED9}.Ad-Hoc|iPhoneSimulator.Build.0 = Ad-Hoc|iPhoneSimulator
		{A4FC713A-876D-44CF-8BB3-D2C1FF1A5ED9}.Ad-Hoc|Mixed Platforms.ActiveCfg = Ad-Hoc|iPhone
		{A4FC713A-876D-44CF-8BB3-D2C1FF1A5ED9}.Ad-Hoc|Mixed Platforms.Build.0 = Ad-Hoc|iPhone
		{A4FC713A-876D-44CF-8BB3-D2C1FF1A5ED9}.Ad-Hoc|x64.ActiveCfg = Ad-Hoc|iPhone
		{A4FC713A-876D-44CF-8BB3-D2C1FF1A5ED9}.Ad-Hoc|x86.ActiveCfg = Ad-Hoc|iPhone
		{A4FC713A-876D-44CF-8BB3-D2C1FF1A5ED9}.AppStore|Any CPU.ActiveCfg = AppStore|iPhone
		{A4FC713A-876D-44CF-8BB3-D2C1FF1A5ED9}.AppStore|ARM.ActiveCfg = AppStore|iPhone
		{A4FC713A-876D-44CF-8BB3-D2C1FF1A5ED9}.AppStore|iPhone.ActiveCfg = AppStore|iPhone
		{A4FC713A-876D-44CF-8BB3-D2C1FF1A5ED9}.AppStore|iPhone.Build.0 = AppStore|iPhone
		{A4FC713A-876D-44CF-8BB3-D2C1FF1A5ED9}.AppStore|iPhoneSimulator.ActiveCfg = AppStore|iPhoneSimulator
		{A4FC713A-876D-44CF-8BB3-D2C1FF1A5ED9}.AppStore|iPhoneSimulator.Build.0 = AppStore|iPhoneSimulator
		{A4FC713A-876D-44CF-8BB3-D2C1FF1A5ED9}.AppStore|Mixed Platforms.ActiveCfg = AppStore|iPhone
		{A4FC713A-876D-44CF-8BB3-D2C1FF1A5ED9}.AppStore|Mixed Platforms.Build.0 = AppStore|iPhone
		{A4FC713A-876D-44CF-8BB3-D2C1FF1A5ED9}.AppStore|x64.ActiveCfg = AppStore|iPhone
		{A4FC713A-876D-44CF-8BB3-D2C1FF1A5ED9}.AppStore|x86.ActiveCfg = AppStore|iPhone
		{A4FC713A-876D-44CF-8BB3-D2C1FF1A5ED9}.Debug|Any CPU.ActiveCfg = Debug|iPhone
		{A4FC713A-876D-44CF-8BB3-D2C1FF1A5ED9}.Debug|Any CPU.Build.0 = Debug|iPhone
		{A4FC713A-876D-44CF-8BB3-D2C1FF1A5ED9}.Debug|ARM.ActiveCfg = Debug|iPhone
		{A4FC713A-876D-44CF-8BB3-D2C1FF1A5ED9}.Debug|iPhone.ActiveCfg = Debug|iPhone
		{A4FC713A-876D-44CF-8BB3-D2C1FF1A5ED9}.Debug|iPhone.Build.0 = Debug|iPhone
		{A4FC713A-876D-44CF-8BB3-D2C1FF1A5ED9}.Debug|iPhoneSimulator.ActiveCfg = Debug|iPhoneSimulator
		{A4FC713A-876D-44CF-8BB3-D2C1FF1A5ED9}.Debug|iPhoneSimulator.Build.0 = Debug|iPhoneSimulator
		{A4FC713A-876D-44CF-8BB3-D2C1FF1A5ED9}.Debug|Mixed Platforms.ActiveCfg = Debug|iPhone
		{A4FC713A-876D-44CF-8BB3-D2C1FF1A5ED9}.Debug|Mixed Platforms.Build.0 = Debug|iPhone
		{A4FC713A-876D-44CF-8BB3-D2C1FF1A5ED9}.Debug|x64.ActiveCfg = Debug|iPhone
		{A4FC713A-876D-44CF-8BB3-D2C1FF1A5ED9}.Debug|x86.ActiveCfg = Debug|iPhone
		{A4FC713A-876D-44CF-8BB3-D2C1FF1A5ED9}.DebugAndroid|Any CPU.ActiveCfg = DebugAndroid|iPhone
		{A4FC713A-876D-44CF-8BB3-D2C1FF1A5ED9}.DebugAndroid|ARM.ActiveCfg = DebugAndroid|iPhone
		{A4FC713A-876D-44CF-8BB3-D2C1FF1A5ED9}.DebugAndroid|iPhone.ActiveCfg = DebugAndroid|iPhone
		{A4FC713A-876D-44CF-8BB3-D2C1FF1A5ED9}.DebugAndroid|iPhone.Build.0 = DebugAndroid|iPhone
		{A4FC713A-876D-44CF-8BB3-D2C1FF1A5ED9}.DebugAndroid|iPhoneSimulator.ActiveCfg = DebugAndroid|iPhoneSimulator
		{A4FC713A-876D-44CF-8BB3-D2C1FF1A5ED9}.DebugAndroid|iPhoneSimulator.Build.0 = DebugAndroid|iPhoneSimulator
		{A4FC713A-876D-44CF-8BB3-D2C1FF1A5ED9}.DebugAndroid|Mixed Platforms.ActiveCfg = DebugAndroid|iPhone
		{A4FC713A-876D-44CF-8BB3-D2C1FF1A5ED9}.DebugAndroid|Mixed Platforms.Build.0 = DebugAndroid|iPhone
		{A4FC713A-876D-44CF-8BB3-D2C1FF1A5ED9}.DebugAndroid|x64.ActiveCfg = DebugAndroid|iPhone
		{A4FC713A-876D-44CF-8BB3-D2C1FF1A5ED9}.DebugAndroid|x86.ActiveCfg = DebugAndroid|iPhone
		{A4FC713A-876D-44CF-8BB3-D2C1FF1A5ED9}.DebugiOS|Any CPU.ActiveCfg = DebugiOS|iPhone
		{A4FC713A-876D-44CF-8BB3-D2C1FF1A5ED9}.DebugiOS|Any CPU.Build.0 = DebugiOS|iPhone
		{A4FC713A-876D-44CF-8BB3-D2C1FF1A5ED9}.DebugiOS|ARM.ActiveCfg = DebugiOS|iPhone
		{A4FC713A-876D-44CF-8BB3-D2C1FF1A5ED9}.DebugiOS|iPhone.ActiveCfg = DebugiOS|iPhone
		{A4FC713A-876D-44CF-8BB3-D2C1FF1A5ED9}.DebugiOS|iPhone.Build.0 = DebugiOS|iPhone
		{A4FC713A-876D-44CF-8BB3-D2C1FF1A5ED9}.DebugiOS|iPhoneSimulator.ActiveCfg = DebugiOS|iPhoneSimulator
		{A4FC713A-876D-44CF-8BB3-D2C1FF1A5ED9}.DebugiOS|iPhoneSimulator.Build.0 = DebugiOS|iPhoneSimulator
		{A4FC713A-876D-44CF-8BB3-D2C1FF1A5ED9}.DebugiOS|Mixed Platforms.ActiveCfg = DebugiOS|iPhone
		{A4FC713A-876D-44CF-8BB3-D2C1FF1A5ED9}.DebugiOS|Mixed Platforms.Build.0 = DebugiOS|iPhone
		{A4FC713A-876D-44CF-8BB3-D2C1FF1A5ED9}.DebugiOS|x64.ActiveCfg = DebugiOS|iPhone
		{A4FC713A-876D-44CF-8BB3-D2C1FF1A5ED9}.DebugiOS|x86.ActiveCfg = DebugiOS|iPhone
		{A4FC713A-876D-44CF-8BB3-D2C1FF1A5ED9}.DebugWindows|Any CPU.ActiveCfg = DebugWindows|iPhone
		{A4FC713A-876D-44CF-8BB3-D2C1FF1A5ED9}.DebugWindows|ARM.ActiveCfg = DebugWindows|iPhone
		{A4FC713A-876D-44CF-8BB3-D2C1FF1A5ED9}.DebugWindows|iPhone.ActiveCfg = DebugWindows|iPhone
		{A4FC713A-876D-44CF-8BB3-D2C1FF1A5ED9}.DebugWindows|iPhone.Build.0 = DebugWindows|iPhone
		{A4FC713A-876D-44CF-8BB3-D2C1FF1A5ED9}.DebugWindows|iPhoneSimulator.ActiveCfg = DebugWindows|iPhoneSimulator
		{A4FC713A-876D-44CF-8BB3-D2C1FF1A5ED9}.DebugWindows|iPhoneSimulator.Build.0 = DebugWindows|iPhoneSimulator
		{A4FC713A-876D-44CF-8BB3-D2C1FF1A5ED9}.DebugWindows|Mixed Platforms.ActiveCfg = DebugWindows|iPhone
		{A4FC713A-876D-44CF-8BB3-D2C1FF1A5ED9}.DebugWindows|Mixed Platforms.Build.0 = DebugWindows|iPhone
		{A4FC713A-876D-44CF-8BB3-D2C1FF1A5ED9}.DebugWindows|x64.ActiveCfg = DebugWindows|iPhone
		{A4FC713A-876D-44CF-8BB3-D2C1FF1A5ED9}.DebugWindows|x86.ActiveCfg = DebugWindows|iPhone
		{A4FC713A-876D-44CF-8BB3-D2C1FF1A5ED9}.Release|Any CPU.ActiveCfg = Release|iPhone
		{A4FC713A-876D-44CF-8BB3-D2C1FF1A5ED9}.Release|ARM.ActiveCfg = Release|iPhone
		{A4FC713A-876D-44CF-8BB3-D2C1FF1A5ED9}.Release|iPhone.ActiveCfg = Release|iPhone
		{A4FC713A-876D-44CF-8BB3-D2C1FF1A5ED9}.Release|iPhoneSimulator.ActiveCfg = Release|iPhoneSimulator
		{A4FC713A-876D-44CF-8BB3-D2C1FF1A5ED9}.Release|iPhoneSimulator.Build.0 = Release|iPhoneSimulator
		{A4FC713A-876D-44CF-8BB3-D2C1FF1A5ED9}.Release|Mixed Platforms.ActiveCfg = Release|iPhone
		{A4FC713A-876D-44CF-8BB3-D2C1FF1A5ED9}.Release|Mixed Platforms.Build.0 = Release|iPhone
		{A4FC713A-876D-44CF-8BB3-D2C1FF1A5ED9}.Release|x64.ActiveCfg = Release|iPhone
		{A4FC713A-876D-44CF-8BB3-D2C1FF1A5ED9}.Release|x86.ActiveCfg = Release|iPhone
		{FEF6E59C-902D-4040-8AF4-E7E94615DF5A}.Ad-Hoc|Any CPU.ActiveCfg = Release|Any CPU
		{FEF6E59C-902D-4040-8AF4-E7E94615DF5A}.Ad-Hoc|Any CPU.Build.0 = Release|Any CPU
		{FEF6E59C-902D-4040-8AF4-E7E94615DF5A}.Ad-Hoc|ARM.ActiveCfg = Release|Any CPU
		{FEF6E59C-902D-4040-8AF4-E7E94615DF5A}.Ad-Hoc|ARM.Build.0 = Release|Any CPU
		{FEF6E59C-902D-4040-8AF4-E7E94615DF5A}.Ad-Hoc|iPhone.ActiveCfg = Release|Any CPU
		{FEF6E59C-902D-4040-8AF4-E7E94615DF5A}.Ad-Hoc|iPhone.Build.0 = Release|Any CPU
		{FEF6E59C-902D-4040-8AF4-E7E94615DF5A}.Ad-Hoc|iPhoneSimulator.ActiveCfg = Release|Any CPU
		{FEF6E59C-902D-4040-8AF4-E7E94615DF5A}.Ad-Hoc|iPhoneSimulator.Build.0 = Release|Any CPU
		{FEF6E59C-902D-4040-8AF4-E7E94615DF5A}.Ad-Hoc|Mixed Platforms.ActiveCfg = Release|Any CPU
		{FEF6E59C-902D-4040-8AF4-E7E94615DF5A}.Ad-Hoc|Mixed Platforms.Build.0 = Release|Any CPU
		{FEF6E59C-902D-4040-8AF4-E7E94615DF5A}.Ad-Hoc|x64.ActiveCfg = Release|Any CPU
		{FEF6E59C-902D-4040-8AF4-E7E94615DF5A}.Ad-Hoc|x64.Build.0 = Release|Any CPU
		{FEF6E59C-902D-4040-8AF4-E7E94615DF5A}.Ad-Hoc|x86.ActiveCfg = Release|Any CPU
		{FEF6E59C-902D-4040-8AF4-E7E94615DF5A}.Ad-Hoc|x86.Build.0 = Release|Any CPU
		{FEF6E59C-902D-4040-8AF4-E7E94615DF5A}.AppStore|Any CPU.ActiveCfg = Release|Any CPU
		{FEF6E59C-902D-4040-8AF4-E7E94615DF5A}.AppStore|Any CPU.Build.0 = Release|Any CPU
		{FEF6E59C-902D-4040-8AF4-E7E94615DF5A}.AppStore|ARM.ActiveCfg = Release|Any CPU
		{FEF6E59C-902D-4040-8AF4-E7E94615DF5A}.AppStore|ARM.Build.0 = Release|Any CPU
		{FEF6E59C-902D-4040-8AF4-E7E94615DF5A}.AppStore|iPhone.ActiveCfg = Release|Any CPU
		{FEF6E59C-902D-4040-8AF4-E7E94615DF5A}.AppStore|iPhone.Build.0 = Release|Any CPU
		{FEF6E59C-902D-4040-8AF4-E7E94615DF5A}.AppStore|iPhoneSimulator.ActiveCfg = Release|Any CPU
		{FEF6E59C-902D-4040-8AF4-E7E94615DF5A}.AppStore|iPhoneSimulator.Build.0 = Release|Any CPU
		{FEF6E59C-902D-4040-8AF4-E7E94615DF5A}.AppStore|Mixed Platforms.ActiveCfg = Release|Any CPU
		{FEF6E59C-902D-4040-8AF4-E7E94615DF5A}.AppStore|Mixed Platforms.Build.0 = Release|Any CPU
		{FEF6E59C-902D-4040-8AF4-E7E94615DF5A}.AppStore|x64.ActiveCfg = Release|Any CPU
		{FEF6E59C-902D-4040-8AF4-E7E94615DF5A}.AppStore|x64.Build.0 = Release|Any CPU
		{FEF6E59C-902D-4040-8AF4-E7E94615DF5A}.AppStore|x86.ActiveCfg = Release|Any CPU
		{FEF6E59C-902D-4040-8AF4-E7E94615DF5A}.AppStore|x86.Build.0 = Release|Any CPU
		{FEF6E59C-902D-4040-8AF4-E7E94615DF5A}.Debug|Any CPU.ActiveCfg = Debug|Any CPU
		{FEF6E59C-902D-4040-8AF4-E7E94615DF5A}.Debug|Any CPU.Build.0 = Debug|Any CPU
		{FEF6E59C-902D-4040-8AF4-E7E94615DF5A}.Debug|ARM.ActiveCfg = Debug|Any CPU
		{FEF6E59C-902D-4040-8AF4-E7E94615DF5A}.Debug|ARM.Build.0 = Debug|Any CPU
		{FEF6E59C-902D-4040-8AF4-E7E94615DF5A}.Debug|iPhone.ActiveCfg = Debug|Any CPU
		{FEF6E59C-902D-4040-8AF4-E7E94615DF5A}.Debug|iPhone.Build.0 = Debug|Any CPU
		{FEF6E59C-902D-4040-8AF4-E7E94615DF5A}.Debug|iPhoneSimulator.ActiveCfg = Debug|Any CPU
		{FEF6E59C-902D-4040-8AF4-E7E94615DF5A}.Debug|iPhoneSimulator.Build.0 = Debug|Any CPU
		{FEF6E59C-902D-4040-8AF4-E7E94615DF5A}.Debug|Mixed Platforms.ActiveCfg = Debug|Any CPU
		{FEF6E59C-902D-4040-8AF4-E7E94615DF5A}.Debug|Mixed Platforms.Build.0 = Debug|Any CPU
		{FEF6E59C-902D-4040-8AF4-E7E94615DF5A}.Debug|x64.ActiveCfg = Debug|Any CPU
		{FEF6E59C-902D-4040-8AF4-E7E94615DF5A}.Debug|x64.Build.0 = Debug|Any CPU
		{FEF6E59C-902D-4040-8AF4-E7E94615DF5A}.Debug|x86.ActiveCfg = Debug|Any CPU
		{FEF6E59C-902D-4040-8AF4-E7E94615DF5A}.Debug|x86.Build.0 = Debug|Any CPU
		{FEF6E59C-902D-4040-8AF4-E7E94615DF5A}.DebugAndroid|Any CPU.ActiveCfg = DebugAndroid|Any CPU
		{FEF6E59C-902D-4040-8AF4-E7E94615DF5A}.DebugAndroid|ARM.ActiveCfg = DebugAndroid|Any CPU
		{FEF6E59C-902D-4040-8AF4-E7E94615DF5A}.DebugAndroid|ARM.Build.0 = DebugAndroid|Any CPU
		{FEF6E59C-902D-4040-8AF4-E7E94615DF5A}.DebugAndroid|iPhone.ActiveCfg = DebugAndroid|Any CPU
		{FEF6E59C-902D-4040-8AF4-E7E94615DF5A}.DebugAndroid|iPhone.Build.0 = DebugAndroid|Any CPU
		{FEF6E59C-902D-4040-8AF4-E7E94615DF5A}.DebugAndroid|iPhoneSimulator.ActiveCfg = DebugAndroid|Any CPU
		{FEF6E59C-902D-4040-8AF4-E7E94615DF5A}.DebugAndroid|iPhoneSimulator.Build.0 = DebugAndroid|Any CPU
		{FEF6E59C-902D-4040-8AF4-E7E94615DF5A}.DebugAndroid|Mixed Platforms.ActiveCfg = DebugAndroid|Any CPU
		{FEF6E59C-902D-4040-8AF4-E7E94615DF5A}.DebugAndroid|Mixed Platforms.Build.0 = DebugAndroid|Any CPU
		{FEF6E59C-902D-4040-8AF4-E7E94615DF5A}.DebugAndroid|x64.ActiveCfg = DebugAndroid|Any CPU
		{FEF6E59C-902D-4040-8AF4-E7E94615DF5A}.DebugAndroid|x64.Build.0 = DebugAndroid|Any CPU
		{FEF6E59C-902D-4040-8AF4-E7E94615DF5A}.DebugAndroid|x86.ActiveCfg = DebugAndroid|Any CPU
		{FEF6E59C-902D-4040-8AF4-E7E94615DF5A}.DebugAndroid|x86.Build.0 = DebugAndroid|Any CPU
		{FEF6E59C-902D-4040-8AF4-E7E94615DF5A}.DebugiOS|Any CPU.ActiveCfg = DebugiOS|Any CPU
		{FEF6E59C-902D-4040-8AF4-E7E94615DF5A}.DebugiOS|Any CPU.Build.0 = DebugiOS|Any CPU
		{FEF6E59C-902D-4040-8AF4-E7E94615DF5A}.DebugiOS|ARM.ActiveCfg = DebugiOS|Any CPU
		{FEF6E59C-902D-4040-8AF4-E7E94615DF5A}.DebugiOS|ARM.Build.0 = DebugiOS|Any CPU
		{FEF6E59C-902D-4040-8AF4-E7E94615DF5A}.DebugiOS|iPhone.ActiveCfg = DebugiOS|Any CPU
		{FEF6E59C-902D-4040-8AF4-E7E94615DF5A}.DebugiOS|iPhone.Build.0 = DebugiOS|Any CPU
		{FEF6E59C-902D-4040-8AF4-E7E94615DF5A}.DebugiOS|iPhoneSimulator.ActiveCfg = DebugiOS|Any CPU
		{FEF6E59C-902D-4040-8AF4-E7E94615DF5A}.DebugiOS|iPhoneSimulator.Build.0 = DebugiOS|Any CPU
		{FEF6E59C-902D-4040-8AF4-E7E94615DF5A}.DebugiOS|Mixed Platforms.ActiveCfg = DebugiOS|Any CPU
		{FEF6E59C-902D-4040-8AF4-E7E94615DF5A}.DebugiOS|Mixed Platforms.Build.0 = DebugiOS|Any CPU
		{FEF6E59C-902D-4040-8AF4-E7E94615DF5A}.DebugiOS|x64.ActiveCfg = DebugiOS|Any CPU
		{FEF6E59C-902D-4040-8AF4-E7E94615DF5A}.DebugiOS|x64.Build.0 = DebugiOS|Any CPU
		{FEF6E59C-902D-4040-8AF4-E7E94615DF5A}.DebugiOS|x86.ActiveCfg = DebugiOS|Any CPU
		{FEF6E59C-902D-4040-8AF4-E7E94615DF5A}.DebugiOS|x86.Build.0 = DebugiOS|Any CPU
		{FEF6E59C-902D-4040-8AF4-E7E94615DF5A}.DebugWindows|Any CPU.ActiveCfg = DebugWindows|Any CPU
		{FEF6E59C-902D-4040-8AF4-E7E94615DF5A}.DebugWindows|ARM.ActiveCfg = DebugWindows|Any CPU
		{FEF6E59C-902D-4040-8AF4-E7E94615DF5A}.DebugWindows|ARM.Build.0 = DebugWindows|Any CPU
		{FEF6E59C-902D-4040-8AF4-E7E94615DF5A}.DebugWindows|iPhone.ActiveCfg = DebugWindows|Any CPU
		{FEF6E59C-902D-4040-8AF4-E7E94615DF5A}.DebugWindows|iPhone.Build.0 = DebugWindows|Any CPU
		{FEF6E59C-902D-4040-8AF4-E7E94615DF5A}.DebugWindows|iPhoneSimulator.ActiveCfg = DebugWindows|Any CPU
		{FEF6E59C-902D-4040-8AF4-E7E94615DF5A}.DebugWindows|iPhoneSimulator.Build.0 = DebugWindows|Any CPU
		{FEF6E59C-902D-4040-8AF4-E7E94615DF5A}.DebugWindows|Mixed Platforms.ActiveCfg = DebugWindows|Any CPU
		{FEF6E59C-902D-4040-8AF4-E7E94615DF5A}.DebugWindows|Mixed Platforms.Build.0 = DebugWindows|Any CPU
		{FEF6E59C-902D-4040-8AF4-E7E94615DF5A}.DebugWindows|x64.ActiveCfg = DebugWindows|Any CPU
		{FEF6E59C-902D-4040-8AF4-E7E94615DF5A}.DebugWindows|x64.Build.0 = DebugWindows|Any CPU
		{FEF6E59C-902D-4040-8AF4-E7E94615DF5A}.DebugWindows|x86.ActiveCfg = DebugWindows|Any CPU
		{FEF6E59C-902D-4040-8AF4-E7E94615DF5A}.DebugWindows|x86.Build.0 = DebugWindows|Any CPU
		{FEF6E59C-902D-4040-8AF4-E7E94615DF5A}.Release|Any CPU.ActiveCfg = Release|Any CPU
		{FEF6E59C-902D-4040-8AF4-E7E94615DF5A}.Release|Any CPU.Build.0 = Release|Any CPU
		{FEF6E59C-902D-4040-8AF4-E7E94615DF5A}.Release|ARM.ActiveCfg = Release|Any CPU
		{FEF6E59C-902D-4040-8AF4-E7E94615DF5A}.Release|ARM.Build.0 = Release|Any CPU
		{FEF6E59C-902D-4040-8AF4-E7E94615DF5A}.Release|iPhone.ActiveCfg = Release|Any CPU
		{FEF6E59C-902D-4040-8AF4-E7E94615DF5A}.Release|iPhone.Build.0 = Release|Any CPU
		{FEF6E59C-902D-4040-8AF4-E7E94615DF5A}.Release|iPhoneSimulator.ActiveCfg = Release|Any CPU
		{FEF6E59C-902D-4040-8AF4-E7E94615DF5A}.Release|iPhoneSimulator.Build.0 = Release|Any CPU
		{FEF6E59C-902D-4040-8AF4-E7E94615DF5A}.Release|Mixed Platforms.ActiveCfg = Release|Any CPU
		{FEF6E59C-902D-4040-8AF4-E7E94615DF5A}.Release|Mixed Platforms.Build.0 = Release|Any CPU
		{FEF6E59C-902D-4040-8AF4-E7E94615DF5A}.Release|x64.ActiveCfg = Release|Any CPU
		{FEF6E59C-902D-4040-8AF4-E7E94615DF5A}.Release|x64.Build.0 = Release|Any CPU
		{FEF6E59C-902D-4040-8AF4-E7E94615DF5A}.Release|x86.ActiveCfg = Release|Any CPU
		{FEF6E59C-902D-4040-8AF4-E7E94615DF5A}.Release|x86.Build.0 = Release|Any CPU
		{5702D554-BA30-420C-9FA8-A59780E855EE}.Ad-Hoc|Any CPU.ActiveCfg = Release|Any CPU
		{5702D554-BA30-420C-9FA8-A59780E855EE}.Ad-Hoc|Any CPU.Build.0 = Release|Any CPU
		{5702D554-BA30-420C-9FA8-A59780E855EE}.Ad-Hoc|ARM.ActiveCfg = Release|Any CPU
		{5702D554-BA30-420C-9FA8-A59780E855EE}.Ad-Hoc|ARM.Build.0 = Release|Any CPU
		{5702D554-BA30-420C-9FA8-A59780E855EE}.Ad-Hoc|iPhone.ActiveCfg = Release|Any CPU
		{5702D554-BA30-420C-9FA8-A59780E855EE}.Ad-Hoc|iPhone.Build.0 = Release|Any CPU
		{5702D554-BA30-420C-9FA8-A59780E855EE}.Ad-Hoc|iPhoneSimulator.ActiveCfg = Release|Any CPU
		{5702D554-BA30-420C-9FA8-A59780E855EE}.Ad-Hoc|iPhoneSimulator.Build.0 = Release|Any CPU
		{5702D554-BA30-420C-9FA8-A59780E855EE}.Ad-Hoc|Mixed Platforms.ActiveCfg = Release|Any CPU
		{5702D554-BA30-420C-9FA8-A59780E855EE}.Ad-Hoc|Mixed Platforms.Build.0 = Release|Any CPU
		{5702D554-BA30-420C-9FA8-A59780E855EE}.Ad-Hoc|x64.ActiveCfg = Release|Any CPU
		{5702D554-BA30-420C-9FA8-A59780E855EE}.Ad-Hoc|x64.Build.0 = Release|Any CPU
		{5702D554-BA30-420C-9FA8-A59780E855EE}.Ad-Hoc|x86.ActiveCfg = Release|Any CPU
		{5702D554-BA30-420C-9FA8-A59780E855EE}.Ad-Hoc|x86.Build.0 = Release|Any CPU
		{5702D554-BA30-420C-9FA8-A59780E855EE}.AppStore|Any CPU.ActiveCfg = Release|Any CPU
		{5702D554-BA30-420C-9FA8-A59780E855EE}.AppStore|Any CPU.Build.0 = Release|Any CPU
		{5702D554-BA30-420C-9FA8-A59780E855EE}.AppStore|ARM.ActiveCfg = Release|Any CPU
		{5702D554-BA30-420C-9FA8-A59780E855EE}.AppStore|ARM.Build.0 = Release|Any CPU
		{5702D554-BA30-420C-9FA8-A59780E855EE}.AppStore|iPhone.ActiveCfg = Release|Any CPU
		{5702D554-BA30-420C-9FA8-A59780E855EE}.AppStore|iPhone.Build.0 = Release|Any CPU
		{5702D554-BA30-420C-9FA8-A59780E855EE}.AppStore|iPhoneSimulator.ActiveCfg = Release|Any CPU
		{5702D554-BA30-420C-9FA8-A59780E855EE}.AppStore|iPhoneSimulator.Build.0 = Release|Any CPU
		{5702D554-BA30-420C-9FA8-A59780E855EE}.AppStore|Mixed Platforms.ActiveCfg = Release|Any CPU
		{5702D554-BA30-420C-9FA8-A59780E855EE}.AppStore|Mixed Platforms.Build.0 = Release|Any CPU
		{5702D554-BA30-420C-9FA8-A59780E855EE}.AppStore|x64.ActiveCfg = Release|Any CPU
		{5702D554-BA30-420C-9FA8-A59780E855EE}.AppStore|x64.Build.0 = Release|Any CPU
		{5702D554-BA30-420C-9FA8-A59780E855EE}.AppStore|x86.ActiveCfg = Release|Any CPU
		{5702D554-BA30-420C-9FA8-A59780E855EE}.AppStore|x86.Build.0 = Release|Any CPU
		{5702D554-BA30-420C-9FA8-A59780E855EE}.Debug|Any CPU.ActiveCfg = Debug|Any CPU
		{5702D554-BA30-420C-9FA8-A59780E855EE}.Debug|Any CPU.Build.0 = Debug|Any CPU
		{5702D554-BA30-420C-9FA8-A59780E855EE}.Debug|ARM.ActiveCfg = Debug|Any CPU
		{5702D554-BA30-420C-9FA8-A59780E855EE}.Debug|ARM.Build.0 = Debug|Any CPU
		{5702D554-BA30-420C-9FA8-A59780E855EE}.Debug|iPhone.ActiveCfg = Debug|Any CPU
		{5702D554-BA30-420C-9FA8-A59780E855EE}.Debug|iPhone.Build.0 = Debug|Any CPU
		{5702D554-BA30-420C-9FA8-A59780E855EE}.Debug|iPhoneSimulator.ActiveCfg = Debug|Any CPU
		{5702D554-BA30-420C-9FA8-A59780E855EE}.Debug|iPhoneSimulator.Build.0 = Debug|Any CPU
		{5702D554-BA30-420C-9FA8-A59780E855EE}.Debug|Mixed Platforms.ActiveCfg = Debug|Any CPU
		{5702D554-BA30-420C-9FA8-A59780E855EE}.Debug|Mixed Platforms.Build.0 = Debug|Any CPU
		{5702D554-BA30-420C-9FA8-A59780E855EE}.Debug|x64.ActiveCfg = Debug|Any CPU
		{5702D554-BA30-420C-9FA8-A59780E855EE}.Debug|x64.Build.0 = Debug|Any CPU
		{5702D554-BA30-420C-9FA8-A59780E855EE}.Debug|x86.ActiveCfg = Debug|Any CPU
		{5702D554-BA30-420C-9FA8-A59780E855EE}.Debug|x86.Build.0 = Debug|Any CPU
		{5702D554-BA30-420C-9FA8-A59780E855EE}.DebugAndroid|Any CPU.ActiveCfg = DebugAndroid|Any CPU
		{5702D554-BA30-420C-9FA8-A59780E855EE}.DebugAndroid|Any CPU.Build.0 = DebugAndroid|Any CPU
		{5702D554-BA30-420C-9FA8-A59780E855EE}.DebugAndroid|ARM.ActiveCfg = DebugAndroid|Any CPU
		{5702D554-BA30-420C-9FA8-A59780E855EE}.DebugAndroid|ARM.Build.0 = DebugAndroid|Any CPU
		{5702D554-BA30-420C-9FA8-A59780E855EE}.DebugAndroid|iPhone.ActiveCfg = DebugAndroid|Any CPU
		{5702D554-BA30-420C-9FA8-A59780E855EE}.DebugAndroid|iPhone.Build.0 = DebugAndroid|Any CPU
		{5702D554-BA30-420C-9FA8-A59780E855EE}.DebugAndroid|iPhoneSimulator.ActiveCfg = DebugAndroid|Any CPU
		{5702D554-BA30-420C-9FA8-A59780E855EE}.DebugAndroid|iPhoneSimulator.Build.0 = DebugAndroid|Any CPU
		{5702D554-BA30-420C-9FA8-A59780E855EE}.DebugAndroid|Mixed Platforms.ActiveCfg = DebugAndroid|Any CPU
		{5702D554-BA30-420C-9FA8-A59780E855EE}.DebugAndroid|Mixed Platforms.Build.0 = DebugAndroid|Any CPU
		{5702D554-BA30-420C-9FA8-A59780E855EE}.DebugAndroid|x64.ActiveCfg = DebugAndroid|Any CPU
		{5702D554-BA30-420C-9FA8-A59780E855EE}.DebugAndroid|x64.Build.0 = DebugAndroid|Any CPU
		{5702D554-BA30-420C-9FA8-A59780E855EE}.DebugAndroid|x86.ActiveCfg = DebugAndroid|Any CPU
		{5702D554-BA30-420C-9FA8-A59780E855EE}.DebugAndroid|x86.Build.0 = DebugAndroid|Any CPU
		{5702D554-BA30-420C-9FA8-A59780E855EE}.DebugiOS|Any CPU.ActiveCfg = DebugiOS|Any CPU
		{5702D554-BA30-420C-9FA8-A59780E855EE}.DebugiOS|Any CPU.Build.0 = DebugiOS|Any CPU
		{5702D554-BA30-420C-9FA8-A59780E855EE}.DebugiOS|ARM.ActiveCfg = DebugiOS|Any CPU
		{5702D554-BA30-420C-9FA8-A59780E855EE}.DebugiOS|ARM.Build.0 = DebugiOS|Any CPU
		{5702D554-BA30-420C-9FA8-A59780E855EE}.DebugiOS|iPhone.ActiveCfg = DebugiOS|Any CPU
		{5702D554-BA30-420C-9FA8-A59780E855EE}.DebugiOS|iPhone.Build.0 = DebugiOS|Any CPU
		{5702D554-BA30-420C-9FA8-A59780E855EE}.DebugiOS|iPhoneSimulator.ActiveCfg = DebugiOS|Any CPU
		{5702D554-BA30-420C-9FA8-A59780E855EE}.DebugiOS|iPhoneSimulator.Build.0 = DebugiOS|Any CPU
		{5702D554-BA30-420C-9FA8-A59780E855EE}.DebugiOS|Mixed Platforms.ActiveCfg = DebugiOS|Any CPU
		{5702D554-BA30-420C-9FA8-A59780E855EE}.DebugiOS|Mixed Platforms.Build.0 = DebugiOS|Any CPU
		{5702D554-BA30-420C-9FA8-A59780E855EE}.DebugiOS|x64.ActiveCfg = DebugiOS|Any CPU
		{5702D554-BA30-420C-9FA8-A59780E855EE}.DebugiOS|x64.Build.0 = DebugiOS|Any CPU
		{5702D554-BA30-420C-9FA8-A59780E855EE}.DebugiOS|x86.ActiveCfg = DebugiOS|Any CPU
		{5702D554-BA30-420C-9FA8-A59780E855EE}.DebugiOS|x86.Build.0 = DebugiOS|Any CPU
		{5702D554-BA30-420C-9FA8-A59780E855EE}.DebugWindows|Any CPU.ActiveCfg = DebugWindows|Any CPU
		{5702D554-BA30-420C-9FA8-A59780E855EE}.DebugWindows|Any CPU.Build.0 = DebugWindows|Any CPU
		{5702D554-BA30-420C-9FA8-A59780E855EE}.DebugWindows|ARM.ActiveCfg = DebugWindows|Any CPU
		{5702D554-BA30-420C-9FA8-A59780E855EE}.DebugWindows|ARM.Build.0 = DebugWindows|Any CPU
		{5702D554-BA30-420C-9FA8-A59780E855EE}.DebugWindows|iPhone.ActiveCfg = DebugWindows|Any CPU
		{5702D554-BA30-420C-9FA8-A59780E855EE}.DebugWindows|iPhone.Build.0 = DebugWindows|Any CPU
		{5702D554-BA30-420C-9FA8-A59780E855EE}.DebugWindows|iPhoneSimulator.ActiveCfg = DebugWindows|Any CPU
		{5702D554-BA30-420C-9FA8-A59780E855EE}.DebugWindows|iPhoneSimulator.Build.0 = DebugWindows|Any CPU
		{5702D554-BA30-420C-9FA8-A59780E855EE}.DebugWindows|Mixed Platforms.ActiveCfg = DebugWindows|Any CPU
		{5702D554-BA30-420C-9FA8-A59780E855EE}.DebugWindows|Mixed Platforms.Build.0 = DebugWindows|Any CPU
		{5702D554-BA30-420C-9FA8-A59780E855EE}.DebugWindows|x64.ActiveCfg = DebugWindows|Any CPU
		{5702D554-BA30-420C-9FA8-A59780E855EE}.DebugWindows|x64.Build.0 = DebugWindows|Any CPU
		{5702D554-BA30-420C-9FA8-A59780E855EE}.DebugWindows|x86.ActiveCfg = DebugWindows|Any CPU
		{5702D554-BA30-420C-9FA8-A59780E855EE}.DebugWindows|x86.Build.0 = DebugWindows|Any CPU
		{5702D554-BA30-420C-9FA8-A59780E855EE}.Release|Any CPU.ActiveCfg = Release|Any CPU
		{5702D554-BA30-420C-9FA8-A59780E855EE}.Release|Any CPU.Build.0 = Release|Any CPU
		{5702D554-BA30-420C-9FA8-A59780E855EE}.Release|ARM.ActiveCfg = Release|Any CPU
		{5702D554-BA30-420C-9FA8-A59780E855EE}.Release|ARM.Build.0 = Release|Any CPU
		{5702D554-BA30-420C-9FA8-A59780E855EE}.Release|iPhone.ActiveCfg = Release|Any CPU
		{5702D554-BA30-420C-9FA8-A59780E855EE}.Release|iPhone.Build.0 = Release|Any CPU
		{5702D554-BA30-420C-9FA8-A59780E855EE}.Release|iPhoneSimulator.ActiveCfg = Release|Any CPU
		{5702D554-BA30-420C-9FA8-A59780E855EE}.Release|iPhoneSimulator.Build.0 = Release|Any CPU
		{5702D554-BA30-420C-9FA8-A59780E855EE}.Release|Mixed Platforms.ActiveCfg = Release|Any CPU
		{5702D554-BA30-420C-9FA8-A59780E855EE}.Release|Mixed Platforms.Build.0 = Release|Any CPU
		{5702D554-BA30-420C-9FA8-A59780E855EE}.Release|x64.ActiveCfg = Release|Any CPU
		{5702D554-BA30-420C-9FA8-A59780E855EE}.Release|x64.Build.0 = Release|Any CPU
		{5702D554-BA30-420C-9FA8-A59780E855EE}.Release|x86.ActiveCfg = Release|Any CPU
		{5702D554-BA30-420C-9FA8-A59780E855EE}.Release|x86.Build.0 = Release|Any CPU
		{0451BAEF-DF2E-4B98-8644-94EE9415E389}.Ad-Hoc|Any CPU.ActiveCfg = Release|Any CPU
		{0451BAEF-DF2E-4B98-8644-94EE9415E389}.Ad-Hoc|Any CPU.Build.0 = Release|Any CPU
		{0451BAEF-DF2E-4B98-8644-94EE9415E389}.Ad-Hoc|ARM.ActiveCfg = Release|Any CPU
		{0451BAEF-DF2E-4B98-8644-94EE9415E389}.Ad-Hoc|ARM.Build.0 = Release|Any CPU
		{0451BAEF-DF2E-4B98-8644-94EE9415E389}.Ad-Hoc|iPhone.ActiveCfg = Release|Any CPU
		{0451BAEF-DF2E-4B98-8644-94EE9415E389}.Ad-Hoc|iPhone.Build.0 = Release|Any CPU
		{0451BAEF-DF2E-4B98-8644-94EE9415E389}.Ad-Hoc|iPhoneSimulator.ActiveCfg = Release|Any CPU
		{0451BAEF-DF2E-4B98-8644-94EE9415E389}.Ad-Hoc|iPhoneSimulator.Build.0 = Release|Any CPU
		{0451BAEF-DF2E-4B98-8644-94EE9415E389}.Ad-Hoc|Mixed Platforms.ActiveCfg = Release|Any CPU
		{0451BAEF-DF2E-4B98-8644-94EE9415E389}.Ad-Hoc|Mixed Platforms.Build.0 = Release|Any CPU
		{0451BAEF-DF2E-4B98-8644-94EE9415E389}.Ad-Hoc|x64.ActiveCfg = Release|Any CPU
		{0451BAEF-DF2E-4B98-8644-94EE9415E389}.Ad-Hoc|x64.Build.0 = Release|Any CPU
		{0451BAEF-DF2E-4B98-8644-94EE9415E389}.Ad-Hoc|x86.ActiveCfg = Release|Any CPU
		{0451BAEF-DF2E-4B98-8644-94EE9415E389}.Ad-Hoc|x86.Build.0 = Release|Any CPU
		{0451BAEF-DF2E-4B98-8644-94EE9415E389}.AppStore|Any CPU.ActiveCfg = Release|Any CPU
		{0451BAEF-DF2E-4B98-8644-94EE9415E389}.AppStore|Any CPU.Build.0 = Release|Any CPU
		{0451BAEF-DF2E-4B98-8644-94EE9415E389}.AppStore|ARM.ActiveCfg = Release|Any CPU
		{0451BAEF-DF2E-4B98-8644-94EE9415E389}.AppStore|ARM.Build.0 = Release|Any CPU
		{0451BAEF-DF2E-4B98-8644-94EE9415E389}.AppStore|iPhone.ActiveCfg = Release|Any CPU
		{0451BAEF-DF2E-4B98-8644-94EE9415E389}.AppStore|iPhone.Build.0 = Release|Any CPU
		{0451BAEF-DF2E-4B98-8644-94EE9415E389}.AppStore|iPhoneSimulator.ActiveCfg = Release|Any CPU
		{0451BAEF-DF2E-4B98-8644-94EE9415E389}.AppStore|iPhoneSimulator.Build.0 = Release|Any CPU
		{0451BAEF-DF2E-4B98-8644-94EE9415E389}.AppStore|Mixed Platforms.ActiveCfg = Release|Any CPU
		{0451BAEF-DF2E-4B98-8644-94EE9415E389}.AppStore|Mixed Platforms.Build.0 = Release|Any CPU
		{0451BAEF-DF2E-4B98-8644-94EE9415E389}.AppStore|x64.ActiveCfg = Release|Any CPU
		{0451BAEF-DF2E-4B98-8644-94EE9415E389}.AppStore|x64.Build.0 = Release|Any CPU
		{0451BAEF-DF2E-4B98-8644-94EE9415E389}.AppStore|x86.ActiveCfg = Release|Any CPU
		{0451BAEF-DF2E-4B98-8644-94EE9415E389}.AppStore|x86.Build.0 = Release|Any CPU
		{0451BAEF-DF2E-4B98-8644-94EE9415E389}.Debug|Any CPU.ActiveCfg = Debug|Any CPU
		{0451BAEF-DF2E-4B98-8644-94EE9415E389}.Debug|ARM.ActiveCfg = Debug|Any CPU
		{0451BAEF-DF2E-4B98-8644-94EE9415E389}.Debug|ARM.Build.0 = Debug|Any CPU
		{0451BAEF-DF2E-4B98-8644-94EE9415E389}.Debug|iPhone.ActiveCfg = Debug|Any CPU
		{0451BAEF-DF2E-4B98-8644-94EE9415E389}.Debug|iPhoneSimulator.ActiveCfg = Debug|Any CPU
		{0451BAEF-DF2E-4B98-8644-94EE9415E389}.Debug|Mixed Platforms.ActiveCfg = Debug|Any CPU
		{0451BAEF-DF2E-4B98-8644-94EE9415E389}.Debug|x64.ActiveCfg = Debug|Any CPU
		{0451BAEF-DF2E-4B98-8644-94EE9415E389}.Debug|x64.Build.0 = Debug|Any CPU
		{0451BAEF-DF2E-4B98-8644-94EE9415E389}.Debug|x86.ActiveCfg = Debug|Any CPU
		{0451BAEF-DF2E-4B98-8644-94EE9415E389}.Debug|x86.Build.0 = Debug|Any CPU
		{0451BAEF-DF2E-4B98-8644-94EE9415E389}.DebugAndroid|Any CPU.ActiveCfg = DebugAndroid|Any CPU
		{0451BAEF-DF2E-4B98-8644-94EE9415E389}.DebugAndroid|ARM.ActiveCfg = DebugAndroid|Any CPU
		{0451BAEF-DF2E-4B98-8644-94EE9415E389}.DebugAndroid|ARM.Build.0 = DebugAndroid|Any CPU
		{0451BAEF-DF2E-4B98-8644-94EE9415E389}.DebugAndroid|iPhone.ActiveCfg = DebugAndroid|Any CPU
		{0451BAEF-DF2E-4B98-8644-94EE9415E389}.DebugAndroid|iPhone.Build.0 = DebugAndroid|Any CPU
		{0451BAEF-DF2E-4B98-8644-94EE9415E389}.DebugAndroid|iPhoneSimulator.ActiveCfg = DebugAndroid|Any CPU
		{0451BAEF-DF2E-4B98-8644-94EE9415E389}.DebugAndroid|iPhoneSimulator.Build.0 = DebugAndroid|Any CPU
		{0451BAEF-DF2E-4B98-8644-94EE9415E389}.DebugAndroid|Mixed Platforms.ActiveCfg = DebugAndroid|Any CPU
		{0451BAEF-DF2E-4B98-8644-94EE9415E389}.DebugAndroid|Mixed Platforms.Build.0 = DebugAndroid|Any CPU
		{0451BAEF-DF2E-4B98-8644-94EE9415E389}.DebugAndroid|x64.ActiveCfg = DebugAndroid|Any CPU
		{0451BAEF-DF2E-4B98-8644-94EE9415E389}.DebugAndroid|x64.Build.0 = DebugAndroid|Any CPU
		{0451BAEF-DF2E-4B98-8644-94EE9415E389}.DebugAndroid|x86.ActiveCfg = DebugAndroid|Any CPU
		{0451BAEF-DF2E-4B98-8644-94EE9415E389}.DebugAndroid|x86.Build.0 = DebugAndroid|Any CPU
		{0451BAEF-DF2E-4B98-8644-94EE9415E389}.DebugiOS|Any CPU.ActiveCfg = DebugiOS|Any CPU
		{0451BAEF-DF2E-4B98-8644-94EE9415E389}.DebugiOS|ARM.ActiveCfg = DebugiOS|Any CPU
		{0451BAEF-DF2E-4B98-8644-94EE9415E389}.DebugiOS|ARM.Build.0 = DebugiOS|Any CPU
		{0451BAEF-DF2E-4B98-8644-94EE9415E389}.DebugiOS|iPhone.ActiveCfg = DebugiOS|Any CPU
		{0451BAEF-DF2E-4B98-8644-94EE9415E389}.DebugiOS|iPhoneSimulator.ActiveCfg = DebugiOS|Any CPU
		{0451BAEF-DF2E-4B98-8644-94EE9415E389}.DebugiOS|Mixed Platforms.ActiveCfg = DebugiOS|Any CPU
		{0451BAEF-DF2E-4B98-8644-94EE9415E389}.DebugiOS|Mixed Platforms.Build.0 = DebugiOS|Any CPU
		{0451BAEF-DF2E-4B98-8644-94EE9415E389}.DebugiOS|x64.ActiveCfg = DebugiOS|Any CPU
		{0451BAEF-DF2E-4B98-8644-94EE9415E389}.DebugiOS|x64.Build.0 = DebugiOS|Any CPU
		{0451BAEF-DF2E-4B98-8644-94EE9415E389}.DebugiOS|x86.ActiveCfg = DebugiOS|Any CPU
		{0451BAEF-DF2E-4B98-8644-94EE9415E389}.DebugiOS|x86.Build.0 = DebugiOS|Any CPU
		{0451BAEF-DF2E-4B98-8644-94EE9415E389}.DebugWindows|Any CPU.ActiveCfg = DebugWindows|Any CPU
		{0451BAEF-DF2E-4B98-8644-94EE9415E389}.DebugWindows|ARM.ActiveCfg = DebugWindows|Any CPU
		{0451BAEF-DF2E-4B98-8644-94EE9415E389}.DebugWindows|ARM.Build.0 = DebugWindows|Any CPU
		{0451BAEF-DF2E-4B98-8644-94EE9415E389}.DebugWindows|iPhone.ActiveCfg = DebugWindows|Any CPU
		{0451BAEF-DF2E-4B98-8644-94EE9415E389}.DebugWindows|iPhone.Build.0 = DebugWindows|Any CPU
		{0451BAEF-DF2E-4B98-8644-94EE9415E389}.DebugWindows|iPhoneSimulator.ActiveCfg = DebugWindows|Any CPU
		{0451BAEF-DF2E-4B98-8644-94EE9415E389}.DebugWindows|iPhoneSimulator.Build.0 = DebugWindows|Any CPU
		{0451BAEF-DF2E-4B98-8644-94EE9415E389}.DebugWindows|Mixed Platforms.ActiveCfg = DebugWindows|Any CPU
		{0451BAEF-DF2E-4B98-8644-94EE9415E389}.DebugWindows|Mixed Platforms.Build.0 = DebugWindows|Any CPU
		{0451BAEF-DF2E-4B98-8644-94EE9415E389}.DebugWindows|x64.ActiveCfg = DebugWindows|Any CPU
		{0451BAEF-DF2E-4B98-8644-94EE9415E389}.DebugWindows|x64.Build.0 = DebugWindows|Any CPU
		{0451BAEF-DF2E-4B98-8644-94EE9415E389}.DebugWindows|x86.ActiveCfg = DebugWindows|Any CPU
		{0451BAEF-DF2E-4B98-8644-94EE9415E389}.DebugWindows|x86.Build.0 = DebugWindows|Any CPU
		{0451BAEF-DF2E-4B98-8644-94EE9415E389}.Release|Any CPU.ActiveCfg = Release|Any CPU
		{0451BAEF-DF2E-4B98-8644-94EE9415E389}.Release|Any CPU.Build.0 = Release|Any CPU
		{0451BAEF-DF2E-4B98-8644-94EE9415E389}.Release|ARM.ActiveCfg = Release|Any CPU
		{0451BAEF-DF2E-4B98-8644-94EE9415E389}.Release|ARM.Build.0 = Release|Any CPU
		{0451BAEF-DF2E-4B98-8644-94EE9415E389}.Release|iPhone.ActiveCfg = Release|Any CPU
		{0451BAEF-DF2E-4B98-8644-94EE9415E389}.Release|iPhoneSimulator.ActiveCfg = Release|Any CPU
		{0451BAEF-DF2E-4B98-8644-94EE9415E389}.Release|iPhoneSimulator.Build.0 = Release|Any CPU
		{0451BAEF-DF2E-4B98-8644-94EE9415E389}.Release|Mixed Platforms.ActiveCfg = Release|Any CPU
		{0451BAEF-DF2E-4B98-8644-94EE9415E389}.Release|Mixed Platforms.Build.0 = Release|Any CPU
		{0451BAEF-DF2E-4B98-8644-94EE9415E389}.Release|x64.ActiveCfg = Release|Any CPU
		{0451BAEF-DF2E-4B98-8644-94EE9415E389}.Release|x64.Build.0 = Release|Any CPU
		{0451BAEF-DF2E-4B98-8644-94EE9415E389}.Release|x86.ActiveCfg = Release|Any CPU
		{0451BAEF-DF2E-4B98-8644-94EE9415E389}.Release|x86.Build.0 = Release|Any CPU
		{A3AAFEEF-513A-4296-A9DF-4F7BE657AA45}.Ad-Hoc|Any CPU.ActiveCfg = Release|Any CPU
		{A3AAFEEF-513A-4296-A9DF-4F7BE657AA45}.Ad-Hoc|Any CPU.Build.0 = Release|Any CPU
		{A3AAFEEF-513A-4296-A9DF-4F7BE657AA45}.Ad-Hoc|Any CPU.Deploy.0 = Release|Any CPU
		{A3AAFEEF-513A-4296-A9DF-4F7BE657AA45}.Ad-Hoc|ARM.ActiveCfg = Release|Any CPU
		{A3AAFEEF-513A-4296-A9DF-4F7BE657AA45}.Ad-Hoc|ARM.Build.0 = Release|Any CPU
		{A3AAFEEF-513A-4296-A9DF-4F7BE657AA45}.Ad-Hoc|ARM.Deploy.0 = Release|Any CPU
		{A3AAFEEF-513A-4296-A9DF-4F7BE657AA45}.Ad-Hoc|iPhone.ActiveCfg = Release|Any CPU
		{A3AAFEEF-513A-4296-A9DF-4F7BE657AA45}.Ad-Hoc|iPhone.Build.0 = Release|Any CPU
		{A3AAFEEF-513A-4296-A9DF-4F7BE657AA45}.Ad-Hoc|iPhone.Deploy.0 = Release|Any CPU
		{A3AAFEEF-513A-4296-A9DF-4F7BE657AA45}.Ad-Hoc|iPhoneSimulator.ActiveCfg = Release|Any CPU
		{A3AAFEEF-513A-4296-A9DF-4F7BE657AA45}.Ad-Hoc|iPhoneSimulator.Build.0 = Release|Any CPU
		{A3AAFEEF-513A-4296-A9DF-4F7BE657AA45}.Ad-Hoc|iPhoneSimulator.Deploy.0 = Release|Any CPU
		{A3AAFEEF-513A-4296-A9DF-4F7BE657AA45}.Ad-Hoc|Mixed Platforms.ActiveCfg = Release|Any CPU
		{A3AAFEEF-513A-4296-A9DF-4F7BE657AA45}.Ad-Hoc|Mixed Platforms.Build.0 = Release|Any CPU
		{A3AAFEEF-513A-4296-A9DF-4F7BE657AA45}.Ad-Hoc|Mixed Platforms.Deploy.0 = Release|Any CPU
		{A3AAFEEF-513A-4296-A9DF-4F7BE657AA45}.Ad-Hoc|x64.ActiveCfg = Release|Any CPU
		{A3AAFEEF-513A-4296-A9DF-4F7BE657AA45}.Ad-Hoc|x64.Build.0 = Release|Any CPU
		{A3AAFEEF-513A-4296-A9DF-4F7BE657AA45}.Ad-Hoc|x64.Deploy.0 = Release|Any CPU
		{A3AAFEEF-513A-4296-A9DF-4F7BE657AA45}.Ad-Hoc|x86.ActiveCfg = Release|Any CPU
		{A3AAFEEF-513A-4296-A9DF-4F7BE657AA45}.Ad-Hoc|x86.Build.0 = Release|Any CPU
		{A3AAFEEF-513A-4296-A9DF-4F7BE657AA45}.Ad-Hoc|x86.Deploy.0 = Release|Any CPU
		{A3AAFEEF-513A-4296-A9DF-4F7BE657AA45}.AppStore|Any CPU.ActiveCfg = Release|Any CPU
		{A3AAFEEF-513A-4296-A9DF-4F7BE657AA45}.AppStore|Any CPU.Build.0 = Release|Any CPU
		{A3AAFEEF-513A-4296-A9DF-4F7BE657AA45}.AppStore|Any CPU.Deploy.0 = Release|Any CPU
		{A3AAFEEF-513A-4296-A9DF-4F7BE657AA45}.AppStore|ARM.ActiveCfg = Release|Any CPU
		{A3AAFEEF-513A-4296-A9DF-4F7BE657AA45}.AppStore|ARM.Build.0 = Release|Any CPU
		{A3AAFEEF-513A-4296-A9DF-4F7BE657AA45}.AppStore|ARM.Deploy.0 = Release|Any CPU
		{A3AAFEEF-513A-4296-A9DF-4F7BE657AA45}.AppStore|iPhone.ActiveCfg = Release|Any CPU
		{A3AAFEEF-513A-4296-A9DF-4F7BE657AA45}.AppStore|iPhone.Build.0 = Release|Any CPU
		{A3AAFEEF-513A-4296-A9DF-4F7BE657AA45}.AppStore|iPhone.Deploy.0 = Release|Any CPU
		{A3AAFEEF-513A-4296-A9DF-4F7BE657AA45}.AppStore|iPhoneSimulator.ActiveCfg = Release|Any CPU
		{A3AAFEEF-513A-4296-A9DF-4F7BE657AA45}.AppStore|iPhoneSimulator.Build.0 = Release|Any CPU
		{A3AAFEEF-513A-4296-A9DF-4F7BE657AA45}.AppStore|iPhoneSimulator.Deploy.0 = Release|Any CPU
		{A3AAFEEF-513A-4296-A9DF-4F7BE657AA45}.AppStore|Mixed Platforms.ActiveCfg = Release|Any CPU
		{A3AAFEEF-513A-4296-A9DF-4F7BE657AA45}.AppStore|Mixed Platforms.Build.0 = Release|Any CPU
		{A3AAFEEF-513A-4296-A9DF-4F7BE657AA45}.AppStore|Mixed Platforms.Deploy.0 = Release|Any CPU
		{A3AAFEEF-513A-4296-A9DF-4F7BE657AA45}.AppStore|x64.ActiveCfg = Release|Any CPU
		{A3AAFEEF-513A-4296-A9DF-4F7BE657AA45}.AppStore|x64.Build.0 = Release|Any CPU
		{A3AAFEEF-513A-4296-A9DF-4F7BE657AA45}.AppStore|x64.Deploy.0 = Release|Any CPU
		{A3AAFEEF-513A-4296-A9DF-4F7BE657AA45}.AppStore|x86.ActiveCfg = Release|Any CPU
		{A3AAFEEF-513A-4296-A9DF-4F7BE657AA45}.AppStore|x86.Build.0 = Release|Any CPU
		{A3AAFEEF-513A-4296-A9DF-4F7BE657AA45}.AppStore|x86.Deploy.0 = Release|Any CPU
		{A3AAFEEF-513A-4296-A9DF-4F7BE657AA45}.Debug|Any CPU.ActiveCfg = Debug|Any CPU
		{A3AAFEEF-513A-4296-A9DF-4F7BE657AA45}.Debug|Any CPU.Build.0 = Debug|Any CPU
		{A3AAFEEF-513A-4296-A9DF-4F7BE657AA45}.Debug|Any CPU.Deploy.0 = Debug|Any CPU
		{A3AAFEEF-513A-4296-A9DF-4F7BE657AA45}.Debug|ARM.ActiveCfg = Debug|Any CPU
		{A3AAFEEF-513A-4296-A9DF-4F7BE657AA45}.Debug|ARM.Build.0 = Debug|Any CPU
		{A3AAFEEF-513A-4296-A9DF-4F7BE657AA45}.Debug|ARM.Deploy.0 = Debug|Any CPU
		{A3AAFEEF-513A-4296-A9DF-4F7BE657AA45}.Debug|iPhone.ActiveCfg = Debug|Any CPU
		{A3AAFEEF-513A-4296-A9DF-4F7BE657AA45}.Debug|iPhoneSimulator.ActiveCfg = Debug|Any CPU
		{A3AAFEEF-513A-4296-A9DF-4F7BE657AA45}.Debug|Mixed Platforms.ActiveCfg = Debug|Any CPU
		{A3AAFEEF-513A-4296-A9DF-4F7BE657AA45}.Debug|Mixed Platforms.Build.0 = Debug|Any CPU
		{A3AAFEEF-513A-4296-A9DF-4F7BE657AA45}.Debug|Mixed Platforms.Deploy.0 = Debug|Any CPU
		{A3AAFEEF-513A-4296-A9DF-4F7BE657AA45}.Debug|x64.ActiveCfg = Debug|Any CPU
		{A3AAFEEF-513A-4296-A9DF-4F7BE657AA45}.Debug|x64.Build.0 = Debug|Any CPU
		{A3AAFEEF-513A-4296-A9DF-4F7BE657AA45}.Debug|x64.Deploy.0 = Debug|Any CPU
		{A3AAFEEF-513A-4296-A9DF-4F7BE657AA45}.Debug|x86.ActiveCfg = Debug|Any CPU
		{A3AAFEEF-513A-4296-A9DF-4F7BE657AA45}.Debug|x86.Build.0 = Debug|Any CPU
		{A3AAFEEF-513A-4296-A9DF-4F7BE657AA45}.Debug|x86.Deploy.0 = Debug|Any CPU
		{A3AAFEEF-513A-4296-A9DF-4F7BE657AA45}.DebugAndroid|Any CPU.ActiveCfg = DebugAndroid|Any CPU
		{A3AAFEEF-513A-4296-A9DF-4F7BE657AA45}.DebugAndroid|Any CPU.Build.0 = DebugAndroid|Any CPU
		{A3AAFEEF-513A-4296-A9DF-4F7BE657AA45}.DebugAndroid|Any CPU.Deploy.0 = DebugAndroid|Any CPU
		{A3AAFEEF-513A-4296-A9DF-4F7BE657AA45}.DebugAndroid|ARM.ActiveCfg = DebugAndroid|Any CPU
		{A3AAFEEF-513A-4296-A9DF-4F7BE657AA45}.DebugAndroid|ARM.Build.0 = DebugAndroid|Any CPU
		{A3AAFEEF-513A-4296-A9DF-4F7BE657AA45}.DebugAndroid|ARM.Deploy.0 = DebugAndroid|Any CPU
		{A3AAFEEF-513A-4296-A9DF-4F7BE657AA45}.DebugAndroid|iPhone.ActiveCfg = DebugAndroid|Any CPU
		{A3AAFEEF-513A-4296-A9DF-4F7BE657AA45}.DebugAndroid|iPhone.Build.0 = DebugAndroid|Any CPU
		{A3AAFEEF-513A-4296-A9DF-4F7BE657AA45}.DebugAndroid|iPhone.Deploy.0 = DebugAndroid|Any CPU
		{A3AAFEEF-513A-4296-A9DF-4F7BE657AA45}.DebugAndroid|iPhoneSimulator.ActiveCfg = DebugAndroid|Any CPU
		{A3AAFEEF-513A-4296-A9DF-4F7BE657AA45}.DebugAndroid|iPhoneSimulator.Build.0 = DebugAndroid|Any CPU
		{A3AAFEEF-513A-4296-A9DF-4F7BE657AA45}.DebugAndroid|iPhoneSimulator.Deploy.0 = DebugAndroid|Any CPU
		{A3AAFEEF-513A-4296-A9DF-4F7BE657AA45}.DebugAndroid|Mixed Platforms.ActiveCfg = DebugAndroid|Any CPU
		{A3AAFEEF-513A-4296-A9DF-4F7BE657AA45}.DebugAndroid|Mixed Platforms.Build.0 = DebugAndroid|Any CPU
		{A3AAFEEF-513A-4296-A9DF-4F7BE657AA45}.DebugAndroid|Mixed Platforms.Deploy.0 = DebugAndroid|Any CPU
		{A3AAFEEF-513A-4296-A9DF-4F7BE657AA45}.DebugAndroid|x64.ActiveCfg = DebugAndroid|Any CPU
		{A3AAFEEF-513A-4296-A9DF-4F7BE657AA45}.DebugAndroid|x64.Build.0 = DebugAndroid|Any CPU
		{A3AAFEEF-513A-4296-A9DF-4F7BE657AA45}.DebugAndroid|x64.Deploy.0 = DebugAndroid|Any CPU
		{A3AAFEEF-513A-4296-A9DF-4F7BE657AA45}.DebugAndroid|x86.ActiveCfg = DebugAndroid|Any CPU
		{A3AAFEEF-513A-4296-A9DF-4F7BE657AA45}.DebugAndroid|x86.Build.0 = DebugAndroid|Any CPU
		{A3AAFEEF-513A-4296-A9DF-4F7BE657AA45}.DebugAndroid|x86.Deploy.0 = DebugAndroid|Any CPU
		{A3AAFEEF-513A-4296-A9DF-4F7BE657AA45}.DebugiOS|Any CPU.ActiveCfg = DebugiOS|Any CPU
		{A3AAFEEF-513A-4296-A9DF-4F7BE657AA45}.DebugiOS|ARM.ActiveCfg = DebugiOS|Any CPU
		{A3AAFEEF-513A-4296-A9DF-4F7BE657AA45}.DebugiOS|ARM.Build.0 = DebugiOS|Any CPU
		{A3AAFEEF-513A-4296-A9DF-4F7BE657AA45}.DebugiOS|ARM.Deploy.0 = DebugiOS|Any CPU
		{A3AAFEEF-513A-4296-A9DF-4F7BE657AA45}.DebugiOS|iPhone.ActiveCfg = DebugiOS|Any CPU
		{A3AAFEEF-513A-4296-A9DF-4F7BE657AA45}.DebugiOS|iPhoneSimulator.ActiveCfg = DebugiOS|Any CPU
		{A3AAFEEF-513A-4296-A9DF-4F7BE657AA45}.DebugiOS|Mixed Platforms.ActiveCfg = DebugiOS|Any CPU
		{A3AAFEEF-513A-4296-A9DF-4F7BE657AA45}.DebugiOS|Mixed Platforms.Build.0 = DebugiOS|Any CPU
		{A3AAFEEF-513A-4296-A9DF-4F7BE657AA45}.DebugiOS|Mixed Platforms.Deploy.0 = DebugiOS|Any CPU
		{A3AAFEEF-513A-4296-A9DF-4F7BE657AA45}.DebugiOS|x64.ActiveCfg = DebugiOS|Any CPU
		{A3AAFEEF-513A-4296-A9DF-4F7BE657AA45}.DebugiOS|x64.Build.0 = DebugiOS|Any CPU
		{A3AAFEEF-513A-4296-A9DF-4F7BE657AA45}.DebugiOS|x64.Deploy.0 = DebugiOS|Any CPU
		{A3AAFEEF-513A-4296-A9DF-4F7BE657AA45}.DebugiOS|x86.ActiveCfg = DebugiOS|Any CPU
		{A3AAFEEF-513A-4296-A9DF-4F7BE657AA45}.DebugiOS|x86.Build.0 = DebugiOS|Any CPU
		{A3AAFEEF-513A-4296-A9DF-4F7BE657AA45}.DebugiOS|x86.Deploy.0 = DebugiOS|Any CPU
		{A3AAFEEF-513A-4296-A9DF-4F7BE657AA45}.DebugWindows|Any CPU.ActiveCfg = DebugWindows|Any CPU
		{A3AAFEEF-513A-4296-A9DF-4F7BE657AA45}.DebugWindows|ARM.ActiveCfg = DebugWindows|Any CPU
		{A3AAFEEF-513A-4296-A9DF-4F7BE657AA45}.DebugWindows|ARM.Build.0 = DebugWindows|Any CPU
		{A3AAFEEF-513A-4296-A9DF-4F7BE657AA45}.DebugWindows|ARM.Deploy.0 = DebugWindows|Any CPU
		{A3AAFEEF-513A-4296-A9DF-4F7BE657AA45}.DebugWindows|iPhone.ActiveCfg = DebugWindows|Any CPU
		{A3AAFEEF-513A-4296-A9DF-4F7BE657AA45}.DebugWindows|iPhone.Build.0 = DebugWindows|Any CPU
		{A3AAFEEF-513A-4296-A9DF-4F7BE657AA45}.DebugWindows|iPhone.Deploy.0 = DebugWindows|Any CPU
		{A3AAFEEF-513A-4296-A9DF-4F7BE657AA45}.DebugWindows|iPhoneSimulator.ActiveCfg = DebugWindows|Any CPU
		{A3AAFEEF-513A-4296-A9DF-4F7BE657AA45}.DebugWindows|iPhoneSimulator.Build.0 = DebugWindows|Any CPU
		{A3AAFEEF-513A-4296-A9DF-4F7BE657AA45}.DebugWindows|iPhoneSimulator.Deploy.0 = DebugWindows|Any CPU
		{A3AAFEEF-513A-4296-A9DF-4F7BE657AA45}.DebugWindows|Mixed Platforms.ActiveCfg = DebugWindows|Any CPU
		{A3AAFEEF-513A-4296-A9DF-4F7BE657AA45}.DebugWindows|Mixed Platforms.Build.0 = DebugWindows|Any CPU
		{A3AAFEEF-513A-4296-A9DF-4F7BE657AA45}.DebugWindows|Mixed Platforms.Deploy.0 = DebugWindows|Any CPU
		{A3AAFEEF-513A-4296-A9DF-4F7BE657AA45}.DebugWindows|x64.ActiveCfg = DebugWindows|Any CPU
		{A3AAFEEF-513A-4296-A9DF-4F7BE657AA45}.DebugWindows|x64.Build.0 = DebugWindows|Any CPU
		{A3AAFEEF-513A-4296-A9DF-4F7BE657AA45}.DebugWindows|x64.Deploy.0 = DebugWindows|Any CPU
		{A3AAFEEF-513A-4296-A9DF-4F7BE657AA45}.DebugWindows|x86.ActiveCfg = DebugWindows|Any CPU
		{A3AAFEEF-513A-4296-A9DF-4F7BE657AA45}.DebugWindows|x86.Build.0 = DebugWindows|Any CPU
		{A3AAFEEF-513A-4296-A9DF-4F7BE657AA45}.DebugWindows|x86.Deploy.0 = DebugWindows|Any CPU
		{A3AAFEEF-513A-4296-A9DF-4F7BE657AA45}.Release|Any CPU.ActiveCfg = Release|Any CPU
		{A3AAFEEF-513A-4296-A9DF-4F7BE657AA45}.Release|Any CPU.Deploy.0 = Release|Any CPU
		{A3AAFEEF-513A-4296-A9DF-4F7BE657AA45}.Release|ARM.ActiveCfg = Release|Any CPU
		{A3AAFEEF-513A-4296-A9DF-4F7BE657AA45}.Release|ARM.Build.0 = Release|Any CPU
		{A3AAFEEF-513A-4296-A9DF-4F7BE657AA45}.Release|ARM.Deploy.0 = Release|Any CPU
		{A3AAFEEF-513A-4296-A9DF-4F7BE657AA45}.Release|iPhone.ActiveCfg = Release|Any CPU
		{A3AAFEEF-513A-4296-A9DF-4F7BE657AA45}.Release|iPhoneSimulator.ActiveCfg = Release|Any CPU
		{A3AAFEEF-513A-4296-A9DF-4F7BE657AA45}.Release|iPhoneSimulator.Build.0 = Release|Any CPU
		{A3AAFEEF-513A-4296-A9DF-4F7BE657AA45}.Release|iPhoneSimulator.Deploy.0 = Release|Any CPU
		{A3AAFEEF-513A-4296-A9DF-4F7BE657AA45}.Release|Mixed Platforms.ActiveCfg = Release|Any CPU
		{A3AAFEEF-513A-4296-A9DF-4F7BE657AA45}.Release|Mixed Platforms.Build.0 = Release|Any CPU
		{A3AAFEEF-513A-4296-A9DF-4F7BE657AA45}.Release|Mixed Platforms.Deploy.0 = Release|Any CPU
		{A3AAFEEF-513A-4296-A9DF-4F7BE657AA45}.Release|x64.ActiveCfg = Release|Any CPU
		{A3AAFEEF-513A-4296-A9DF-4F7BE657AA45}.Release|x64.Build.0 = Release|Any CPU
		{A3AAFEEF-513A-4296-A9DF-4F7BE657AA45}.Release|x64.Deploy.0 = Release|Any CPU
		{A3AAFEEF-513A-4296-A9DF-4F7BE657AA45}.Release|x86.ActiveCfg = Release|Any CPU
		{A3AAFEEF-513A-4296-A9DF-4F7BE657AA45}.Release|x86.Build.0 = Release|Any CPU
		{A3AAFEEF-513A-4296-A9DF-4F7BE657AA45}.Release|x86.Deploy.0 = Release|Any CPU
		{15A1CCE5-395D-4CCB-9B94-43A5A2BB3774}.Ad-Hoc|Any CPU.ActiveCfg = Release|iPhoneSimulator
		{15A1CCE5-395D-4CCB-9B94-43A5A2BB3774}.Ad-Hoc|Any CPU.Build.0 = Release|iPhoneSimulator
		{15A1CCE5-395D-4CCB-9B94-43A5A2BB3774}.Ad-Hoc|ARM.ActiveCfg = Release|iPhoneSimulator
		{15A1CCE5-395D-4CCB-9B94-43A5A2BB3774}.Ad-Hoc|ARM.Build.0 = Release|iPhoneSimulator
		{15A1CCE5-395D-4CCB-9B94-43A5A2BB3774}.Ad-Hoc|iPhone.ActiveCfg = Release|iPhone
		{15A1CCE5-395D-4CCB-9B94-43A5A2BB3774}.Ad-Hoc|iPhone.Build.0 = Release|iPhone
		{15A1CCE5-395D-4CCB-9B94-43A5A2BB3774}.Ad-Hoc|iPhoneSimulator.ActiveCfg = Release|iPhoneSimulator
		{15A1CCE5-395D-4CCB-9B94-43A5A2BB3774}.Ad-Hoc|iPhoneSimulator.Build.0 = Release|iPhoneSimulator
		{15A1CCE5-395D-4CCB-9B94-43A5A2BB3774}.Ad-Hoc|Mixed Platforms.ActiveCfg = Release|iPhoneSimulator
		{15A1CCE5-395D-4CCB-9B94-43A5A2BB3774}.Ad-Hoc|Mixed Platforms.Build.0 = Release|iPhoneSimulator
		{15A1CCE5-395D-4CCB-9B94-43A5A2BB3774}.Ad-Hoc|x64.ActiveCfg = Release|iPhoneSimulator
		{15A1CCE5-395D-4CCB-9B94-43A5A2BB3774}.Ad-Hoc|x64.Build.0 = Release|iPhoneSimulator
		{15A1CCE5-395D-4CCB-9B94-43A5A2BB3774}.Ad-Hoc|x86.ActiveCfg = Release|iPhoneSimulator
		{15A1CCE5-395D-4CCB-9B94-43A5A2BB3774}.Ad-Hoc|x86.Build.0 = Release|iPhoneSimulator
		{15A1CCE5-395D-4CCB-9B94-43A5A2BB3774}.AppStore|Any CPU.ActiveCfg = Release|iPhoneSimulator
		{15A1CCE5-395D-4CCB-9B94-43A5A2BB3774}.AppStore|Any CPU.Build.0 = Release|iPhoneSimulator
		{15A1CCE5-395D-4CCB-9B94-43A5A2BB3774}.AppStore|ARM.ActiveCfg = Release|iPhoneSimulator
		{15A1CCE5-395D-4CCB-9B94-43A5A2BB3774}.AppStore|ARM.Build.0 = Release|iPhoneSimulator
		{15A1CCE5-395D-4CCB-9B94-43A5A2BB3774}.AppStore|iPhone.ActiveCfg = Release|iPhone
		{15A1CCE5-395D-4CCB-9B94-43A5A2BB3774}.AppStore|iPhone.Build.0 = Release|iPhone
		{15A1CCE5-395D-4CCB-9B94-43A5A2BB3774}.AppStore|iPhoneSimulator.ActiveCfg = Release|iPhoneSimulator
		{15A1CCE5-395D-4CCB-9B94-43A5A2BB3774}.AppStore|iPhoneSimulator.Build.0 = Release|iPhoneSimulator
		{15A1CCE5-395D-4CCB-9B94-43A5A2BB3774}.AppStore|Mixed Platforms.ActiveCfg = Release|iPhoneSimulator
		{15A1CCE5-395D-4CCB-9B94-43A5A2BB3774}.AppStore|Mixed Platforms.Build.0 = Release|iPhoneSimulator
		{15A1CCE5-395D-4CCB-9B94-43A5A2BB3774}.AppStore|x64.ActiveCfg = Release|iPhoneSimulator
		{15A1CCE5-395D-4CCB-9B94-43A5A2BB3774}.AppStore|x64.Build.0 = Release|iPhoneSimulator
		{15A1CCE5-395D-4CCB-9B94-43A5A2BB3774}.AppStore|x86.ActiveCfg = Release|iPhoneSimulator
		{15A1CCE5-395D-4CCB-9B94-43A5A2BB3774}.AppStore|x86.Build.0 = Release|iPhoneSimulator
		{15A1CCE5-395D-4CCB-9B94-43A5A2BB3774}.Debug|Any CPU.ActiveCfg = Debug|iPhone
		{15A1CCE5-395D-4CCB-9B94-43A5A2BB3774}.Debug|Any CPU.Build.0 = Debug|iPhone
		{15A1CCE5-395D-4CCB-9B94-43A5A2BB3774}.Debug|ARM.ActiveCfg = Debug|iPhone
		{15A1CCE5-395D-4CCB-9B94-43A5A2BB3774}.Debug|iPhone.ActiveCfg = Debug|iPhone
		{15A1CCE5-395D-4CCB-9B94-43A5A2BB3774}.Debug|iPhone.Build.0 = Debug|iPhone
		{15A1CCE5-395D-4CCB-9B94-43A5A2BB3774}.Debug|iPhoneSimulator.ActiveCfg = Debug|iPhoneSimulator
		{15A1CCE5-395D-4CCB-9B94-43A5A2BB3774}.Debug|iPhoneSimulator.Build.0 = Debug|iPhoneSimulator
		{15A1CCE5-395D-4CCB-9B94-43A5A2BB3774}.Debug|Mixed Platforms.ActiveCfg = Debug|iPhone
		{15A1CCE5-395D-4CCB-9B94-43A5A2BB3774}.Debug|Mixed Platforms.Build.0 = Debug|iPhone
		{15A1CCE5-395D-4CCB-9B94-43A5A2BB3774}.Debug|x64.ActiveCfg = Debug|iPhone
		{15A1CCE5-395D-4CCB-9B94-43A5A2BB3774}.Debug|x86.ActiveCfg = Debug|iPhone
		{15A1CCE5-395D-4CCB-9B94-43A5A2BB3774}.DebugAndroid|Any CPU.ActiveCfg = DebugAndroid|iPhone
		{15A1CCE5-395D-4CCB-9B94-43A5A2BB3774}.DebugAndroid|ARM.ActiveCfg = DebugAndroid|iPhone
		{15A1CCE5-395D-4CCB-9B94-43A5A2BB3774}.DebugAndroid|iPhone.ActiveCfg = DebugAndroid|iPhone
		{15A1CCE5-395D-4CCB-9B94-43A5A2BB3774}.DebugAndroid|iPhone.Build.0 = DebugAndroid|iPhone
		{15A1CCE5-395D-4CCB-9B94-43A5A2BB3774}.DebugAndroid|iPhoneSimulator.ActiveCfg = DebugAndroid|iPhoneSimulator
		{15A1CCE5-395D-4CCB-9B94-43A5A2BB3774}.DebugAndroid|iPhoneSimulator.Build.0 = DebugAndroid|iPhoneSimulator
		{15A1CCE5-395D-4CCB-9B94-43A5A2BB3774}.DebugAndroid|Mixed Platforms.ActiveCfg = DebugAndroid|iPhone
		{15A1CCE5-395D-4CCB-9B94-43A5A2BB3774}.DebugAndroid|Mixed Platforms.Build.0 = DebugAndroid|iPhone
		{15A1CCE5-395D-4CCB-9B94-43A5A2BB3774}.DebugAndroid|x64.ActiveCfg = DebugAndroid|iPhone
		{15A1CCE5-395D-4CCB-9B94-43A5A2BB3774}.DebugAndroid|x86.ActiveCfg = DebugAndroid|iPhone
		{15A1CCE5-395D-4CCB-9B94-43A5A2BB3774}.DebugiOS|Any CPU.ActiveCfg = DebugiOS|iPhone
		{15A1CCE5-395D-4CCB-9B94-43A5A2BB3774}.DebugiOS|Any CPU.Build.0 = DebugiOS|iPhone
		{15A1CCE5-395D-4CCB-9B94-43A5A2BB3774}.DebugiOS|ARM.ActiveCfg = DebugiOS|iPhone
		{15A1CCE5-395D-4CCB-9B94-43A5A2BB3774}.DebugiOS|iPhone.ActiveCfg = DebugiOS|iPhone
		{15A1CCE5-395D-4CCB-9B94-43A5A2BB3774}.DebugiOS|iPhone.Build.0 = DebugiOS|iPhone
		{15A1CCE5-395D-4CCB-9B94-43A5A2BB3774}.DebugiOS|iPhoneSimulator.ActiveCfg = DebugiOS|iPhoneSimulator
		{15A1CCE5-395D-4CCB-9B94-43A5A2BB3774}.DebugiOS|iPhoneSimulator.Build.0 = DebugiOS|iPhoneSimulator
		{15A1CCE5-395D-4CCB-9B94-43A5A2BB3774}.DebugiOS|Mixed Platforms.ActiveCfg = DebugiOS|iPhone
		{15A1CCE5-395D-4CCB-9B94-43A5A2BB3774}.DebugiOS|Mixed Platforms.Build.0 = DebugiOS|iPhone
		{15A1CCE5-395D-4CCB-9B94-43A5A2BB3774}.DebugiOS|x64.ActiveCfg = DebugiOS|iPhone
		{15A1CCE5-395D-4CCB-9B94-43A5A2BB3774}.DebugiOS|x86.ActiveCfg = DebugiOS|iPhone
		{15A1CCE5-395D-4CCB-9B94-43A5A2BB3774}.DebugWindows|Any CPU.ActiveCfg = DebugWindows|iPhone
		{15A1CCE5-395D-4CCB-9B94-43A5A2BB3774}.DebugWindows|ARM.ActiveCfg = DebugWindows|iPhone
		{15A1CCE5-395D-4CCB-9B94-43A5A2BB3774}.DebugWindows|iPhone.ActiveCfg = DebugWindows|iPhone
		{15A1CCE5-395D-4CCB-9B94-43A5A2BB3774}.DebugWindows|iPhone.Build.0 = DebugWindows|iPhone
		{15A1CCE5-395D-4CCB-9B94-43A5A2BB3774}.DebugWindows|iPhoneSimulator.ActiveCfg = DebugWindows|iPhoneSimulator
		{15A1CCE5-395D-4CCB-9B94-43A5A2BB3774}.DebugWindows|iPhoneSimulator.Build.0 = DebugWindows|iPhoneSimulator
		{15A1CCE5-395D-4CCB-9B94-43A5A2BB3774}.DebugWindows|Mixed Platforms.ActiveCfg = DebugWindows|iPhone
		{15A1CCE5-395D-4CCB-9B94-43A5A2BB3774}.DebugWindows|Mixed Platforms.Build.0 = DebugWindows|iPhone
		{15A1CCE5-395D-4CCB-9B94-43A5A2BB3774}.DebugWindows|x64.ActiveCfg = DebugWindows|iPhone
		{15A1CCE5-395D-4CCB-9B94-43A5A2BB3774}.DebugWindows|x86.ActiveCfg = DebugWindows|iPhone
		{15A1CCE5-395D-4CCB-9B94-43A5A2BB3774}.Release|Any CPU.ActiveCfg = Release|iPhone
		{15A1CCE5-395D-4CCB-9B94-43A5A2BB3774}.Release|ARM.ActiveCfg = Release|iPhone
		{15A1CCE5-395D-4CCB-9B94-43A5A2BB3774}.Release|iPhone.ActiveCfg = Release|iPhone
		{15A1CCE5-395D-4CCB-9B94-43A5A2BB3774}.Release|iPhoneSimulator.ActiveCfg = Release|iPhoneSimulator
		{15A1CCE5-395D-4CCB-9B94-43A5A2BB3774}.Release|iPhoneSimulator.Build.0 = Release|iPhoneSimulator
		{15A1CCE5-395D-4CCB-9B94-43A5A2BB3774}.Release|Mixed Platforms.ActiveCfg = Release|iPhone
		{15A1CCE5-395D-4CCB-9B94-43A5A2BB3774}.Release|Mixed Platforms.Build.0 = Release|iPhone
		{15A1CCE5-395D-4CCB-9B94-43A5A2BB3774}.Release|x64.ActiveCfg = Release|iPhone
		{15A1CCE5-395D-4CCB-9B94-43A5A2BB3774}.Release|x86.ActiveCfg = Release|iPhone
	EndGlobalSection
	GlobalSection(SolutionProperties) = preSolution
		HideSolutionNode = FALSE
	EndGlobalSection
	GlobalSection(NestedProjects) = preSolution
		{78E36CD7-2797-4C61-B3ED-8BEB0FD95C26} = {E0F6A267-403A-45A8-ABED-D67E97C0B5F6}
		{C584FA97-E664-4028-ACDC-793070CDE04A} = {3022BAAF-2794-4FCE-9BAA-9C7D93D3B305}
		{15E582C9-8B2B-4C1A-BC64-050B0B19B249} = {E0F6A267-403A-45A8-ABED-D67E97C0B5F6}
		{C9CB994C-4CA8-4966-8992-22C5C2B24E8C} = {3022BAAF-2794-4FCE-9BAA-9C7D93D3B305}
		{A4FC713A-876D-44CF-8BB3-D2C1FF1A5ED9} = {A7D386FB-5D85-414A-8A32-3B40E40F00D6}
		{FEF6E59C-902D-4040-8AF4-E7E94615DF5A} = {A7D386FB-5D85-414A-8A32-3B40E40F00D6}
		{A3AAFEEF-513A-4296-A9DF-4F7BE657AA45} = {3022BAAF-2794-4FCE-9BAA-9C7D93D3B305}
		{15A1CCE5-395D-4CCB-9B94-43A5A2BB3774} = {A7D386FB-5D85-414A-8A32-3B40E40F00D6}
	EndGlobalSection
	GlobalSection(MonoDevelopProperties) = preSolution
		StartupItem = Aggregator.Shared\Aggregator.Shared.shproj
	EndGlobalSection
EndGlobal
