
Microsoft Visual Studio Solution File, Format Version 12.00
# Visual Studio 14
VisualStudioVersion = 14.0.25420.1
MinimumVisualStudioVersion = 10.0.40219.1
Project("{FAE04EC0-301F-11D3-BF4B-00C04F79EFBC}") = "Quantfabric.Test.Windows", "test\Quantfabric.Test.Windows\Quantfabric.Test.Windows.csproj", "{15E582C9-8B2B-4C1A-BC64-050B0B19B249}"
EndProject
Project("{FAE04EC0-301F-11D3-BF4B-00C04F79EFBC}") = "Quantfabric.Test.Android", "test\Quantfabric.Test.Android\Quantfabric.Test.Android.csproj", "{C9CB994C-4CA8-4966-8992-22C5C2B24E8C}"
EndProject
Project("{D954291E-2A0B-460D-934E-DC6B0785DB48}") = "Quantfabric.Test", "test\Quantfabric.Test\Quantfabric.Test.shproj", "{881DD912-9FBA-4446-8D2C-21EFF73D233A}"
EndProject
Project("{FAE04EC0-301F-11D3-BF4B-00C04F79EFBC}") = "Quantfabric.Test.iOS", "test\Quantfabric.Test.iOS\Quantfabric.Test.iOS.csproj", "{A4FC713A-876D-44CF-8BB3-D2C1FF1A5ED9}"
EndProject
Project("{FAE04EC0-301F-11D3-BF4B-00C04F79EFBC}") = "Quantfabric.UI.Test.Android", "test\Quantfabric.UI.Test.Android\Quantfabric.UI.Test.Android.csproj", "{A3AAFEEF-513A-4296-A9DF-4F7BE657AA45}"
EndProject
Project("{FAE04EC0-301F-11D3-BF4B-00C04F79EFBC}") = "Quantfabric.UI.Test.iOS", "test\Quantfabric.UI.Test.iOS\Quantfabric.UI.Test.iOS.csproj", "{15A1CCE5-395D-4CCB-9B94-43A5A2BB3774}"
EndProject
Project("{2150E333-8FDC-42A3-9474-1A3956D46DE8}") = "Tests", "Tests", "{0F03930A-9EA4-407F-BFC7-D6C8959A5FE9}"
EndProject
Project("{FAE04EC0-301F-11D3-BF4B-00C04F79EFBC}") = "Material", "src\Material\Material.csproj", "{739AFEB7-C23A-45C1-89EF-2AD231F64B65}"
EndProject
Project("{D954291E-2A0B-460D-934E-DC6B0785DB48}") = "Material.Shared", "src\Material.Shared\Material.Shared.shproj", "{E62CB347-19B0-4220-9C77-A2F47F3FBA75}"
EndProject
Project("{2150E333-8FDC-42A3-9474-1A3956D46DE8}") = "Material", "Material", "{B1A50379-018A-4280-9EC5-95F5338F890A}"
EndProject
Project("{FAE04EC0-301F-11D3-BF4B-00C04F79EFBC}") = "Material.Windows", "src\Material.Windows\Material.Windows.csproj", "{AA0E1D39-B5B2-442C-81C2-E4B691C4163D}"
EndProject
Project("{FAE04EC0-301F-11D3-BF4B-00C04F79EFBC}") = "Material.iOS", "src\Material.iOS\Material.iOS.csproj", "{35E4822B-853B-4CB2-AAE1-7D40D76C1E84}"
EndProject
Project("{FAE04EC0-301F-11D3-BF4B-00C04F79EFBC}") = "Material.Android", "src\Material.Android\Material.Android.csproj", "{6084CED8-DBFA-4043-9DAC-3DD880D0E533}"
EndProject
Project("{FAE04EC0-301F-11D3-BF4B-00C04F79EFBC}") = "CodeGen", "codegen\CodeGen.csproj", "{C193F9C3-AB71-4EBA-8850-8FFAA7D2FD2B}"
EndProject
Project("{2150E333-8FDC-42A3-9474-1A3956D46DE8}") = "Foundations", "Foundations", "{DAE58CB7-00EC-48C8-ADD2-AF50384603D5}"
EndProject
Project("{FAE04EC0-301F-11D3-BF4B-00C04F79EFBC}") = "Foundations", "src\Foundations\Foundations.csproj", "{F290ADB0-BDC5-424D-8909-0B4EE37F7130}"
EndProject
Project("{FAE04EC0-301F-11D3-BF4B-00C04F79EFBC}") = "Foundations.Serialization", "src\Foundations.Serialization\Foundations.Serialization.csproj", "{D9FE34CE-0064-4CBE-81BE-6DF87ED05030}"
EndProject
Project("{FAE04EC0-301F-11D3-BF4B-00C04F79EFBC}") = "Foundations.Cryptography", "src\Foundations.Cryptography\Foundations.Cryptography.csproj", "{84AD1C35-2BBF-4AE1-9B42-30CC95709E4A}"
EndProject
Project("{D954291E-2A0B-460D-934E-DC6B0785DB48}") = "Foundations.Http", "src\Foundations.Http\Foundations.Http.shproj", "{0B1BBA44-0118-495E-8E2F-04D10302D81B}"
EndProject
Project("{FAE04EC0-301F-11D3-BF4B-00C04F79EFBC}") = "Foundations.Http.Windows", "src\Foundations.Http.Windows\Foundations.Http.Windows.csproj", "{A7170015-D79A-40B1-9DF4-BFB47FB55938}"
EndProject
Project("{FAE04EC0-301F-11D3-BF4B-00C04F79EFBC}") = "Foundations.Test", "test\Foundations.Test\Foundations.Test.csproj", "{9CCBA100-072A-4F30-B3C6-AA688F01BE07}"
EndProject
Project("{2150E333-8FDC-42A3-9474-1A3956D46DE8}") = "Solution Items", "Solution Items", "{C352587C-5AC0-4B06-9486-441A19690E47}"
	ProjectSection(SolutionItems) = preProject
		.gitignore = .gitignore
		build.cake = build.cake
	EndProjectSection
EndProject
Project("{FAE04EC0-301F-11D3-BF4B-00C04F79EFBC}") = "Foundations.HttpClient", "src\Foundations.HttpClient\Foundations.HttpClient.csproj", "{C5DA9975-903B-4983-8E50-ED787630FF3C}"
EndProject
Project("{FAE04EC0-301F-11D3-BF4B-00C04F79EFBC}") = "Material.UWP", "src\Material.UWP\Material.UWP.csproj", "{DC7BC052-767D-4A5F-A94C-6B9DD4523396}"
EndProject
Project("{FAE04EC0-301F-11D3-BF4B-00C04F79EFBC}") = "Quantfabric.UI.Test.UWP", "test\Quantfabric.UI.Test.UWP\Quantfabric.UI.Test.UWP.csproj", "{BF8B4CE6-F65A-4059-AFCB-A8A8188232D7}"
EndProject
Project("{D954291E-2A0B-460D-934E-DC6B0785DB48}") = "Quantfabric.Test.Helpers", "test\Quantfabric.Test.Helpers\Quantfabric.Test.Helpers.shproj", "{E45C2E83-909A-473E-A1D8-8C116B1979E0}"
EndProject
Project("{FAE04EC0-301F-11D3-BF4B-00C04F79EFBC}") = "Quantfabric.Web.Test", "test\Quantfabric.Web.Test\Quantfabric.Web.Test.csproj", "{AAACF457-7546-4CA1-B2E1-CC1746572832}"
EndProject
Global
	GlobalSection(SharedMSBuildProjectFiles) = preSolution
		src\Foundations.Http\Foundations.Http.projitems*{0b1bba44-0118-495e-8e2f-04d10302d81b}*SharedItemsImports = 13
		test\Quantfabric.Test.Helpers\Quantfabric.Test.Helpers.projitems*{15a1cce5-395d-4ccb-9b94-43a5a2bb3774}*SharedItemsImports = 4
		test\Quantfabric.Test.Helpers\Quantfabric.Test.Helpers.projitems*{15e582c9-8b2b-4c1a-bc64-050b0b19b249}*SharedItemsImports = 4
		test\Quantfabric.Test\Quantfabric.Test.projitems*{15e582c9-8b2b-4c1a-bc64-050b0b19b249}*SharedItemsImports = 4
		src\Material.Shared\Material.Shared.projitems*{35e4822b-853b-4cb2-aae1-7d40d76c1e84}*SharedItemsImports = 4
		src\Material.Shared\Material.Shared.projitems*{6084ced8-dbfa-4043-9dac-3dd880d0e533}*SharedItemsImports = 4
		test\Quantfabric.Test\Quantfabric.Test.projitems*{881dd912-9fba-4446-8d2c-21eff73d233a}*SharedItemsImports = 13
		test\Quantfabric.Test.Helpers\Quantfabric.Test.Helpers.projitems*{a3aafeef-513a-4296-a9df-4f7be657aa45}*SharedItemsImports = 4
		src\Foundations.Http\Foundations.Http.projitems*{a7170015-d79a-40b1-9df4-bfb47fb55938}*SharedItemsImports = 4
		src\Material.Shared\Material.Shared.projitems*{aa0e1d39-b5b2-442c-81c2-e4b691c4163d}*SharedItemsImports = 4
		test\Quantfabric.Test.Helpers\Quantfabric.Test.Helpers.projitems*{aaacf457-7546-4ca1-b2e1-cc1746572832}*SharedItemsImports = 4
		test\Quantfabric.Test.Helpers\Quantfabric.Test.Helpers.projitems*{bf8b4ce6-f65a-4059-afcb-a8a8188232d7}*SharedItemsImports = 4
		test\Quantfabric.Test.Helpers\Quantfabric.Test.Helpers.projitems*{c9cb994c-4ca8-4966-8992-22c5c2b24e8c}*SharedItemsImports = 4
		test\Quantfabric.Test\Quantfabric.Test.projitems*{c9cb994c-4ca8-4966-8992-22c5c2b24e8c}*SharedItemsImports = 4
		src\Material.Shared\Material.Shared.projitems*{dc7bc052-767d-4a5f-a94c-6b9dd4523396}*SharedItemsImports = 4
		test\Quantfabric.Test.Helpers\Quantfabric.Test.Helpers.projitems*{e45c2e83-909a-473e-a1d8-8c116b1979e0}*SharedItemsImports = 13
		src\Material.Shared\Material.Shared.projitems*{e62cb347-19b0-4220-9c77-a2f47f3fba75}*SharedItemsImports = 13
	EndGlobalSection
	GlobalSection(SolutionConfigurationPlatforms) = preSolution
		Ad-Hoc|Any CPU = Ad-Hoc|Any CPU
		Ad-Hoc|ARM = Ad-Hoc|ARM
		Ad-Hoc|iPhone = Ad-Hoc|iPhone
		Ad-Hoc|iPhoneSimulator = Ad-Hoc|iPhoneSimulator
		Ad-Hoc|Mixed Platforms = Ad-Hoc|Mixed Platforms
		Ad-Hoc|x64 = Ad-Hoc|x64
		Ad-Hoc|x86 = Ad-Hoc|x86
		AppStore|Any CPU = AppStore|Any CPU
		AppStore|ARM = AppStore|ARM
		AppStore|iPhone = AppStore|iPhone
		AppStore|iPhoneSimulator = AppStore|iPhoneSimulator
		AppStore|Mixed Platforms = AppStore|Mixed Platforms
		AppStore|x64 = AppStore|x64
		AppStore|x86 = AppStore|x86
		Debug|Any CPU = Debug|Any CPU
		Debug|ARM = Debug|ARM
		Debug|iPhone = Debug|iPhone
		Debug|iPhoneSimulator = Debug|iPhoneSimulator
		Debug|Mixed Platforms = Debug|Mixed Platforms
		Debug|x64 = Debug|x64
		Debug|x86 = Debug|x86
		Release|Any CPU = Release|Any CPU
		Release|ARM = Release|ARM
		Release|iPhone = Release|iPhone
		Release|iPhoneSimulator = Release|iPhoneSimulator
		Release|Mixed Platforms = Release|Mixed Platforms
		Release|x64 = Release|x64
		Release|x86 = Release|x86
	EndGlobalSection
	GlobalSection(ProjectConfigurationPlatforms) = postSolution
		{15E582C9-8B2B-4C1A-BC64-050B0B19B249}.Ad-Hoc|Any CPU.ActiveCfg = Release|Any CPU
		{15E582C9-8B2B-4C1A-BC64-050B0B19B249}.Ad-Hoc|Any CPU.Build.0 = Release|Any CPU
		{15E582C9-8B2B-4C1A-BC64-050B0B19B249}.Ad-Hoc|ARM.ActiveCfg = Release|Any CPU
		{15E582C9-8B2B-4C1A-BC64-050B0B19B249}.Ad-Hoc|iPhone.ActiveCfg = Release|Any CPU
		{15E582C9-8B2B-4C1A-BC64-050B0B19B249}.Ad-Hoc|iPhoneSimulator.ActiveCfg = Release|Any CPU
		{15E582C9-8B2B-4C1A-BC64-050B0B19B249}.Ad-Hoc|Mixed Platforms.ActiveCfg = Release|Any CPU
		{15E582C9-8B2B-4C1A-BC64-050B0B19B249}.Ad-Hoc|Mixed Platforms.Build.0 = Release|Any CPU
		{15E582C9-8B2B-4C1A-BC64-050B0B19B249}.Ad-Hoc|x64.ActiveCfg = Release|Any CPU
		{15E582C9-8B2B-4C1A-BC64-050B0B19B249}.Ad-Hoc|x86.ActiveCfg = Release|Any CPU
		{15E582C9-8B2B-4C1A-BC64-050B0B19B249}.AppStore|Any CPU.ActiveCfg = Release|Any CPU
		{15E582C9-8B2B-4C1A-BC64-050B0B19B249}.AppStore|Any CPU.Build.0 = Release|Any CPU
		{15E582C9-8B2B-4C1A-BC64-050B0B19B249}.AppStore|ARM.ActiveCfg = Release|Any CPU
		{15E582C9-8B2B-4C1A-BC64-050B0B19B249}.AppStore|iPhone.ActiveCfg = Release|Any CPU
		{15E582C9-8B2B-4C1A-BC64-050B0B19B249}.AppStore|iPhoneSimulator.ActiveCfg = Release|Any CPU
		{15E582C9-8B2B-4C1A-BC64-050B0B19B249}.AppStore|Mixed Platforms.ActiveCfg = Release|Any CPU
		{15E582C9-8B2B-4C1A-BC64-050B0B19B249}.AppStore|Mixed Platforms.Build.0 = Release|Any CPU
		{15E582C9-8B2B-4C1A-BC64-050B0B19B249}.AppStore|x64.ActiveCfg = Release|Any CPU
		{15E582C9-8B2B-4C1A-BC64-050B0B19B249}.AppStore|x86.ActiveCfg = Release|Any CPU
		{15E582C9-8B2B-4C1A-BC64-050B0B19B249}.Debug|Any CPU.ActiveCfg = Debug|Any CPU
		{15E582C9-8B2B-4C1A-BC64-050B0B19B249}.Debug|Any CPU.Build.0 = Debug|Any CPU
		{15E582C9-8B2B-4C1A-BC64-050B0B19B249}.Debug|ARM.ActiveCfg = Debug|Any CPU
		{15E582C9-8B2B-4C1A-BC64-050B0B19B249}.Debug|iPhone.ActiveCfg = Debug|Any CPU
		{15E582C9-8B2B-4C1A-BC64-050B0B19B249}.Debug|iPhoneSimulator.ActiveCfg = Debug|Any CPU
		{15E582C9-8B2B-4C1A-BC64-050B0B19B249}.Debug|Mixed Platforms.ActiveCfg = Debug|Any CPU
		{15E582C9-8B2B-4C1A-BC64-050B0B19B249}.Debug|Mixed Platforms.Build.0 = Debug|Any CPU
		{15E582C9-8B2B-4C1A-BC64-050B0B19B249}.Debug|x64.ActiveCfg = Debug|Any CPU
		{15E582C9-8B2B-4C1A-BC64-050B0B19B249}.Debug|x86.ActiveCfg = Debug|Any CPU
		{15E582C9-8B2B-4C1A-BC64-050B0B19B249}.Release|Any CPU.ActiveCfg = Release|Any CPU
		{15E582C9-8B2B-4C1A-BC64-050B0B19B249}.Release|ARM.ActiveCfg = Release|Any CPU
		{15E582C9-8B2B-4C1A-BC64-050B0B19B249}.Release|iPhone.ActiveCfg = Release|Any CPU
		{15E582C9-8B2B-4C1A-BC64-050B0B19B249}.Release|iPhoneSimulator.ActiveCfg = Release|Any CPU
		{15E582C9-8B2B-4C1A-BC64-050B0B19B249}.Release|Mixed Platforms.ActiveCfg = Release|Any CPU
		{15E582C9-8B2B-4C1A-BC64-050B0B19B249}.Release|x64.ActiveCfg = Release|Any CPU
		{15E582C9-8B2B-4C1A-BC64-050B0B19B249}.Release|x86.ActiveCfg = Release|Any CPU
		{C9CB994C-4CA8-4966-8992-22C5C2B24E8C}.Ad-Hoc|Any CPU.ActiveCfg = Debug|Any CPU
		{C9CB994C-4CA8-4966-8992-22C5C2B24E8C}.Ad-Hoc|Any CPU.Build.0 = Debug|Any CPU
		{C9CB994C-4CA8-4966-8992-22C5C2B24E8C}.Ad-Hoc|ARM.ActiveCfg = Debug|Any CPU
		{C9CB994C-4CA8-4966-8992-22C5C2B24E8C}.Ad-Hoc|ARM.Build.0 = Debug|Any CPU
		{C9CB994C-4CA8-4966-8992-22C5C2B24E8C}.Ad-Hoc|iPhone.ActiveCfg = Debug|Any CPU
		{C9CB994C-4CA8-4966-8992-22C5C2B24E8C}.Ad-Hoc|iPhone.Build.0 = Debug|Any CPU
		{C9CB994C-4CA8-4966-8992-22C5C2B24E8C}.Ad-Hoc|iPhoneSimulator.ActiveCfg = Debug|Any CPU
		{C9CB994C-4CA8-4966-8992-22C5C2B24E8C}.Ad-Hoc|iPhoneSimulator.Build.0 = Debug|Any CPU
		{C9CB994C-4CA8-4966-8992-22C5C2B24E8C}.Ad-Hoc|Mixed Platforms.ActiveCfg = Debug|Any CPU
		{C9CB994C-4CA8-4966-8992-22C5C2B24E8C}.Ad-Hoc|Mixed Platforms.Build.0 = Debug|Any CPU
		{C9CB994C-4CA8-4966-8992-22C5C2B24E8C}.Ad-Hoc|x64.ActiveCfg = Debug|Any CPU
		{C9CB994C-4CA8-4966-8992-22C5C2B24E8C}.Ad-Hoc|x64.Build.0 = Debug|Any CPU
		{C9CB994C-4CA8-4966-8992-22C5C2B24E8C}.Ad-Hoc|x86.ActiveCfg = Debug|Any CPU
		{C9CB994C-4CA8-4966-8992-22C5C2B24E8C}.Ad-Hoc|x86.Build.0 = Debug|Any CPU
		{C9CB994C-4CA8-4966-8992-22C5C2B24E8C}.AppStore|Any CPU.ActiveCfg = Debug|Any CPU
		{C9CB994C-4CA8-4966-8992-22C5C2B24E8C}.AppStore|Any CPU.Build.0 = Debug|Any CPU
		{C9CB994C-4CA8-4966-8992-22C5C2B24E8C}.AppStore|ARM.ActiveCfg = Debug|Any CPU
		{C9CB994C-4CA8-4966-8992-22C5C2B24E8C}.AppStore|ARM.Build.0 = Debug|Any CPU
		{C9CB994C-4CA8-4966-8992-22C5C2B24E8C}.AppStore|iPhone.ActiveCfg = Debug|Any CPU
		{C9CB994C-4CA8-4966-8992-22C5C2B24E8C}.AppStore|iPhone.Build.0 = Debug|Any CPU
		{C9CB994C-4CA8-4966-8992-22C5C2B24E8C}.AppStore|iPhoneSimulator.ActiveCfg = Debug|Any CPU
		{C9CB994C-4CA8-4966-8992-22C5C2B24E8C}.AppStore|iPhoneSimulator.Build.0 = Debug|Any CPU
		{C9CB994C-4CA8-4966-8992-22C5C2B24E8C}.AppStore|Mixed Platforms.ActiveCfg = Debug|Any CPU
		{C9CB994C-4CA8-4966-8992-22C5C2B24E8C}.AppStore|Mixed Platforms.Build.0 = Debug|Any CPU
		{C9CB994C-4CA8-4966-8992-22C5C2B24E8C}.AppStore|x64.ActiveCfg = Debug|Any CPU
		{C9CB994C-4CA8-4966-8992-22C5C2B24E8C}.AppStore|x64.Build.0 = Debug|Any CPU
		{C9CB994C-4CA8-4966-8992-22C5C2B24E8C}.AppStore|x86.ActiveCfg = Debug|Any CPU
		{C9CB994C-4CA8-4966-8992-22C5C2B24E8C}.AppStore|x86.Build.0 = Debug|Any CPU
		{C9CB994C-4CA8-4966-8992-22C5C2B24E8C}.Debug|Any CPU.ActiveCfg = Debug|Any CPU
		{C9CB994C-4CA8-4966-8992-22C5C2B24E8C}.Debug|Any CPU.Build.0 = Debug|Any CPU
		{C9CB994C-4CA8-4966-8992-22C5C2B24E8C}.Debug|Any CPU.Deploy.0 = Debug|Any CPU
		{C9CB994C-4CA8-4966-8992-22C5C2B24E8C}.Debug|ARM.ActiveCfg = Debug|Any CPU
		{C9CB994C-4CA8-4966-8992-22C5C2B24E8C}.Debug|ARM.Build.0 = Debug|Any CPU
		{C9CB994C-4CA8-4966-8992-22C5C2B24E8C}.Debug|iPhone.ActiveCfg = Debug|Any CPU
		{C9CB994C-4CA8-4966-8992-22C5C2B24E8C}.Debug|iPhoneSimulator.ActiveCfg = Debug|Any CPU
		{C9CB994C-4CA8-4966-8992-22C5C2B24E8C}.Debug|Mixed Platforms.ActiveCfg = Debug|Any CPU
		{C9CB994C-4CA8-4966-8992-22C5C2B24E8C}.Debug|Mixed Platforms.Build.0 = Debug|Any CPU
		{C9CB994C-4CA8-4966-8992-22C5C2B24E8C}.Debug|Mixed Platforms.Deploy.0 = Debug|Any CPU
		{C9CB994C-4CA8-4966-8992-22C5C2B24E8C}.Debug|x64.ActiveCfg = Debug|Any CPU
		{C9CB994C-4CA8-4966-8992-22C5C2B24E8C}.Debug|x64.Build.0 = Debug|Any CPU
		{C9CB994C-4CA8-4966-8992-22C5C2B24E8C}.Debug|x86.ActiveCfg = Debug|Any CPU
		{C9CB994C-4CA8-4966-8992-22C5C2B24E8C}.Debug|x86.Build.0 = Debug|Any CPU
		{C9CB994C-4CA8-4966-8992-22C5C2B24E8C}.Release|Any CPU.ActiveCfg = Release|Any CPU
		{C9CB994C-4CA8-4966-8992-22C5C2B24E8C}.Release|ARM.ActiveCfg = Release|Any CPU
		{C9CB994C-4CA8-4966-8992-22C5C2B24E8C}.Release|iPhone.ActiveCfg = Release|Any CPU
		{C9CB994C-4CA8-4966-8992-22C5C2B24E8C}.Release|iPhoneSimulator.ActiveCfg = Release|Any CPU
		{C9CB994C-4CA8-4966-8992-22C5C2B24E8C}.Release|Mixed Platforms.ActiveCfg = Release|Any CPU
		{C9CB994C-4CA8-4966-8992-22C5C2B24E8C}.Release|x64.ActiveCfg = Release|Any CPU
		{C9CB994C-4CA8-4966-8992-22C5C2B24E8C}.Release|x86.ActiveCfg = Release|Any CPU
		{A4FC713A-876D-44CF-8BB3-D2C1FF1A5ED9}.Ad-Hoc|Any CPU.ActiveCfg = Ad-Hoc|iPhone
		{A4FC713A-876D-44CF-8BB3-D2C1FF1A5ED9}.Ad-Hoc|ARM.ActiveCfg = Ad-Hoc|iPhone
		{A4FC713A-876D-44CF-8BB3-D2C1FF1A5ED9}.Ad-Hoc|iPhone.ActiveCfg = Ad-Hoc|iPhone
		{A4FC713A-876D-44CF-8BB3-D2C1FF1A5ED9}.Ad-Hoc|iPhone.Build.0 = Ad-Hoc|iPhone
		{A4FC713A-876D-44CF-8BB3-D2C1FF1A5ED9}.Ad-Hoc|iPhoneSimulator.ActiveCfg = Ad-Hoc|iPhoneSimulator
		{A4FC713A-876D-44CF-8BB3-D2C1FF1A5ED9}.Ad-Hoc|iPhoneSimulator.Build.0 = Ad-Hoc|iPhoneSimulator
		{A4FC713A-876D-44CF-8BB3-D2C1FF1A5ED9}.Ad-Hoc|Mixed Platforms.ActiveCfg = Ad-Hoc|iPhone
		{A4FC713A-876D-44CF-8BB3-D2C1FF1A5ED9}.Ad-Hoc|Mixed Platforms.Build.0 = Ad-Hoc|iPhone
		{A4FC713A-876D-44CF-8BB3-D2C1FF1A5ED9}.Ad-Hoc|x64.ActiveCfg = Ad-Hoc|iPhone
		{A4FC713A-876D-44CF-8BB3-D2C1FF1A5ED9}.Ad-Hoc|x86.ActiveCfg = Ad-Hoc|iPhone
		{A4FC713A-876D-44CF-8BB3-D2C1FF1A5ED9}.AppStore|Any CPU.ActiveCfg = AppStore|iPhone
		{A4FC713A-876D-44CF-8BB3-D2C1FF1A5ED9}.AppStore|ARM.ActiveCfg = AppStore|iPhone
		{A4FC713A-876D-44CF-8BB3-D2C1FF1A5ED9}.AppStore|iPhone.ActiveCfg = AppStore|iPhone
		{A4FC713A-876D-44CF-8BB3-D2C1FF1A5ED9}.AppStore|iPhone.Build.0 = AppStore|iPhone
		{A4FC713A-876D-44CF-8BB3-D2C1FF1A5ED9}.AppStore|iPhoneSimulator.ActiveCfg = AppStore|iPhoneSimulator
		{A4FC713A-876D-44CF-8BB3-D2C1FF1A5ED9}.AppStore|iPhoneSimulator.Build.0 = AppStore|iPhoneSimulator
		{A4FC713A-876D-44CF-8BB3-D2C1FF1A5ED9}.AppStore|Mixed Platforms.ActiveCfg = AppStore|iPhone
		{A4FC713A-876D-44CF-8BB3-D2C1FF1A5ED9}.AppStore|Mixed Platforms.Build.0 = AppStore|iPhone
		{A4FC713A-876D-44CF-8BB3-D2C1FF1A5ED9}.AppStore|x64.ActiveCfg = AppStore|iPhone
		{A4FC713A-876D-44CF-8BB3-D2C1FF1A5ED9}.AppStore|x86.ActiveCfg = AppStore|iPhone
		{A4FC713A-876D-44CF-8BB3-D2C1FF1A5ED9}.Debug|Any CPU.ActiveCfg = Debug|iPhone
		{A4FC713A-876D-44CF-8BB3-D2C1FF1A5ED9}.Debug|Any CPU.Build.0 = Debug|iPhone
		{A4FC713A-876D-44CF-8BB3-D2C1FF1A5ED9}.Debug|ARM.ActiveCfg = Debug|iPhone
		{A4FC713A-876D-44CF-8BB3-D2C1FF1A5ED9}.Debug|iPhone.ActiveCfg = Debug|iPhone
		{A4FC713A-876D-44CF-8BB3-D2C1FF1A5ED9}.Debug|iPhone.Build.0 = Debug|iPhone
		{A4FC713A-876D-44CF-8BB3-D2C1FF1A5ED9}.Debug|iPhoneSimulator.ActiveCfg = Debug|iPhoneSimulator
		{A4FC713A-876D-44CF-8BB3-D2C1FF1A5ED9}.Debug|iPhoneSimulator.Build.0 = Debug|iPhoneSimulator
		{A4FC713A-876D-44CF-8BB3-D2C1FF1A5ED9}.Debug|Mixed Platforms.ActiveCfg = Debug|iPhone
		{A4FC713A-876D-44CF-8BB3-D2C1FF1A5ED9}.Debug|Mixed Platforms.Build.0 = Debug|iPhone
		{A4FC713A-876D-44CF-8BB3-D2C1FF1A5ED9}.Debug|x64.ActiveCfg = Debug|iPhone
		{A4FC713A-876D-44CF-8BB3-D2C1FF1A5ED9}.Debug|x86.ActiveCfg = Debug|iPhone
		{A4FC713A-876D-44CF-8BB3-D2C1FF1A5ED9}.Release|Any CPU.ActiveCfg = Release|iPhone
		{A4FC713A-876D-44CF-8BB3-D2C1FF1A5ED9}.Release|ARM.ActiveCfg = Release|iPhone
		{A4FC713A-876D-44CF-8BB3-D2C1FF1A5ED9}.Release|iPhone.ActiveCfg = Release|iPhone
		{A4FC713A-876D-44CF-8BB3-D2C1FF1A5ED9}.Release|iPhoneSimulator.ActiveCfg = Release|iPhone
		{A4FC713A-876D-44CF-8BB3-D2C1FF1A5ED9}.Release|Mixed Platforms.ActiveCfg = Release|iPhone
		{A4FC713A-876D-44CF-8BB3-D2C1FF1A5ED9}.Release|x64.ActiveCfg = Release|iPhone
		{A4FC713A-876D-44CF-8BB3-D2C1FF1A5ED9}.Release|x86.ActiveCfg = Release|iPhone
		{A3AAFEEF-513A-4296-A9DF-4F7BE657AA45}.Ad-Hoc|Any CPU.ActiveCfg = Release|Any CPU
		{A3AAFEEF-513A-4296-A9DF-4F7BE657AA45}.Ad-Hoc|Any CPU.Build.0 = Release|Any CPU
		{A3AAFEEF-513A-4296-A9DF-4F7BE657AA45}.Ad-Hoc|Any CPU.Deploy.0 = Release|Any CPU
		{A3AAFEEF-513A-4296-A9DF-4F7BE657AA45}.Ad-Hoc|ARM.ActiveCfg = Release|Any CPU
		{A3AAFEEF-513A-4296-A9DF-4F7BE657AA45}.Ad-Hoc|ARM.Build.0 = Release|Any CPU
		{A3AAFEEF-513A-4296-A9DF-4F7BE657AA45}.Ad-Hoc|ARM.Deploy.0 = Release|Any CPU
		{A3AAFEEF-513A-4296-A9DF-4F7BE657AA45}.Ad-Hoc|iPhone.ActiveCfg = Release|Any CPU
		{A3AAFEEF-513A-4296-A9DF-4F7BE657AA45}.Ad-Hoc|iPhone.Build.0 = Release|Any CPU
		{A3AAFEEF-513A-4296-A9DF-4F7BE657AA45}.Ad-Hoc|iPhone.Deploy.0 = Release|Any CPU
		{A3AAFEEF-513A-4296-A9DF-4F7BE657AA45}.Ad-Hoc|iPhoneSimulator.ActiveCfg = Release|Any CPU
		{A3AAFEEF-513A-4296-A9DF-4F7BE657AA45}.Ad-Hoc|iPhoneSimulator.Build.0 = Release|Any CPU
		{A3AAFEEF-513A-4296-A9DF-4F7BE657AA45}.Ad-Hoc|iPhoneSimulator.Deploy.0 = Release|Any CPU
		{A3AAFEEF-513A-4296-A9DF-4F7BE657AA45}.Ad-Hoc|Mixed Platforms.ActiveCfg = Release|Any CPU
		{A3AAFEEF-513A-4296-A9DF-4F7BE657AA45}.Ad-Hoc|Mixed Platforms.Build.0 = Release|Any CPU
		{A3AAFEEF-513A-4296-A9DF-4F7BE657AA45}.Ad-Hoc|Mixed Platforms.Deploy.0 = Release|Any CPU
		{A3AAFEEF-513A-4296-A9DF-4F7BE657AA45}.Ad-Hoc|x64.ActiveCfg = Release|Any CPU
		{A3AAFEEF-513A-4296-A9DF-4F7BE657AA45}.Ad-Hoc|x64.Build.0 = Release|Any CPU
		{A3AAFEEF-513A-4296-A9DF-4F7BE657AA45}.Ad-Hoc|x64.Deploy.0 = Release|Any CPU
		{A3AAFEEF-513A-4296-A9DF-4F7BE657AA45}.Ad-Hoc|x86.ActiveCfg = Release|Any CPU
		{A3AAFEEF-513A-4296-A9DF-4F7BE657AA45}.Ad-Hoc|x86.Build.0 = Release|Any CPU
		{A3AAFEEF-513A-4296-A9DF-4F7BE657AA45}.Ad-Hoc|x86.Deploy.0 = Release|Any CPU
		{A3AAFEEF-513A-4296-A9DF-4F7BE657AA45}.AppStore|Any CPU.ActiveCfg = Release|Any CPU
		{A3AAFEEF-513A-4296-A9DF-4F7BE657AA45}.AppStore|Any CPU.Build.0 = Release|Any CPU
		{A3AAFEEF-513A-4296-A9DF-4F7BE657AA45}.AppStore|Any CPU.Deploy.0 = Release|Any CPU
		{A3AAFEEF-513A-4296-A9DF-4F7BE657AA45}.AppStore|ARM.ActiveCfg = Release|Any CPU
		{A3AAFEEF-513A-4296-A9DF-4F7BE657AA45}.AppStore|ARM.Build.0 = Release|Any CPU
		{A3AAFEEF-513A-4296-A9DF-4F7BE657AA45}.AppStore|ARM.Deploy.0 = Release|Any CPU
		{A3AAFEEF-513A-4296-A9DF-4F7BE657AA45}.AppStore|iPhone.ActiveCfg = Release|Any CPU
		{A3AAFEEF-513A-4296-A9DF-4F7BE657AA45}.AppStore|iPhone.Build.0 = Release|Any CPU
		{A3AAFEEF-513A-4296-A9DF-4F7BE657AA45}.AppStore|iPhone.Deploy.0 = Release|Any CPU
		{A3AAFEEF-513A-4296-A9DF-4F7BE657AA45}.AppStore|iPhoneSimulator.ActiveCfg = Release|Any CPU
		{A3AAFEEF-513A-4296-A9DF-4F7BE657AA45}.AppStore|iPhoneSimulator.Build.0 = Release|Any CPU
		{A3AAFEEF-513A-4296-A9DF-4F7BE657AA45}.AppStore|iPhoneSimulator.Deploy.0 = Release|Any CPU
		{A3AAFEEF-513A-4296-A9DF-4F7BE657AA45}.AppStore|Mixed Platforms.ActiveCfg = Release|Any CPU
		{A3AAFEEF-513A-4296-A9DF-4F7BE657AA45}.AppStore|Mixed Platforms.Build.0 = Release|Any CPU
		{A3AAFEEF-513A-4296-A9DF-4F7BE657AA45}.AppStore|Mixed Platforms.Deploy.0 = Release|Any CPU
		{A3AAFEEF-513A-4296-A9DF-4F7BE657AA45}.AppStore|x64.ActiveCfg = Release|Any CPU
		{A3AAFEEF-513A-4296-A9DF-4F7BE657AA45}.AppStore|x64.Build.0 = Release|Any CPU
		{A3AAFEEF-513A-4296-A9DF-4F7BE657AA45}.AppStore|x64.Deploy.0 = Release|Any CPU
		{A3AAFEEF-513A-4296-A9DF-4F7BE657AA45}.AppStore|x86.ActiveCfg = Release|Any CPU
		{A3AAFEEF-513A-4296-A9DF-4F7BE657AA45}.AppStore|x86.Build.0 = Release|Any CPU
		{A3AAFEEF-513A-4296-A9DF-4F7BE657AA45}.AppStore|x86.Deploy.0 = Release|Any CPU
		{A3AAFEEF-513A-4296-A9DF-4F7BE657AA45}.Debug|Any CPU.ActiveCfg = Debug|Any CPU
		{A3AAFEEF-513A-4296-A9DF-4F7BE657AA45}.Debug|Any CPU.Build.0 = Debug|Any CPU
		{A3AAFEEF-513A-4296-A9DF-4F7BE657AA45}.Debug|Any CPU.Deploy.0 = Debug|Any CPU
		{A3AAFEEF-513A-4296-A9DF-4F7BE657AA45}.Debug|ARM.ActiveCfg = Debug|Any CPU
		{A3AAFEEF-513A-4296-A9DF-4F7BE657AA45}.Debug|ARM.Build.0 = Debug|Any CPU
		{A3AAFEEF-513A-4296-A9DF-4F7BE657AA45}.Debug|ARM.Deploy.0 = Debug|Any CPU
		{A3AAFEEF-513A-4296-A9DF-4F7BE657AA45}.Debug|iPhone.ActiveCfg = Debug|Any CPU
		{A3AAFEEF-513A-4296-A9DF-4F7BE657AA45}.Debug|iPhoneSimulator.ActiveCfg = Debug|Any CPU
		{A3AAFEEF-513A-4296-A9DF-4F7BE657AA45}.Debug|Mixed Platforms.ActiveCfg = Debug|Any CPU
		{A3AAFEEF-513A-4296-A9DF-4F7BE657AA45}.Debug|Mixed Platforms.Build.0 = Debug|Any CPU
		{A3AAFEEF-513A-4296-A9DF-4F7BE657AA45}.Debug|Mixed Platforms.Deploy.0 = Debug|Any CPU
		{A3AAFEEF-513A-4296-A9DF-4F7BE657AA45}.Debug|x64.ActiveCfg = Debug|Any CPU
		{A3AAFEEF-513A-4296-A9DF-4F7BE657AA45}.Debug|x64.Build.0 = Debug|Any CPU
		{A3AAFEEF-513A-4296-A9DF-4F7BE657AA45}.Debug|x64.Deploy.0 = Debug|Any CPU
		{A3AAFEEF-513A-4296-A9DF-4F7BE657AA45}.Debug|x86.ActiveCfg = Debug|Any CPU
		{A3AAFEEF-513A-4296-A9DF-4F7BE657AA45}.Debug|x86.Build.0 = Debug|Any CPU
		{A3AAFEEF-513A-4296-A9DF-4F7BE657AA45}.Debug|x86.Deploy.0 = Debug|Any CPU
		{A3AAFEEF-513A-4296-A9DF-4F7BE657AA45}.Release|Any CPU.ActiveCfg = Release|Any CPU
		{A3AAFEEF-513A-4296-A9DF-4F7BE657AA45}.Release|ARM.ActiveCfg = Release|Any CPU
		{A3AAFEEF-513A-4296-A9DF-4F7BE657AA45}.Release|iPhone.ActiveCfg = Release|Any CPU
		{A3AAFEEF-513A-4296-A9DF-4F7BE657AA45}.Release|iPhoneSimulator.ActiveCfg = Release|Any CPU
		{A3AAFEEF-513A-4296-A9DF-4F7BE657AA45}.Release|Mixed Platforms.ActiveCfg = Release|Any CPU
		{A3AAFEEF-513A-4296-A9DF-4F7BE657AA45}.Release|x64.ActiveCfg = Release|Any CPU
		{A3AAFEEF-513A-4296-A9DF-4F7BE657AA45}.Release|x86.ActiveCfg = Release|Any CPU
		{15A1CCE5-395D-4CCB-9B94-43A5A2BB3774}.Ad-Hoc|Any CPU.ActiveCfg = Release|iPhoneSimulator
		{15A1CCE5-395D-4CCB-9B94-43A5A2BB3774}.Ad-Hoc|Any CPU.Build.0 = Release|iPhoneSimulator
		{15A1CCE5-395D-4CCB-9B94-43A5A2BB3774}.Ad-Hoc|ARM.ActiveCfg = Release|iPhoneSimulator
		{15A1CCE5-395D-4CCB-9B94-43A5A2BB3774}.Ad-Hoc|ARM.Build.0 = Release|iPhoneSimulator
		{15A1CCE5-395D-4CCB-9B94-43A5A2BB3774}.Ad-Hoc|iPhone.ActiveCfg = Release|iPhone
		{15A1CCE5-395D-4CCB-9B94-43A5A2BB3774}.Ad-Hoc|iPhone.Build.0 = Release|iPhone
		{15A1CCE5-395D-4CCB-9B94-43A5A2BB3774}.Ad-Hoc|iPhoneSimulator.ActiveCfg = Release|iPhoneSimulator
		{15A1CCE5-395D-4CCB-9B94-43A5A2BB3774}.Ad-Hoc|iPhoneSimulator.Build.0 = Release|iPhoneSimulator
		{15A1CCE5-395D-4CCB-9B94-43A5A2BB3774}.Ad-Hoc|Mixed Platforms.ActiveCfg = Release|iPhoneSimulator
		{15A1CCE5-395D-4CCB-9B94-43A5A2BB3774}.Ad-Hoc|Mixed Platforms.Build.0 = Release|iPhoneSimulator
		{15A1CCE5-395D-4CCB-9B94-43A5A2BB3774}.Ad-Hoc|x64.ActiveCfg = Release|iPhoneSimulator
		{15A1CCE5-395D-4CCB-9B94-43A5A2BB3774}.Ad-Hoc|x64.Build.0 = Release|iPhoneSimulator
		{15A1CCE5-395D-4CCB-9B94-43A5A2BB3774}.Ad-Hoc|x86.ActiveCfg = Release|iPhoneSimulator
		{15A1CCE5-395D-4CCB-9B94-43A5A2BB3774}.Ad-Hoc|x86.Build.0 = Release|iPhoneSimulator
		{15A1CCE5-395D-4CCB-9B94-43A5A2BB3774}.AppStore|Any CPU.ActiveCfg = Release|iPhoneSimulator
		{15A1CCE5-395D-4CCB-9B94-43A5A2BB3774}.AppStore|Any CPU.Build.0 = Release|iPhoneSimulator
		{15A1CCE5-395D-4CCB-9B94-43A5A2BB3774}.AppStore|ARM.ActiveCfg = Release|iPhoneSimulator
		{15A1CCE5-395D-4CCB-9B94-43A5A2BB3774}.AppStore|ARM.Build.0 = Release|iPhoneSimulator
		{15A1CCE5-395D-4CCB-9B94-43A5A2BB3774}.AppStore|iPhone.ActiveCfg = Release|iPhone
		{15A1CCE5-395D-4CCB-9B94-43A5A2BB3774}.AppStore|iPhone.Build.0 = Release|iPhone
		{15A1CCE5-395D-4CCB-9B94-43A5A2BB3774}.AppStore|iPhoneSimulator.ActiveCfg = Release|iPhoneSimulator
		{15A1CCE5-395D-4CCB-9B94-43A5A2BB3774}.AppStore|iPhoneSimulator.Build.0 = Release|iPhoneSimulator
		{15A1CCE5-395D-4CCB-9B94-43A5A2BB3774}.AppStore|Mixed Platforms.ActiveCfg = Release|iPhoneSimulator
		{15A1CCE5-395D-4CCB-9B94-43A5A2BB3774}.AppStore|Mixed Platforms.Build.0 = Release|iPhoneSimulator
		{15A1CCE5-395D-4CCB-9B94-43A5A2BB3774}.AppStore|x64.ActiveCfg = Release|iPhoneSimulator
		{15A1CCE5-395D-4CCB-9B94-43A5A2BB3774}.AppStore|x64.Build.0 = Release|iPhoneSimulator
		{15A1CCE5-395D-4CCB-9B94-43A5A2BB3774}.AppStore|x86.ActiveCfg = Release|iPhoneSimulator
		{15A1CCE5-395D-4CCB-9B94-43A5A2BB3774}.AppStore|x86.Build.0 = Release|iPhoneSimulator
		{15A1CCE5-395D-4CCB-9B94-43A5A2BB3774}.Debug|Any CPU.ActiveCfg = Debug|iPhone
		{15A1CCE5-395D-4CCB-9B94-43A5A2BB3774}.Debug|Any CPU.Build.0 = Debug|iPhone
		{15A1CCE5-395D-4CCB-9B94-43A5A2BB3774}.Debug|ARM.ActiveCfg = Debug|iPhone
		{15A1CCE5-395D-4CCB-9B94-43A5A2BB3774}.Debug|iPhone.ActiveCfg = Debug|iPhone
		{15A1CCE5-395D-4CCB-9B94-43A5A2BB3774}.Debug|iPhone.Build.0 = Debug|iPhone
		{15A1CCE5-395D-4CCB-9B94-43A5A2BB3774}.Debug|iPhoneSimulator.ActiveCfg = Debug|iPhoneSimulator
		{15A1CCE5-395D-4CCB-9B94-43A5A2BB3774}.Debug|iPhoneSimulator.Build.0 = Debug|iPhoneSimulator
		{15A1CCE5-395D-4CCB-9B94-43A5A2BB3774}.Debug|Mixed Platforms.ActiveCfg = Debug|iPhone
		{15A1CCE5-395D-4CCB-9B94-43A5A2BB3774}.Debug|Mixed Platforms.Build.0 = Debug|iPhone
		{15A1CCE5-395D-4CCB-9B94-43A5A2BB3774}.Debug|x64.ActiveCfg = Debug|iPhone
		{15A1CCE5-395D-4CCB-9B94-43A5A2BB3774}.Debug|x86.ActiveCfg = Debug|iPhone
		{15A1CCE5-395D-4CCB-9B94-43A5A2BB3774}.Release|Any CPU.ActiveCfg = Release|iPhone
		{15A1CCE5-395D-4CCB-9B94-43A5A2BB3774}.Release|ARM.ActiveCfg = Release|iPhone
		{15A1CCE5-395D-4CCB-9B94-43A5A2BB3774}.Release|iPhone.ActiveCfg = Release|iPhone
		{15A1CCE5-395D-4CCB-9B94-43A5A2BB3774}.Release|iPhoneSimulator.ActiveCfg = Release|iPhone
		{15A1CCE5-395D-4CCB-9B94-43A5A2BB3774}.Release|Mixed Platforms.ActiveCfg = Release|iPhone
		{15A1CCE5-395D-4CCB-9B94-43A5A2BB3774}.Release|x64.ActiveCfg = Release|iPhone
		{15A1CCE5-395D-4CCB-9B94-43A5A2BB3774}.Release|x86.ActiveCfg = Release|iPhone
		{739AFEB7-C23A-45C1-89EF-2AD231F64B65}.Ad-Hoc|Any CPU.ActiveCfg = Release|Any CPU
		{739AFEB7-C23A-45C1-89EF-2AD231F64B65}.Ad-Hoc|Any CPU.Build.0 = Release|Any CPU
		{739AFEB7-C23A-45C1-89EF-2AD231F64B65}.Ad-Hoc|ARM.ActiveCfg = Release|Any CPU
		{739AFEB7-C23A-45C1-89EF-2AD231F64B65}.Ad-Hoc|ARM.Build.0 = Release|Any CPU
		{739AFEB7-C23A-45C1-89EF-2AD231F64B65}.Ad-Hoc|iPhone.ActiveCfg = Release|Any CPU
		{739AFEB7-C23A-45C1-89EF-2AD231F64B65}.Ad-Hoc|iPhone.Build.0 = Release|Any CPU
		{739AFEB7-C23A-45C1-89EF-2AD231F64B65}.Ad-Hoc|iPhoneSimulator.ActiveCfg = Release|Any CPU
		{739AFEB7-C23A-45C1-89EF-2AD231F64B65}.Ad-Hoc|iPhoneSimulator.Build.0 = Release|Any CPU
		{739AFEB7-C23A-45C1-89EF-2AD231F64B65}.Ad-Hoc|Mixed Platforms.ActiveCfg = Release|Any CPU
		{739AFEB7-C23A-45C1-89EF-2AD231F64B65}.Ad-Hoc|Mixed Platforms.Build.0 = Release|Any CPU
		{739AFEB7-C23A-45C1-89EF-2AD231F64B65}.Ad-Hoc|x64.ActiveCfg = Release|Any CPU
		{739AFEB7-C23A-45C1-89EF-2AD231F64B65}.Ad-Hoc|x64.Build.0 = Release|Any CPU
		{739AFEB7-C23A-45C1-89EF-2AD231F64B65}.Ad-Hoc|x86.ActiveCfg = Release|Any CPU
		{739AFEB7-C23A-45C1-89EF-2AD231F64B65}.Ad-Hoc|x86.Build.0 = Release|Any CPU
		{739AFEB7-C23A-45C1-89EF-2AD231F64B65}.AppStore|Any CPU.ActiveCfg = Release|Any CPU
		{739AFEB7-C23A-45C1-89EF-2AD231F64B65}.AppStore|Any CPU.Build.0 = Release|Any CPU
		{739AFEB7-C23A-45C1-89EF-2AD231F64B65}.AppStore|ARM.ActiveCfg = Release|Any CPU
		{739AFEB7-C23A-45C1-89EF-2AD231F64B65}.AppStore|ARM.Build.0 = Release|Any CPU
		{739AFEB7-C23A-45C1-89EF-2AD231F64B65}.AppStore|iPhone.ActiveCfg = Release|Any CPU
		{739AFEB7-C23A-45C1-89EF-2AD231F64B65}.AppStore|iPhone.Build.0 = Release|Any CPU
		{739AFEB7-C23A-45C1-89EF-2AD231F64B65}.AppStore|iPhoneSimulator.ActiveCfg = Release|Any CPU
		{739AFEB7-C23A-45C1-89EF-2AD231F64B65}.AppStore|iPhoneSimulator.Build.0 = Release|Any CPU
		{739AFEB7-C23A-45C1-89EF-2AD231F64B65}.AppStore|Mixed Platforms.ActiveCfg = Release|Any CPU
		{739AFEB7-C23A-45C1-89EF-2AD231F64B65}.AppStore|Mixed Platforms.Build.0 = Release|Any CPU
		{739AFEB7-C23A-45C1-89EF-2AD231F64B65}.AppStore|x64.ActiveCfg = Release|Any CPU
		{739AFEB7-C23A-45C1-89EF-2AD231F64B65}.AppStore|x64.Build.0 = Release|Any CPU
		{739AFEB7-C23A-45C1-89EF-2AD231F64B65}.AppStore|x86.ActiveCfg = Release|Any CPU
		{739AFEB7-C23A-45C1-89EF-2AD231F64B65}.AppStore|x86.Build.0 = Release|Any CPU
		{739AFEB7-C23A-45C1-89EF-2AD231F64B65}.Debug|Any CPU.ActiveCfg = Debug|Any CPU
		{739AFEB7-C23A-45C1-89EF-2AD231F64B65}.Debug|Any CPU.Build.0 = Debug|Any CPU
		{739AFEB7-C23A-45C1-89EF-2AD231F64B65}.Debug|ARM.ActiveCfg = Debug|Any CPU
		{739AFEB7-C23A-45C1-89EF-2AD231F64B65}.Debug|ARM.Build.0 = Debug|Any CPU
		{739AFEB7-C23A-45C1-89EF-2AD231F64B65}.Debug|iPhone.ActiveCfg = Debug|Any CPU
		{739AFEB7-C23A-45C1-89EF-2AD231F64B65}.Debug|iPhone.Build.0 = Debug|Any CPU
		{739AFEB7-C23A-45C1-89EF-2AD231F64B65}.Debug|iPhoneSimulator.ActiveCfg = Debug|Any CPU
		{739AFEB7-C23A-45C1-89EF-2AD231F64B65}.Debug|iPhoneSimulator.Build.0 = Debug|Any CPU
		{739AFEB7-C23A-45C1-89EF-2AD231F64B65}.Debug|Mixed Platforms.ActiveCfg = Debug|Any CPU
		{739AFEB7-C23A-45C1-89EF-2AD231F64B65}.Debug|Mixed Platforms.Build.0 = Debug|Any CPU
		{739AFEB7-C23A-45C1-89EF-2AD231F64B65}.Debug|x64.ActiveCfg = Debug|Any CPU
		{739AFEB7-C23A-45C1-89EF-2AD231F64B65}.Debug|x64.Build.0 = Debug|Any CPU
		{739AFEB7-C23A-45C1-89EF-2AD231F64B65}.Debug|x86.ActiveCfg = Debug|Any CPU
		{739AFEB7-C23A-45C1-89EF-2AD231F64B65}.Debug|x86.Build.0 = Debug|Any CPU
		{739AFEB7-C23A-45C1-89EF-2AD231F64B65}.Release|Any CPU.ActiveCfg = Release|Any CPU
		{739AFEB7-C23A-45C1-89EF-2AD231F64B65}.Release|Any CPU.Build.0 = Release|Any CPU
		{739AFEB7-C23A-45C1-89EF-2AD231F64B65}.Release|ARM.ActiveCfg = Release|Any CPU
		{739AFEB7-C23A-45C1-89EF-2AD231F64B65}.Release|ARM.Build.0 = Release|Any CPU
		{739AFEB7-C23A-45C1-89EF-2AD231F64B65}.Release|iPhone.ActiveCfg = Release|Any CPU
		{739AFEB7-C23A-45C1-89EF-2AD231F64B65}.Release|iPhone.Build.0 = Release|Any CPU
		{739AFEB7-C23A-45C1-89EF-2AD231F64B65}.Release|iPhoneSimulator.ActiveCfg = Release|Any CPU
		{739AFEB7-C23A-45C1-89EF-2AD231F64B65}.Release|iPhoneSimulator.Build.0 = Release|Any CPU
		{739AFEB7-C23A-45C1-89EF-2AD231F64B65}.Release|Mixed Platforms.ActiveCfg = Release|Any CPU
		{739AFEB7-C23A-45C1-89EF-2AD231F64B65}.Release|Mixed Platforms.Build.0 = Release|Any CPU
		{739AFEB7-C23A-45C1-89EF-2AD231F64B65}.Release|x64.ActiveCfg = Release|Any CPU
		{739AFEB7-C23A-45C1-89EF-2AD231F64B65}.Release|x64.Build.0 = Release|Any CPU
		{739AFEB7-C23A-45C1-89EF-2AD231F64B65}.Release|x86.ActiveCfg = Release|Any CPU
		{739AFEB7-C23A-45C1-89EF-2AD231F64B65}.Release|x86.Build.0 = Release|Any CPU
		{AA0E1D39-B5B2-442C-81C2-E4B691C4163D}.Ad-Hoc|Any CPU.ActiveCfg = Release|Any CPU
		{AA0E1D39-B5B2-442C-81C2-E4B691C4163D}.Ad-Hoc|Any CPU.Build.0 = Release|Any CPU
		{AA0E1D39-B5B2-442C-81C2-E4B691C4163D}.Ad-Hoc|ARM.ActiveCfg = Release|Any CPU
		{AA0E1D39-B5B2-442C-81C2-E4B691C4163D}.Ad-Hoc|ARM.Build.0 = Release|Any CPU
		{AA0E1D39-B5B2-442C-81C2-E4B691C4163D}.Ad-Hoc|iPhone.ActiveCfg = Release|Any CPU
		{AA0E1D39-B5B2-442C-81C2-E4B691C4163D}.Ad-Hoc|iPhone.Build.0 = Release|Any CPU
		{AA0E1D39-B5B2-442C-81C2-E4B691C4163D}.Ad-Hoc|iPhoneSimulator.ActiveCfg = Release|Any CPU
		{AA0E1D39-B5B2-442C-81C2-E4B691C4163D}.Ad-Hoc|iPhoneSimulator.Build.0 = Release|Any CPU
		{AA0E1D39-B5B2-442C-81C2-E4B691C4163D}.Ad-Hoc|Mixed Platforms.ActiveCfg = Release|Any CPU
		{AA0E1D39-B5B2-442C-81C2-E4B691C4163D}.Ad-Hoc|Mixed Platforms.Build.0 = Release|Any CPU
		{AA0E1D39-B5B2-442C-81C2-E4B691C4163D}.Ad-Hoc|x64.ActiveCfg = Release|Any CPU
		{AA0E1D39-B5B2-442C-81C2-E4B691C4163D}.Ad-Hoc|x64.Build.0 = Release|Any CPU
		{AA0E1D39-B5B2-442C-81C2-E4B691C4163D}.Ad-Hoc|x86.ActiveCfg = Release|Any CPU
		{AA0E1D39-B5B2-442C-81C2-E4B691C4163D}.Ad-Hoc|x86.Build.0 = Release|Any CPU
		{AA0E1D39-B5B2-442C-81C2-E4B691C4163D}.AppStore|Any CPU.ActiveCfg = Release|Any CPU
		{AA0E1D39-B5B2-442C-81C2-E4B691C4163D}.AppStore|Any CPU.Build.0 = Release|Any CPU
		{AA0E1D39-B5B2-442C-81C2-E4B691C4163D}.AppStore|ARM.ActiveCfg = Release|Any CPU
		{AA0E1D39-B5B2-442C-81C2-E4B691C4163D}.AppStore|ARM.Build.0 = Release|Any CPU
		{AA0E1D39-B5B2-442C-81C2-E4B691C4163D}.AppStore|iPhone.ActiveCfg = Release|Any CPU
		{AA0E1D39-B5B2-442C-81C2-E4B691C4163D}.AppStore|iPhone.Build.0 = Release|Any CPU
		{AA0E1D39-B5B2-442C-81C2-E4B691C4163D}.AppStore|iPhoneSimulator.ActiveCfg = Release|Any CPU
		{AA0E1D39-B5B2-442C-81C2-E4B691C4163D}.AppStore|iPhoneSimulator.Build.0 = Release|Any CPU
		{AA0E1D39-B5B2-442C-81C2-E4B691C4163D}.AppStore|Mixed Platforms.ActiveCfg = Release|Any CPU
		{AA0E1D39-B5B2-442C-81C2-E4B691C4163D}.AppStore|Mixed Platforms.Build.0 = Release|Any CPU
		{AA0E1D39-B5B2-442C-81C2-E4B691C4163D}.AppStore|x64.ActiveCfg = Release|Any CPU
		{AA0E1D39-B5B2-442C-81C2-E4B691C4163D}.AppStore|x64.Build.0 = Release|Any CPU
		{AA0E1D39-B5B2-442C-81C2-E4B691C4163D}.AppStore|x86.ActiveCfg = Release|Any CPU
		{AA0E1D39-B5B2-442C-81C2-E4B691C4163D}.AppStore|x86.Build.0 = Release|Any CPU
		{AA0E1D39-B5B2-442C-81C2-E4B691C4163D}.Debug|Any CPU.ActiveCfg = Debug|Any CPU
		{AA0E1D39-B5B2-442C-81C2-E4B691C4163D}.Debug|Any CPU.Build.0 = Debug|Any CPU
		{AA0E1D39-B5B2-442C-81C2-E4B691C4163D}.Debug|ARM.ActiveCfg = Debug|Any CPU
		{AA0E1D39-B5B2-442C-81C2-E4B691C4163D}.Debug|ARM.Build.0 = Debug|Any CPU
		{AA0E1D39-B5B2-442C-81C2-E4B691C4163D}.Debug|iPhone.ActiveCfg = Debug|Any CPU
		{AA0E1D39-B5B2-442C-81C2-E4B691C4163D}.Debug|iPhone.Build.0 = Debug|Any CPU
		{AA0E1D39-B5B2-442C-81C2-E4B691C4163D}.Debug|iPhoneSimulator.ActiveCfg = Debug|Any CPU
		{AA0E1D39-B5B2-442C-81C2-E4B691C4163D}.Debug|iPhoneSimulator.Build.0 = Debug|Any CPU
		{AA0E1D39-B5B2-442C-81C2-E4B691C4163D}.Debug|Mixed Platforms.ActiveCfg = Debug|Any CPU
		{AA0E1D39-B5B2-442C-81C2-E4B691C4163D}.Debug|Mixed Platforms.Build.0 = Debug|Any CPU
		{AA0E1D39-B5B2-442C-81C2-E4B691C4163D}.Debug|x64.ActiveCfg = Debug|Any CPU
		{AA0E1D39-B5B2-442C-81C2-E4B691C4163D}.Debug|x64.Build.0 = Debug|Any CPU
		{AA0E1D39-B5B2-442C-81C2-E4B691C4163D}.Debug|x86.ActiveCfg = Debug|Any CPU
		{AA0E1D39-B5B2-442C-81C2-E4B691C4163D}.Debug|x86.Build.0 = Debug|Any CPU
		{AA0E1D39-B5B2-442C-81C2-E4B691C4163D}.Release|Any CPU.ActiveCfg = Release|Any CPU
		{AA0E1D39-B5B2-442C-81C2-E4B691C4163D}.Release|Any CPU.Build.0 = Release|Any CPU
		{AA0E1D39-B5B2-442C-81C2-E4B691C4163D}.Release|ARM.ActiveCfg = Release|Any CPU
		{AA0E1D39-B5B2-442C-81C2-E4B691C4163D}.Release|ARM.Build.0 = Release|Any CPU
		{AA0E1D39-B5B2-442C-81C2-E4B691C4163D}.Release|iPhone.ActiveCfg = Release|Any CPU
		{AA0E1D39-B5B2-442C-81C2-E4B691C4163D}.Release|iPhone.Build.0 = Release|Any CPU
		{AA0E1D39-B5B2-442C-81C2-E4B691C4163D}.Release|iPhoneSimulator.ActiveCfg = Release|Any CPU
		{AA0E1D39-B5B2-442C-81C2-E4B691C4163D}.Release|iPhoneSimulator.Build.0 = Release|Any CPU
		{AA0E1D39-B5B2-442C-81C2-E4B691C4163D}.Release|Mixed Platforms.ActiveCfg = Release|Any CPU
		{AA0E1D39-B5B2-442C-81C2-E4B691C4163D}.Release|Mixed Platforms.Build.0 = Release|Any CPU
		{AA0E1D39-B5B2-442C-81C2-E4B691C4163D}.Release|x64.ActiveCfg = Release|Any CPU
		{AA0E1D39-B5B2-442C-81C2-E4B691C4163D}.Release|x64.Build.0 = Release|Any CPU
		{AA0E1D39-B5B2-442C-81C2-E4B691C4163D}.Release|x86.ActiveCfg = Release|Any CPU
		{AA0E1D39-B5B2-442C-81C2-E4B691C4163D}.Release|x86.Build.0 = Release|Any CPU
		{35E4822B-853B-4CB2-AAE1-7D40D76C1E84}.Ad-Hoc|Any CPU.ActiveCfg = Release|Any CPU
		{35E4822B-853B-4CB2-AAE1-7D40D76C1E84}.Ad-Hoc|Any CPU.Build.0 = Release|Any CPU
		{35E4822B-853B-4CB2-AAE1-7D40D76C1E84}.Ad-Hoc|ARM.ActiveCfg = Release|Any CPU
		{35E4822B-853B-4CB2-AAE1-7D40D76C1E84}.Ad-Hoc|ARM.Build.0 = Release|Any CPU
		{35E4822B-853B-4CB2-AAE1-7D40D76C1E84}.Ad-Hoc|iPhone.ActiveCfg = Release|Any CPU
		{35E4822B-853B-4CB2-AAE1-7D40D76C1E84}.Ad-Hoc|iPhone.Build.0 = Release|Any CPU
		{35E4822B-853B-4CB2-AAE1-7D40D76C1E84}.Ad-Hoc|iPhoneSimulator.ActiveCfg = Release|Any CPU
		{35E4822B-853B-4CB2-AAE1-7D40D76C1E84}.Ad-Hoc|iPhoneSimulator.Build.0 = Release|Any CPU
		{35E4822B-853B-4CB2-AAE1-7D40D76C1E84}.Ad-Hoc|Mixed Platforms.ActiveCfg = Release|Any CPU
		{35E4822B-853B-4CB2-AAE1-7D40D76C1E84}.Ad-Hoc|Mixed Platforms.Build.0 = Release|Any CPU
		{35E4822B-853B-4CB2-AAE1-7D40D76C1E84}.Ad-Hoc|x64.ActiveCfg = Release|Any CPU
		{35E4822B-853B-4CB2-AAE1-7D40D76C1E84}.Ad-Hoc|x64.Build.0 = Release|Any CPU
		{35E4822B-853B-4CB2-AAE1-7D40D76C1E84}.Ad-Hoc|x86.ActiveCfg = Release|Any CPU
		{35E4822B-853B-4CB2-AAE1-7D40D76C1E84}.Ad-Hoc|x86.Build.0 = Release|Any CPU
		{35E4822B-853B-4CB2-AAE1-7D40D76C1E84}.AppStore|Any CPU.ActiveCfg = Release|Any CPU
		{35E4822B-853B-4CB2-AAE1-7D40D76C1E84}.AppStore|Any CPU.Build.0 = Release|Any CPU
		{35E4822B-853B-4CB2-AAE1-7D40D76C1E84}.AppStore|ARM.ActiveCfg = Release|Any CPU
		{35E4822B-853B-4CB2-AAE1-7D40D76C1E84}.AppStore|ARM.Build.0 = Release|Any CPU
		{35E4822B-853B-4CB2-AAE1-7D40D76C1E84}.AppStore|iPhone.ActiveCfg = Release|Any CPU
		{35E4822B-853B-4CB2-AAE1-7D40D76C1E84}.AppStore|iPhone.Build.0 = Release|Any CPU
		{35E4822B-853B-4CB2-AAE1-7D40D76C1E84}.AppStore|iPhoneSimulator.ActiveCfg = Release|Any CPU
		{35E4822B-853B-4CB2-AAE1-7D40D76C1E84}.AppStore|iPhoneSimulator.Build.0 = Release|Any CPU
		{35E4822B-853B-4CB2-AAE1-7D40D76C1E84}.AppStore|Mixed Platforms.ActiveCfg = Release|Any CPU
		{35E4822B-853B-4CB2-AAE1-7D40D76C1E84}.AppStore|Mixed Platforms.Build.0 = Release|Any CPU
		{35E4822B-853B-4CB2-AAE1-7D40D76C1E84}.AppStore|x64.ActiveCfg = Release|Any CPU
		{35E4822B-853B-4CB2-AAE1-7D40D76C1E84}.AppStore|x64.Build.0 = Release|Any CPU
		{35E4822B-853B-4CB2-AAE1-7D40D76C1E84}.AppStore|x86.ActiveCfg = Release|Any CPU
		{35E4822B-853B-4CB2-AAE1-7D40D76C1E84}.AppStore|x86.Build.0 = Release|Any CPU
		{35E4822B-853B-4CB2-AAE1-7D40D76C1E84}.Debug|Any CPU.ActiveCfg = Debug|Any CPU
		{35E4822B-853B-4CB2-AAE1-7D40D76C1E84}.Debug|Any CPU.Build.0 = Debug|Any CPU
		{35E4822B-853B-4CB2-AAE1-7D40D76C1E84}.Debug|ARM.ActiveCfg = Debug|Any CPU
		{35E4822B-853B-4CB2-AAE1-7D40D76C1E84}.Debug|ARM.Build.0 = Debug|Any CPU
		{35E4822B-853B-4CB2-AAE1-7D40D76C1E84}.Debug|iPhone.ActiveCfg = Debug|Any CPU
		{35E4822B-853B-4CB2-AAE1-7D40D76C1E84}.Debug|iPhone.Build.0 = Debug|Any CPU
		{35E4822B-853B-4CB2-AAE1-7D40D76C1E84}.Debug|iPhoneSimulator.ActiveCfg = Debug|Any CPU
		{35E4822B-853B-4CB2-AAE1-7D40D76C1E84}.Debug|iPhoneSimulator.Build.0 = Debug|Any CPU
		{35E4822B-853B-4CB2-AAE1-7D40D76C1E84}.Debug|Mixed Platforms.ActiveCfg = Debug|Any CPU
		{35E4822B-853B-4CB2-AAE1-7D40D76C1E84}.Debug|Mixed Platforms.Build.0 = Debug|Any CPU
		{35E4822B-853B-4CB2-AAE1-7D40D76C1E84}.Debug|x64.ActiveCfg = Debug|Any CPU
		{35E4822B-853B-4CB2-AAE1-7D40D76C1E84}.Debug|x64.Build.0 = Debug|Any CPU
		{35E4822B-853B-4CB2-AAE1-7D40D76C1E84}.Debug|x86.ActiveCfg = Debug|Any CPU
		{35E4822B-853B-4CB2-AAE1-7D40D76C1E84}.Debug|x86.Build.0 = Debug|Any CPU
		{35E4822B-853B-4CB2-AAE1-7D40D76C1E84}.Release|Any CPU.ActiveCfg = Release|Any CPU
		{35E4822B-853B-4CB2-AAE1-7D40D76C1E84}.Release|Any CPU.Build.0 = Release|Any CPU
		{35E4822B-853B-4CB2-AAE1-7D40D76C1E84}.Release|ARM.ActiveCfg = Release|Any CPU
		{35E4822B-853B-4CB2-AAE1-7D40D76C1E84}.Release|ARM.Build.0 = Release|Any CPU
		{35E4822B-853B-4CB2-AAE1-7D40D76C1E84}.Release|iPhone.ActiveCfg = Release|Any CPU
		{35E4822B-853B-4CB2-AAE1-7D40D76C1E84}.Release|iPhone.Build.0 = Release|Any CPU
		{35E4822B-853B-4CB2-AAE1-7D40D76C1E84}.Release|iPhoneSimulator.ActiveCfg = Release|Any CPU
		{35E4822B-853B-4CB2-AAE1-7D40D76C1E84}.Release|iPhoneSimulator.Build.0 = Release|Any CPU
		{35E4822B-853B-4CB2-AAE1-7D40D76C1E84}.Release|Mixed Platforms.ActiveCfg = Release|Any CPU
		{35E4822B-853B-4CB2-AAE1-7D40D76C1E84}.Release|Mixed Platforms.Build.0 = Release|Any CPU
		{35E4822B-853B-4CB2-AAE1-7D40D76C1E84}.Release|x64.ActiveCfg = Release|Any CPU
		{35E4822B-853B-4CB2-AAE1-7D40D76C1E84}.Release|x64.Build.0 = Release|Any CPU
		{35E4822B-853B-4CB2-AAE1-7D40D76C1E84}.Release|x86.ActiveCfg = Release|Any CPU
		{35E4822B-853B-4CB2-AAE1-7D40D76C1E84}.Release|x86.Build.0 = Release|Any CPU
		{6084CED8-DBFA-4043-9DAC-3DD880D0E533}.Ad-Hoc|Any CPU.ActiveCfg = Release|Any CPU
		{6084CED8-DBFA-4043-9DAC-3DD880D0E533}.Ad-Hoc|Any CPU.Build.0 = Release|Any CPU
		{6084CED8-DBFA-4043-9DAC-3DD880D0E533}.Ad-Hoc|ARM.ActiveCfg = Release|Any CPU
		{6084CED8-DBFA-4043-9DAC-3DD880D0E533}.Ad-Hoc|ARM.Build.0 = Release|Any CPU
		{6084CED8-DBFA-4043-9DAC-3DD880D0E533}.Ad-Hoc|iPhone.ActiveCfg = Release|Any CPU
		{6084CED8-DBFA-4043-9DAC-3DD880D0E533}.Ad-Hoc|iPhone.Build.0 = Release|Any CPU
		{6084CED8-DBFA-4043-9DAC-3DD880D0E533}.Ad-Hoc|iPhoneSimulator.ActiveCfg = Release|Any CPU
		{6084CED8-DBFA-4043-9DAC-3DD880D0E533}.Ad-Hoc|iPhoneSimulator.Build.0 = Release|Any CPU
		{6084CED8-DBFA-4043-9DAC-3DD880D0E533}.Ad-Hoc|Mixed Platforms.ActiveCfg = Release|Any CPU
		{6084CED8-DBFA-4043-9DAC-3DD880D0E533}.Ad-Hoc|Mixed Platforms.Build.0 = Release|Any CPU
		{6084CED8-DBFA-4043-9DAC-3DD880D0E533}.Ad-Hoc|x64.ActiveCfg = Release|Any CPU
		{6084CED8-DBFA-4043-9DAC-3DD880D0E533}.Ad-Hoc|x64.Build.0 = Release|Any CPU
		{6084CED8-DBFA-4043-9DAC-3DD880D0E533}.Ad-Hoc|x86.ActiveCfg = Release|Any CPU
		{6084CED8-DBFA-4043-9DAC-3DD880D0E533}.Ad-Hoc|x86.Build.0 = Release|Any CPU
		{6084CED8-DBFA-4043-9DAC-3DD880D0E533}.AppStore|Any CPU.ActiveCfg = Release|Any CPU
		{6084CED8-DBFA-4043-9DAC-3DD880D0E533}.AppStore|Any CPU.Build.0 = Release|Any CPU
		{6084CED8-DBFA-4043-9DAC-3DD880D0E533}.AppStore|ARM.ActiveCfg = Release|Any CPU
		{6084CED8-DBFA-4043-9DAC-3DD880D0E533}.AppStore|ARM.Build.0 = Release|Any CPU
		{6084CED8-DBFA-4043-9DAC-3DD880D0E533}.AppStore|iPhone.ActiveCfg = Release|Any CPU
		{6084CED8-DBFA-4043-9DAC-3DD880D0E533}.AppStore|iPhone.Build.0 = Release|Any CPU
		{6084CED8-DBFA-4043-9DAC-3DD880D0E533}.AppStore|iPhoneSimulator.ActiveCfg = Release|Any CPU
		{6084CED8-DBFA-4043-9DAC-3DD880D0E533}.AppStore|iPhoneSimulator.Build.0 = Release|Any CPU
		{6084CED8-DBFA-4043-9DAC-3DD880D0E533}.AppStore|Mixed Platforms.ActiveCfg = Release|Any CPU
		{6084CED8-DBFA-4043-9DAC-3DD880D0E533}.AppStore|Mixed Platforms.Build.0 = Release|Any CPU
		{6084CED8-DBFA-4043-9DAC-3DD880D0E533}.AppStore|x64.ActiveCfg = Release|Any CPU
		{6084CED8-DBFA-4043-9DAC-3DD880D0E533}.AppStore|x64.Build.0 = Release|Any CPU
		{6084CED8-DBFA-4043-9DAC-3DD880D0E533}.AppStore|x86.ActiveCfg = Release|Any CPU
		{6084CED8-DBFA-4043-9DAC-3DD880D0E533}.AppStore|x86.Build.0 = Release|Any CPU
		{6084CED8-DBFA-4043-9DAC-3DD880D0E533}.Debug|Any CPU.ActiveCfg = Debug|Any CPU
		{6084CED8-DBFA-4043-9DAC-3DD880D0E533}.Debug|Any CPU.Build.0 = Debug|Any CPU
		{6084CED8-DBFA-4043-9DAC-3DD880D0E533}.Debug|ARM.ActiveCfg = Debug|Any CPU
		{6084CED8-DBFA-4043-9DAC-3DD880D0E533}.Debug|ARM.Build.0 = Debug|Any CPU
		{6084CED8-DBFA-4043-9DAC-3DD880D0E533}.Debug|iPhone.ActiveCfg = Debug|Any CPU
		{6084CED8-DBFA-4043-9DAC-3DD880D0E533}.Debug|iPhone.Build.0 = Debug|Any CPU
		{6084CED8-DBFA-4043-9DAC-3DD880D0E533}.Debug|iPhoneSimulator.ActiveCfg = Debug|Any CPU
		{6084CED8-DBFA-4043-9DAC-3DD880D0E533}.Debug|iPhoneSimulator.Build.0 = Debug|Any CPU
		{6084CED8-DBFA-4043-9DAC-3DD880D0E533}.Debug|Mixed Platforms.ActiveCfg = Debug|Any CPU
		{6084CED8-DBFA-4043-9DAC-3DD880D0E533}.Debug|Mixed Platforms.Build.0 = Debug|Any CPU
		{6084CED8-DBFA-4043-9DAC-3DD880D0E533}.Debug|x64.ActiveCfg = Debug|Any CPU
		{6084CED8-DBFA-4043-9DAC-3DD880D0E533}.Debug|x64.Build.0 = Debug|Any CPU
		{6084CED8-DBFA-4043-9DAC-3DD880D0E533}.Debug|x86.ActiveCfg = Debug|Any CPU
		{6084CED8-DBFA-4043-9DAC-3DD880D0E533}.Debug|x86.Build.0 = Debug|Any CPU
		{6084CED8-DBFA-4043-9DAC-3DD880D0E533}.Release|Any CPU.ActiveCfg = Release|Any CPU
		{6084CED8-DBFA-4043-9DAC-3DD880D0E533}.Release|Any CPU.Build.0 = Release|Any CPU
		{6084CED8-DBFA-4043-9DAC-3DD880D0E533}.Release|ARM.ActiveCfg = Release|Any CPU
		{6084CED8-DBFA-4043-9DAC-3DD880D0E533}.Release|ARM.Build.0 = Release|Any CPU
		{6084CED8-DBFA-4043-9DAC-3DD880D0E533}.Release|iPhone.ActiveCfg = Release|Any CPU
		{6084CED8-DBFA-4043-9DAC-3DD880D0E533}.Release|iPhone.Build.0 = Release|Any CPU
		{6084CED8-DBFA-4043-9DAC-3DD880D0E533}.Release|iPhoneSimulator.ActiveCfg = Release|Any CPU
		{6084CED8-DBFA-4043-9DAC-3DD880D0E533}.Release|iPhoneSimulator.Build.0 = Release|Any CPU
		{6084CED8-DBFA-4043-9DAC-3DD880D0E533}.Release|Mixed Platforms.ActiveCfg = Release|Any CPU
		{6084CED8-DBFA-4043-9DAC-3DD880D0E533}.Release|Mixed Platforms.Build.0 = Release|Any CPU
		{6084CED8-DBFA-4043-9DAC-3DD880D0E533}.Release|x64.ActiveCfg = Release|Any CPU
		{6084CED8-DBFA-4043-9DAC-3DD880D0E533}.Release|x64.Build.0 = Release|Any CPU
		{6084CED8-DBFA-4043-9DAC-3DD880D0E533}.Release|x86.ActiveCfg = Release|Any CPU
		{6084CED8-DBFA-4043-9DAC-3DD880D0E533}.Release|x86.Build.0 = Release|Any CPU
		{C193F9C3-AB71-4EBA-8850-8FFAA7D2FD2B}.Ad-Hoc|Any CPU.ActiveCfg = Release|Any CPU
		{C193F9C3-AB71-4EBA-8850-8FFAA7D2FD2B}.Ad-Hoc|Any CPU.Build.0 = Release|Any CPU
		{C193F9C3-AB71-4EBA-8850-8FFAA7D2FD2B}.Ad-Hoc|ARM.ActiveCfg = Release|Any CPU
		{C193F9C3-AB71-4EBA-8850-8FFAA7D2FD2B}.Ad-Hoc|ARM.Build.0 = Release|Any CPU
		{C193F9C3-AB71-4EBA-8850-8FFAA7D2FD2B}.Ad-Hoc|iPhone.ActiveCfg = Release|Any CPU
		{C193F9C3-AB71-4EBA-8850-8FFAA7D2FD2B}.Ad-Hoc|iPhone.Build.0 = Release|Any CPU
		{C193F9C3-AB71-4EBA-8850-8FFAA7D2FD2B}.Ad-Hoc|iPhoneSimulator.ActiveCfg = Release|Any CPU
		{C193F9C3-AB71-4EBA-8850-8FFAA7D2FD2B}.Ad-Hoc|iPhoneSimulator.Build.0 = Release|Any CPU
		{C193F9C3-AB71-4EBA-8850-8FFAA7D2FD2B}.Ad-Hoc|Mixed Platforms.ActiveCfg = Release|Any CPU
		{C193F9C3-AB71-4EBA-8850-8FFAA7D2FD2B}.Ad-Hoc|Mixed Platforms.Build.0 = Release|Any CPU
		{C193F9C3-AB71-4EBA-8850-8FFAA7D2FD2B}.Ad-Hoc|x64.ActiveCfg = Release|Any CPU
		{C193F9C3-AB71-4EBA-8850-8FFAA7D2FD2B}.Ad-Hoc|x64.Build.0 = Release|Any CPU
		{C193F9C3-AB71-4EBA-8850-8FFAA7D2FD2B}.Ad-Hoc|x86.ActiveCfg = Release|Any CPU
		{C193F9C3-AB71-4EBA-8850-8FFAA7D2FD2B}.Ad-Hoc|x86.Build.0 = Release|Any CPU
		{C193F9C3-AB71-4EBA-8850-8FFAA7D2FD2B}.AppStore|Any CPU.ActiveCfg = Release|Any CPU
		{C193F9C3-AB71-4EBA-8850-8FFAA7D2FD2B}.AppStore|Any CPU.Build.0 = Release|Any CPU
		{C193F9C3-AB71-4EBA-8850-8FFAA7D2FD2B}.AppStore|ARM.ActiveCfg = Release|Any CPU
		{C193F9C3-AB71-4EBA-8850-8FFAA7D2FD2B}.AppStore|ARM.Build.0 = Release|Any CPU
		{C193F9C3-AB71-4EBA-8850-8FFAA7D2FD2B}.AppStore|iPhone.ActiveCfg = Release|Any CPU
		{C193F9C3-AB71-4EBA-8850-8FFAA7D2FD2B}.AppStore|iPhone.Build.0 = Release|Any CPU
		{C193F9C3-AB71-4EBA-8850-8FFAA7D2FD2B}.AppStore|iPhoneSimulator.ActiveCfg = Release|Any CPU
		{C193F9C3-AB71-4EBA-8850-8FFAA7D2FD2B}.AppStore|iPhoneSimulator.Build.0 = Release|Any CPU
		{C193F9C3-AB71-4EBA-8850-8FFAA7D2FD2B}.AppStore|Mixed Platforms.ActiveCfg = Release|Any CPU
		{C193F9C3-AB71-4EBA-8850-8FFAA7D2FD2B}.AppStore|Mixed Platforms.Build.0 = Release|Any CPU
		{C193F9C3-AB71-4EBA-8850-8FFAA7D2FD2B}.AppStore|x64.ActiveCfg = Release|Any CPU
		{C193F9C3-AB71-4EBA-8850-8FFAA7D2FD2B}.AppStore|x64.Build.0 = Release|Any CPU
		{C193F9C3-AB71-4EBA-8850-8FFAA7D2FD2B}.AppStore|x86.ActiveCfg = Release|Any CPU
		{C193F9C3-AB71-4EBA-8850-8FFAA7D2FD2B}.AppStore|x86.Build.0 = Release|Any CPU
		{C193F9C3-AB71-4EBA-8850-8FFAA7D2FD2B}.Debug|Any CPU.ActiveCfg = Debug|Any CPU
		{C193F9C3-AB71-4EBA-8850-8FFAA7D2FD2B}.Debug|Any CPU.Build.0 = Debug|Any CPU
		{C193F9C3-AB71-4EBA-8850-8FFAA7D2FD2B}.Debug|ARM.ActiveCfg = Debug|Any CPU
		{C193F9C3-AB71-4EBA-8850-8FFAA7D2FD2B}.Debug|ARM.Build.0 = Debug|Any CPU
		{C193F9C3-AB71-4EBA-8850-8FFAA7D2FD2B}.Debug|iPhone.ActiveCfg = Debug|Any CPU
		{C193F9C3-AB71-4EBA-8850-8FFAA7D2FD2B}.Debug|iPhone.Build.0 = Debug|Any CPU
		{C193F9C3-AB71-4EBA-8850-8FFAA7D2FD2B}.Debug|iPhoneSimulator.ActiveCfg = Debug|Any CPU
		{C193F9C3-AB71-4EBA-8850-8FFAA7D2FD2B}.Debug|iPhoneSimulator.Build.0 = Debug|Any CPU
		{C193F9C3-AB71-4EBA-8850-8FFAA7D2FD2B}.Debug|Mixed Platforms.ActiveCfg = Debug|Any CPU
		{C193F9C3-AB71-4EBA-8850-8FFAA7D2FD2B}.Debug|Mixed Platforms.Build.0 = Debug|Any CPU
		{C193F9C3-AB71-4EBA-8850-8FFAA7D2FD2B}.Debug|x64.ActiveCfg = Debug|Any CPU
		{C193F9C3-AB71-4EBA-8850-8FFAA7D2FD2B}.Debug|x64.Build.0 = Debug|Any CPU
		{C193F9C3-AB71-4EBA-8850-8FFAA7D2FD2B}.Debug|x86.ActiveCfg = Debug|Any CPU
		{C193F9C3-AB71-4EBA-8850-8FFAA7D2FD2B}.Debug|x86.Build.0 = Debug|Any CPU
		{C193F9C3-AB71-4EBA-8850-8FFAA7D2FD2B}.Release|Any CPU.ActiveCfg = Release|Any CPU
		{C193F9C3-AB71-4EBA-8850-8FFAA7D2FD2B}.Release|ARM.ActiveCfg = Release|Any CPU
		{C193F9C3-AB71-4EBA-8850-8FFAA7D2FD2B}.Release|iPhone.ActiveCfg = Release|Any CPU
		{C193F9C3-AB71-4EBA-8850-8FFAA7D2FD2B}.Release|iPhoneSimulator.ActiveCfg = Release|Any CPU
		{C193F9C3-AB71-4EBA-8850-8FFAA7D2FD2B}.Release|Mixed Platforms.ActiveCfg = Release|Any CPU
		{C193F9C3-AB71-4EBA-8850-8FFAA7D2FD2B}.Release|x64.ActiveCfg = Release|Any CPU
		{C193F9C3-AB71-4EBA-8850-8FFAA7D2FD2B}.Release|x86.ActiveCfg = Release|Any CPU
		{F290ADB0-BDC5-424D-8909-0B4EE37F7130}.Ad-Hoc|Any CPU.ActiveCfg = Release|Any CPU
		{F290ADB0-BDC5-424D-8909-0B4EE37F7130}.Ad-Hoc|Any CPU.Build.0 = Release|Any CPU
		{F290ADB0-BDC5-424D-8909-0B4EE37F7130}.Ad-Hoc|ARM.ActiveCfg = Release|Any CPU
		{F290ADB0-BDC5-424D-8909-0B4EE37F7130}.Ad-Hoc|ARM.Build.0 = Release|Any CPU
		{F290ADB0-BDC5-424D-8909-0B4EE37F7130}.Ad-Hoc|iPhone.ActiveCfg = Release|Any CPU
		{F290ADB0-BDC5-424D-8909-0B4EE37F7130}.Ad-Hoc|iPhone.Build.0 = Release|Any CPU
		{F290ADB0-BDC5-424D-8909-0B4EE37F7130}.Ad-Hoc|iPhoneSimulator.ActiveCfg = Release|Any CPU
		{F290ADB0-BDC5-424D-8909-0B4EE37F7130}.Ad-Hoc|iPhoneSimulator.Build.0 = Release|Any CPU
		{F290ADB0-BDC5-424D-8909-0B4EE37F7130}.Ad-Hoc|Mixed Platforms.ActiveCfg = Release|Any CPU
		{F290ADB0-BDC5-424D-8909-0B4EE37F7130}.Ad-Hoc|Mixed Platforms.Build.0 = Release|Any CPU
		{F290ADB0-BDC5-424D-8909-0B4EE37F7130}.Ad-Hoc|x64.ActiveCfg = Release|Any CPU
		{F290ADB0-BDC5-424D-8909-0B4EE37F7130}.Ad-Hoc|x64.Build.0 = Release|Any CPU
		{F290ADB0-BDC5-424D-8909-0B4EE37F7130}.Ad-Hoc|x86.ActiveCfg = Release|Any CPU
		{F290ADB0-BDC5-424D-8909-0B4EE37F7130}.Ad-Hoc|x86.Build.0 = Release|Any CPU
		{F290ADB0-BDC5-424D-8909-0B4EE37F7130}.AppStore|Any CPU.ActiveCfg = Release|Any CPU
		{F290ADB0-BDC5-424D-8909-0B4EE37F7130}.AppStore|Any CPU.Build.0 = Release|Any CPU
		{F290ADB0-BDC5-424D-8909-0B4EE37F7130}.AppStore|ARM.ActiveCfg = Release|Any CPU
		{F290ADB0-BDC5-424D-8909-0B4EE37F7130}.AppStore|ARM.Build.0 = Release|Any CPU
		{F290ADB0-BDC5-424D-8909-0B4EE37F7130}.AppStore|iPhone.ActiveCfg = Release|Any CPU
		{F290ADB0-BDC5-424D-8909-0B4EE37F7130}.AppStore|iPhone.Build.0 = Release|Any CPU
		{F290ADB0-BDC5-424D-8909-0B4EE37F7130}.AppStore|iPhoneSimulator.ActiveCfg = Release|Any CPU
		{F290ADB0-BDC5-424D-8909-0B4EE37F7130}.AppStore|iPhoneSimulator.Build.0 = Release|Any CPU
		{F290ADB0-BDC5-424D-8909-0B4EE37F7130}.AppStore|Mixed Platforms.ActiveCfg = Release|Any CPU
		{F290ADB0-BDC5-424D-8909-0B4EE37F7130}.AppStore|Mixed Platforms.Build.0 = Release|Any CPU
		{F290ADB0-BDC5-424D-8909-0B4EE37F7130}.AppStore|x64.ActiveCfg = Release|Any CPU
		{F290ADB0-BDC5-424D-8909-0B4EE37F7130}.AppStore|x64.Build.0 = Release|Any CPU
		{F290ADB0-BDC5-424D-8909-0B4EE37F7130}.AppStore|x86.ActiveCfg = Release|Any CPU
		{F290ADB0-BDC5-424D-8909-0B4EE37F7130}.AppStore|x86.Build.0 = Release|Any CPU
		{F290ADB0-BDC5-424D-8909-0B4EE37F7130}.Debug|Any CPU.ActiveCfg = Debug|Any CPU
		{F290ADB0-BDC5-424D-8909-0B4EE37F7130}.Debug|Any CPU.Build.0 = Debug|Any CPU
		{F290ADB0-BDC5-424D-8909-0B4EE37F7130}.Debug|ARM.ActiveCfg = Debug|Any CPU
		{F290ADB0-BDC5-424D-8909-0B4EE37F7130}.Debug|ARM.Build.0 = Debug|Any CPU
		{F290ADB0-BDC5-424D-8909-0B4EE37F7130}.Debug|iPhone.ActiveCfg = Debug|Any CPU
		{F290ADB0-BDC5-424D-8909-0B4EE37F7130}.Debug|iPhone.Build.0 = Debug|Any CPU
		{F290ADB0-BDC5-424D-8909-0B4EE37F7130}.Debug|iPhoneSimulator.ActiveCfg = Debug|Any CPU
		{F290ADB0-BDC5-424D-8909-0B4EE37F7130}.Debug|iPhoneSimulator.Build.0 = Debug|Any CPU
		{F290ADB0-BDC5-424D-8909-0B4EE37F7130}.Debug|Mixed Platforms.ActiveCfg = Debug|Any CPU
		{F290ADB0-BDC5-424D-8909-0B4EE37F7130}.Debug|Mixed Platforms.Build.0 = Debug|Any CPU
		{F290ADB0-BDC5-424D-8909-0B4EE37F7130}.Debug|x64.ActiveCfg = Debug|Any CPU
		{F290ADB0-BDC5-424D-8909-0B4EE37F7130}.Debug|x64.Build.0 = Debug|Any CPU
		{F290ADB0-BDC5-424D-8909-0B4EE37F7130}.Debug|x86.ActiveCfg = Debug|Any CPU
		{F290ADB0-BDC5-424D-8909-0B4EE37F7130}.Debug|x86.Build.0 = Debug|Any CPU
		{F290ADB0-BDC5-424D-8909-0B4EE37F7130}.Release|Any CPU.ActiveCfg = Release|Any CPU
		{F290ADB0-BDC5-424D-8909-0B4EE37F7130}.Release|Any CPU.Build.0 = Release|Any CPU
		{F290ADB0-BDC5-424D-8909-0B4EE37F7130}.Release|ARM.ActiveCfg = Release|Any CPU
		{F290ADB0-BDC5-424D-8909-0B4EE37F7130}.Release|ARM.Build.0 = Release|Any CPU
		{F290ADB0-BDC5-424D-8909-0B4EE37F7130}.Release|iPhone.ActiveCfg = Release|Any CPU
		{F290ADB0-BDC5-424D-8909-0B4EE37F7130}.Release|iPhone.Build.0 = Release|Any CPU
		{F290ADB0-BDC5-424D-8909-0B4EE37F7130}.Release|iPhoneSimulator.ActiveCfg = Release|Any CPU
		{F290ADB0-BDC5-424D-8909-0B4EE37F7130}.Release|iPhoneSimulator.Build.0 = Release|Any CPU
		{F290ADB0-BDC5-424D-8909-0B4EE37F7130}.Release|Mixed Platforms.ActiveCfg = Release|Any CPU
		{F290ADB0-BDC5-424D-8909-0B4EE37F7130}.Release|Mixed Platforms.Build.0 = Release|Any CPU
		{F290ADB0-BDC5-424D-8909-0B4EE37F7130}.Release|x64.ActiveCfg = Release|Any CPU
		{F290ADB0-BDC5-424D-8909-0B4EE37F7130}.Release|x64.Build.0 = Release|Any CPU
		{F290ADB0-BDC5-424D-8909-0B4EE37F7130}.Release|x86.ActiveCfg = Release|Any CPU
		{F290ADB0-BDC5-424D-8909-0B4EE37F7130}.Release|x86.Build.0 = Release|Any CPU
		{D9FE34CE-0064-4CBE-81BE-6DF87ED05030}.Ad-Hoc|Any CPU.ActiveCfg = Release|Any CPU
		{D9FE34CE-0064-4CBE-81BE-6DF87ED05030}.Ad-Hoc|Any CPU.Build.0 = Release|Any CPU
		{D9FE34CE-0064-4CBE-81BE-6DF87ED05030}.Ad-Hoc|ARM.ActiveCfg = Release|Any CPU
		{D9FE34CE-0064-4CBE-81BE-6DF87ED05030}.Ad-Hoc|ARM.Build.0 = Release|Any CPU
		{D9FE34CE-0064-4CBE-81BE-6DF87ED05030}.Ad-Hoc|iPhone.ActiveCfg = Release|Any CPU
		{D9FE34CE-0064-4CBE-81BE-6DF87ED05030}.Ad-Hoc|iPhone.Build.0 = Release|Any CPU
		{D9FE34CE-0064-4CBE-81BE-6DF87ED05030}.Ad-Hoc|iPhoneSimulator.ActiveCfg = Release|Any CPU
		{D9FE34CE-0064-4CBE-81BE-6DF87ED05030}.Ad-Hoc|iPhoneSimulator.Build.0 = Release|Any CPU
		{D9FE34CE-0064-4CBE-81BE-6DF87ED05030}.Ad-Hoc|Mixed Platforms.ActiveCfg = Release|Any CPU
		{D9FE34CE-0064-4CBE-81BE-6DF87ED05030}.Ad-Hoc|Mixed Platforms.Build.0 = Release|Any CPU
		{D9FE34CE-0064-4CBE-81BE-6DF87ED05030}.Ad-Hoc|x64.ActiveCfg = Release|Any CPU
		{D9FE34CE-0064-4CBE-81BE-6DF87ED05030}.Ad-Hoc|x64.Build.0 = Release|Any CPU
		{D9FE34CE-0064-4CBE-81BE-6DF87ED05030}.Ad-Hoc|x86.ActiveCfg = Release|Any CPU
		{D9FE34CE-0064-4CBE-81BE-6DF87ED05030}.Ad-Hoc|x86.Build.0 = Release|Any CPU
		{D9FE34CE-0064-4CBE-81BE-6DF87ED05030}.AppStore|Any CPU.ActiveCfg = Release|Any CPU
		{D9FE34CE-0064-4CBE-81BE-6DF87ED05030}.AppStore|Any CPU.Build.0 = Release|Any CPU
		{D9FE34CE-0064-4CBE-81BE-6DF87ED05030}.AppStore|ARM.ActiveCfg = Release|Any CPU
		{D9FE34CE-0064-4CBE-81BE-6DF87ED05030}.AppStore|ARM.Build.0 = Release|Any CPU
		{D9FE34CE-0064-4CBE-81BE-6DF87ED05030}.AppStore|iPhone.ActiveCfg = Release|Any CPU
		{D9FE34CE-0064-4CBE-81BE-6DF87ED05030}.AppStore|iPhone.Build.0 = Release|Any CPU
		{D9FE34CE-0064-4CBE-81BE-6DF87ED05030}.AppStore|iPhoneSimulator.ActiveCfg = Release|Any CPU
		{D9FE34CE-0064-4CBE-81BE-6DF87ED05030}.AppStore|iPhoneSimulator.Build.0 = Release|Any CPU
		{D9FE34CE-0064-4CBE-81BE-6DF87ED05030}.AppStore|Mixed Platforms.ActiveCfg = Release|Any CPU
		{D9FE34CE-0064-4CBE-81BE-6DF87ED05030}.AppStore|Mixed Platforms.Build.0 = Release|Any CPU
		{D9FE34CE-0064-4CBE-81BE-6DF87ED05030}.AppStore|x64.ActiveCfg = Release|Any CPU
		{D9FE34CE-0064-4CBE-81BE-6DF87ED05030}.AppStore|x64.Build.0 = Release|Any CPU
		{D9FE34CE-0064-4CBE-81BE-6DF87ED05030}.AppStore|x86.ActiveCfg = Release|Any CPU
		{D9FE34CE-0064-4CBE-81BE-6DF87ED05030}.AppStore|x86.Build.0 = Release|Any CPU
		{D9FE34CE-0064-4CBE-81BE-6DF87ED05030}.Debug|Any CPU.ActiveCfg = Debug|Any CPU
		{D9FE34CE-0064-4CBE-81BE-6DF87ED05030}.Debug|Any CPU.Build.0 = Debug|Any CPU
		{D9FE34CE-0064-4CBE-81BE-6DF87ED05030}.Debug|ARM.ActiveCfg = Debug|Any CPU
		{D9FE34CE-0064-4CBE-81BE-6DF87ED05030}.Debug|ARM.Build.0 = Debug|Any CPU
		{D9FE34CE-0064-4CBE-81BE-6DF87ED05030}.Debug|iPhone.ActiveCfg = Debug|Any CPU
		{D9FE34CE-0064-4CBE-81BE-6DF87ED05030}.Debug|iPhone.Build.0 = Debug|Any CPU
		{D9FE34CE-0064-4CBE-81BE-6DF87ED05030}.Debug|iPhoneSimulator.ActiveCfg = Debug|Any CPU
		{D9FE34CE-0064-4CBE-81BE-6DF87ED05030}.Debug|iPhoneSimulator.Build.0 = Debug|Any CPU
		{D9FE34CE-0064-4CBE-81BE-6DF87ED05030}.Debug|Mixed Platforms.ActiveCfg = Debug|Any CPU
		{D9FE34CE-0064-4CBE-81BE-6DF87ED05030}.Debug|Mixed Platforms.Build.0 = Debug|Any CPU
		{D9FE34CE-0064-4CBE-81BE-6DF87ED05030}.Debug|x64.ActiveCfg = Debug|Any CPU
		{D9FE34CE-0064-4CBE-81BE-6DF87ED05030}.Debug|x64.Build.0 = Debug|Any CPU
		{D9FE34CE-0064-4CBE-81BE-6DF87ED05030}.Debug|x86.ActiveCfg = Debug|Any CPU
		{D9FE34CE-0064-4CBE-81BE-6DF87ED05030}.Debug|x86.Build.0 = Debug|Any CPU
		{D9FE34CE-0064-4CBE-81BE-6DF87ED05030}.Release|Any CPU.ActiveCfg = Release|Any CPU
		{D9FE34CE-0064-4CBE-81BE-6DF87ED05030}.Release|ARM.ActiveCfg = Release|Any CPU
		{D9FE34CE-0064-4CBE-81BE-6DF87ED05030}.Release|ARM.Build.0 = Release|Any CPU
		{D9FE34CE-0064-4CBE-81BE-6DF87ED05030}.Release|iPhone.ActiveCfg = Release|Any CPU
		{D9FE34CE-0064-4CBE-81BE-6DF87ED05030}.Release|iPhone.Build.0 = Release|Any CPU
		{D9FE34CE-0064-4CBE-81BE-6DF87ED05030}.Release|iPhoneSimulator.ActiveCfg = Release|Any CPU
		{D9FE34CE-0064-4CBE-81BE-6DF87ED05030}.Release|iPhoneSimulator.Build.0 = Release|Any CPU
		{D9FE34CE-0064-4CBE-81BE-6DF87ED05030}.Release|Mixed Platforms.ActiveCfg = Release|Any CPU
		{D9FE34CE-0064-4CBE-81BE-6DF87ED05030}.Release|Mixed Platforms.Build.0 = Release|Any CPU
		{D9FE34CE-0064-4CBE-81BE-6DF87ED05030}.Release|x64.ActiveCfg = Release|Any CPU
		{D9FE34CE-0064-4CBE-81BE-6DF87ED05030}.Release|x64.Build.0 = Release|Any CPU
		{D9FE34CE-0064-4CBE-81BE-6DF87ED05030}.Release|x86.ActiveCfg = Release|Any CPU
		{D9FE34CE-0064-4CBE-81BE-6DF87ED05030}.Release|x86.Build.0 = Release|Any CPU
		{84AD1C35-2BBF-4AE1-9B42-30CC95709E4A}.Ad-Hoc|Any CPU.ActiveCfg = Release|Any CPU
		{84AD1C35-2BBF-4AE1-9B42-30CC95709E4A}.Ad-Hoc|Any CPU.Build.0 = Release|Any CPU
		{84AD1C35-2BBF-4AE1-9B42-30CC95709E4A}.Ad-Hoc|ARM.ActiveCfg = Release|Any CPU
		{84AD1C35-2BBF-4AE1-9B42-30CC95709E4A}.Ad-Hoc|ARM.Build.0 = Release|Any CPU
		{84AD1C35-2BBF-4AE1-9B42-30CC95709E4A}.Ad-Hoc|iPhone.ActiveCfg = Release|Any CPU
		{84AD1C35-2BBF-4AE1-9B42-30CC95709E4A}.Ad-Hoc|iPhone.Build.0 = Release|Any CPU
		{84AD1C35-2BBF-4AE1-9B42-30CC95709E4A}.Ad-Hoc|iPhoneSimulator.ActiveCfg = Release|Any CPU
		{84AD1C35-2BBF-4AE1-9B42-30CC95709E4A}.Ad-Hoc|iPhoneSimulator.Build.0 = Release|Any CPU
		{84AD1C35-2BBF-4AE1-9B42-30CC95709E4A}.Ad-Hoc|Mixed Platforms.ActiveCfg = Release|Any CPU
		{84AD1C35-2BBF-4AE1-9B42-30CC95709E4A}.Ad-Hoc|Mixed Platforms.Build.0 = Release|Any CPU
		{84AD1C35-2BBF-4AE1-9B42-30CC95709E4A}.Ad-Hoc|x64.ActiveCfg = Release|Any CPU
		{84AD1C35-2BBF-4AE1-9B42-30CC95709E4A}.Ad-Hoc|x64.Build.0 = Release|Any CPU
		{84AD1C35-2BBF-4AE1-9B42-30CC95709E4A}.Ad-Hoc|x86.ActiveCfg = Release|Any CPU
		{84AD1C35-2BBF-4AE1-9B42-30CC95709E4A}.Ad-Hoc|x86.Build.0 = Release|Any CPU
		{84AD1C35-2BBF-4AE1-9B42-30CC95709E4A}.AppStore|Any CPU.ActiveCfg = Release|Any CPU
		{84AD1C35-2BBF-4AE1-9B42-30CC95709E4A}.AppStore|Any CPU.Build.0 = Release|Any CPU
		{84AD1C35-2BBF-4AE1-9B42-30CC95709E4A}.AppStore|ARM.ActiveCfg = Release|Any CPU
		{84AD1C35-2BBF-4AE1-9B42-30CC95709E4A}.AppStore|ARM.Build.0 = Release|Any CPU
		{84AD1C35-2BBF-4AE1-9B42-30CC95709E4A}.AppStore|iPhone.ActiveCfg = Release|Any CPU
		{84AD1C35-2BBF-4AE1-9B42-30CC95709E4A}.AppStore|iPhone.Build.0 = Release|Any CPU
		{84AD1C35-2BBF-4AE1-9B42-30CC95709E4A}.AppStore|iPhoneSimulator.ActiveCfg = Release|Any CPU
		{84AD1C35-2BBF-4AE1-9B42-30CC95709E4A}.AppStore|iPhoneSimulator.Build.0 = Release|Any CPU
		{84AD1C35-2BBF-4AE1-9B42-30CC95709E4A}.AppStore|Mixed Platforms.ActiveCfg = Release|Any CPU
		{84AD1C35-2BBF-4AE1-9B42-30CC95709E4A}.AppStore|Mixed Platforms.Build.0 = Release|Any CPU
		{84AD1C35-2BBF-4AE1-9B42-30CC95709E4A}.AppStore|x64.ActiveCfg = Release|Any CPU
		{84AD1C35-2BBF-4AE1-9B42-30CC95709E4A}.AppStore|x64.Build.0 = Release|Any CPU
		{84AD1C35-2BBF-4AE1-9B42-30CC95709E4A}.AppStore|x86.ActiveCfg = Release|Any CPU
		{84AD1C35-2BBF-4AE1-9B42-30CC95709E4A}.AppStore|x86.Build.0 = Release|Any CPU
		{84AD1C35-2BBF-4AE1-9B42-30CC95709E4A}.Debug|Any CPU.ActiveCfg = Debug|Any CPU
		{84AD1C35-2BBF-4AE1-9B42-30CC95709E4A}.Debug|Any CPU.Build.0 = Debug|Any CPU
		{84AD1C35-2BBF-4AE1-9B42-30CC95709E4A}.Debug|ARM.ActiveCfg = Debug|Any CPU
		{84AD1C35-2BBF-4AE1-9B42-30CC95709E4A}.Debug|ARM.Build.0 = Debug|Any CPU
		{84AD1C35-2BBF-4AE1-9B42-30CC95709E4A}.Debug|iPhone.ActiveCfg = Debug|Any CPU
		{84AD1C35-2BBF-4AE1-9B42-30CC95709E4A}.Debug|iPhone.Build.0 = Debug|Any CPU
		{84AD1C35-2BBF-4AE1-9B42-30CC95709E4A}.Debug|iPhoneSimulator.ActiveCfg = Debug|Any CPU
		{84AD1C35-2BBF-4AE1-9B42-30CC95709E4A}.Debug|iPhoneSimulator.Build.0 = Debug|Any CPU
		{84AD1C35-2BBF-4AE1-9B42-30CC95709E4A}.Debug|Mixed Platforms.ActiveCfg = Debug|Any CPU
		{84AD1C35-2BBF-4AE1-9B42-30CC95709E4A}.Debug|Mixed Platforms.Build.0 = Debug|Any CPU
		{84AD1C35-2BBF-4AE1-9B42-30CC95709E4A}.Debug|x64.ActiveCfg = Debug|Any CPU
		{84AD1C35-2BBF-4AE1-9B42-30CC95709E4A}.Debug|x64.Build.0 = Debug|Any CPU
		{84AD1C35-2BBF-4AE1-9B42-30CC95709E4A}.Debug|x86.ActiveCfg = Debug|Any CPU
		{84AD1C35-2BBF-4AE1-9B42-30CC95709E4A}.Debug|x86.Build.0 = Debug|Any CPU
		{84AD1C35-2BBF-4AE1-9B42-30CC95709E4A}.Release|Any CPU.ActiveCfg = Release|Any CPU
		{84AD1C35-2BBF-4AE1-9B42-30CC95709E4A}.Release|Any CPU.Build.0 = Release|Any CPU
		{84AD1C35-2BBF-4AE1-9B42-30CC95709E4A}.Release|ARM.ActiveCfg = Release|Any CPU
		{84AD1C35-2BBF-4AE1-9B42-30CC95709E4A}.Release|ARM.Build.0 = Release|Any CPU
		{84AD1C35-2BBF-4AE1-9B42-30CC95709E4A}.Release|iPhone.ActiveCfg = Release|Any CPU
		{84AD1C35-2BBF-4AE1-9B42-30CC95709E4A}.Release|iPhone.Build.0 = Release|Any CPU
		{84AD1C35-2BBF-4AE1-9B42-30CC95709E4A}.Release|iPhoneSimulator.ActiveCfg = Release|Any CPU
		{84AD1C35-2BBF-4AE1-9B42-30CC95709E4A}.Release|iPhoneSimulator.Build.0 = Release|Any CPU
		{84AD1C35-2BBF-4AE1-9B42-30CC95709E4A}.Release|Mixed Platforms.ActiveCfg = Release|Any CPU
		{84AD1C35-2BBF-4AE1-9B42-30CC95709E4A}.Release|Mixed Platforms.Build.0 = Release|Any CPU
		{84AD1C35-2BBF-4AE1-9B42-30CC95709E4A}.Release|x64.ActiveCfg = Release|Any CPU
		{84AD1C35-2BBF-4AE1-9B42-30CC95709E4A}.Release|x64.Build.0 = Release|Any CPU
		{84AD1C35-2BBF-4AE1-9B42-30CC95709E4A}.Release|x86.ActiveCfg = Release|Any CPU
		{84AD1C35-2BBF-4AE1-9B42-30CC95709E4A}.Release|x86.Build.0 = Release|Any CPU
		{A7170015-D79A-40B1-9DF4-BFB47FB55938}.Ad-Hoc|Any CPU.ActiveCfg = Release|Any CPU
		{A7170015-D79A-40B1-9DF4-BFB47FB55938}.Ad-Hoc|Any CPU.Build.0 = Release|Any CPU
		{A7170015-D79A-40B1-9DF4-BFB47FB55938}.Ad-Hoc|ARM.ActiveCfg = Release|Any CPU
		{A7170015-D79A-40B1-9DF4-BFB47FB55938}.Ad-Hoc|ARM.Build.0 = Release|Any CPU
		{A7170015-D79A-40B1-9DF4-BFB47FB55938}.Ad-Hoc|iPhone.ActiveCfg = Release|Any CPU
		{A7170015-D79A-40B1-9DF4-BFB47FB55938}.Ad-Hoc|iPhone.Build.0 = Release|Any CPU
		{A7170015-D79A-40B1-9DF4-BFB47FB55938}.Ad-Hoc|iPhoneSimulator.ActiveCfg = Release|Any CPU
		{A7170015-D79A-40B1-9DF4-BFB47FB55938}.Ad-Hoc|iPhoneSimulator.Build.0 = Release|Any CPU
		{A7170015-D79A-40B1-9DF4-BFB47FB55938}.Ad-Hoc|Mixed Platforms.ActiveCfg = Release|Any CPU
		{A7170015-D79A-40B1-9DF4-BFB47FB55938}.Ad-Hoc|Mixed Platforms.Build.0 = Release|Any CPU
		{A7170015-D79A-40B1-9DF4-BFB47FB55938}.Ad-Hoc|x64.ActiveCfg = Release|Any CPU
		{A7170015-D79A-40B1-9DF4-BFB47FB55938}.Ad-Hoc|x64.Build.0 = Release|Any CPU
		{A7170015-D79A-40B1-9DF4-BFB47FB55938}.Ad-Hoc|x86.ActiveCfg = Release|Any CPU
		{A7170015-D79A-40B1-9DF4-BFB47FB55938}.Ad-Hoc|x86.Build.0 = Release|Any CPU
		{A7170015-D79A-40B1-9DF4-BFB47FB55938}.AppStore|Any CPU.ActiveCfg = Release|Any CPU
		{A7170015-D79A-40B1-9DF4-BFB47FB55938}.AppStore|Any CPU.Build.0 = Release|Any CPU
		{A7170015-D79A-40B1-9DF4-BFB47FB55938}.AppStore|ARM.ActiveCfg = Release|Any CPU
		{A7170015-D79A-40B1-9DF4-BFB47FB55938}.AppStore|ARM.Build.0 = Release|Any CPU
		{A7170015-D79A-40B1-9DF4-BFB47FB55938}.AppStore|iPhone.ActiveCfg = Release|Any CPU
		{A7170015-D79A-40B1-9DF4-BFB47FB55938}.AppStore|iPhone.Build.0 = Release|Any CPU
		{A7170015-D79A-40B1-9DF4-BFB47FB55938}.AppStore|iPhoneSimulator.ActiveCfg = Release|Any CPU
		{A7170015-D79A-40B1-9DF4-BFB47FB55938}.AppStore|iPhoneSimulator.Build.0 = Release|Any CPU
		{A7170015-D79A-40B1-9DF4-BFB47FB55938}.AppStore|Mixed Platforms.ActiveCfg = Release|Any CPU
		{A7170015-D79A-40B1-9DF4-BFB47FB55938}.AppStore|Mixed Platforms.Build.0 = Release|Any CPU
		{A7170015-D79A-40B1-9DF4-BFB47FB55938}.AppStore|x64.ActiveCfg = Release|Any CPU
		{A7170015-D79A-40B1-9DF4-BFB47FB55938}.AppStore|x64.Build.0 = Release|Any CPU
		{A7170015-D79A-40B1-9DF4-BFB47FB55938}.AppStore|x86.ActiveCfg = Release|Any CPU
		{A7170015-D79A-40B1-9DF4-BFB47FB55938}.AppStore|x86.Build.0 = Release|Any CPU
		{A7170015-D79A-40B1-9DF4-BFB47FB55938}.Debug|Any CPU.ActiveCfg = Debug|Any CPU
		{A7170015-D79A-40B1-9DF4-BFB47FB55938}.Debug|Any CPU.Build.0 = Debug|Any CPU
		{A7170015-D79A-40B1-9DF4-BFB47FB55938}.Debug|ARM.ActiveCfg = Debug|Any CPU
		{A7170015-D79A-40B1-9DF4-BFB47FB55938}.Debug|ARM.Build.0 = Debug|Any CPU
		{A7170015-D79A-40B1-9DF4-BFB47FB55938}.Debug|iPhone.ActiveCfg = Debug|Any CPU
		{A7170015-D79A-40B1-9DF4-BFB47FB55938}.Debug|iPhone.Build.0 = Debug|Any CPU
		{A7170015-D79A-40B1-9DF4-BFB47FB55938}.Debug|iPhoneSimulator.ActiveCfg = Debug|Any CPU
		{A7170015-D79A-40B1-9DF4-BFB47FB55938}.Debug|iPhoneSimulator.Build.0 = Debug|Any CPU
		{A7170015-D79A-40B1-9DF4-BFB47FB55938}.Debug|Mixed Platforms.ActiveCfg = Debug|Any CPU
		{A7170015-D79A-40B1-9DF4-BFB47FB55938}.Debug|Mixed Platforms.Build.0 = Debug|Any CPU
		{A7170015-D79A-40B1-9DF4-BFB47FB55938}.Debug|x64.ActiveCfg = Debug|Any CPU
		{A7170015-D79A-40B1-9DF4-BFB47FB55938}.Debug|x64.Build.0 = Debug|Any CPU
		{A7170015-D79A-40B1-9DF4-BFB47FB55938}.Debug|x86.ActiveCfg = Debug|Any CPU
		{A7170015-D79A-40B1-9DF4-BFB47FB55938}.Debug|x86.Build.0 = Debug|Any CPU
		{A7170015-D79A-40B1-9DF4-BFB47FB55938}.Release|Any CPU.ActiveCfg = Release|Any CPU
		{A7170015-D79A-40B1-9DF4-BFB47FB55938}.Release|Any CPU.Build.0 = Release|Any CPU
		{A7170015-D79A-40B1-9DF4-BFB47FB55938}.Release|ARM.ActiveCfg = Release|Any CPU
		{A7170015-D79A-40B1-9DF4-BFB47FB55938}.Release|ARM.Build.0 = Release|Any CPU
		{A7170015-D79A-40B1-9DF4-BFB47FB55938}.Release|iPhone.ActiveCfg = Release|Any CPU
		{A7170015-D79A-40B1-9DF4-BFB47FB55938}.Release|iPhone.Build.0 = Release|Any CPU
		{A7170015-D79A-40B1-9DF4-BFB47FB55938}.Release|iPhoneSimulator.ActiveCfg = Release|Any CPU
		{A7170015-D79A-40B1-9DF4-BFB47FB55938}.Release|iPhoneSimulator.Build.0 = Release|Any CPU
		{A7170015-D79A-40B1-9DF4-BFB47FB55938}.Release|Mixed Platforms.ActiveCfg = Release|Any CPU
		{A7170015-D79A-40B1-9DF4-BFB47FB55938}.Release|Mixed Platforms.Build.0 = Release|Any CPU
		{A7170015-D79A-40B1-9DF4-BFB47FB55938}.Release|x64.ActiveCfg = Release|Any CPU
		{A7170015-D79A-40B1-9DF4-BFB47FB55938}.Release|x64.Build.0 = Release|Any CPU
		{A7170015-D79A-40B1-9DF4-BFB47FB55938}.Release|x86.ActiveCfg = Release|Any CPU
		{A7170015-D79A-40B1-9DF4-BFB47FB55938}.Release|x86.Build.0 = Release|Any CPU
		{9CCBA100-072A-4F30-B3C6-AA688F01BE07}.Ad-Hoc|Any CPU.ActiveCfg = Release|Any CPU
		{9CCBA100-072A-4F30-B3C6-AA688F01BE07}.Ad-Hoc|Any CPU.Build.0 = Release|Any CPU
		{9CCBA100-072A-4F30-B3C6-AA688F01BE07}.Ad-Hoc|ARM.ActiveCfg = Release|Any CPU
		{9CCBA100-072A-4F30-B3C6-AA688F01BE07}.Ad-Hoc|ARM.Build.0 = Release|Any CPU
		{9CCBA100-072A-4F30-B3C6-AA688F01BE07}.Ad-Hoc|iPhone.ActiveCfg = Release|Any CPU
		{9CCBA100-072A-4F30-B3C6-AA688F01BE07}.Ad-Hoc|iPhone.Build.0 = Release|Any CPU
		{9CCBA100-072A-4F30-B3C6-AA688F01BE07}.Ad-Hoc|iPhoneSimulator.ActiveCfg = Release|Any CPU
		{9CCBA100-072A-4F30-B3C6-AA688F01BE07}.Ad-Hoc|iPhoneSimulator.Build.0 = Release|Any CPU
		{9CCBA100-072A-4F30-B3C6-AA688F01BE07}.Ad-Hoc|Mixed Platforms.ActiveCfg = Release|Any CPU
		{9CCBA100-072A-4F30-B3C6-AA688F01BE07}.Ad-Hoc|Mixed Platforms.Build.0 = Release|Any CPU
		{9CCBA100-072A-4F30-B3C6-AA688F01BE07}.Ad-Hoc|x64.ActiveCfg = Release|Any CPU
		{9CCBA100-072A-4F30-B3C6-AA688F01BE07}.Ad-Hoc|x64.Build.0 = Release|Any CPU
		{9CCBA100-072A-4F30-B3C6-AA688F01BE07}.Ad-Hoc|x86.ActiveCfg = Release|Any CPU
		{9CCBA100-072A-4F30-B3C6-AA688F01BE07}.Ad-Hoc|x86.Build.0 = Release|Any CPU
		{9CCBA100-072A-4F30-B3C6-AA688F01BE07}.AppStore|Any CPU.ActiveCfg = Release|Any CPU
		{9CCBA100-072A-4F30-B3C6-AA688F01BE07}.AppStore|Any CPU.Build.0 = Release|Any CPU
		{9CCBA100-072A-4F30-B3C6-AA688F01BE07}.AppStore|ARM.ActiveCfg = Release|Any CPU
		{9CCBA100-072A-4F30-B3C6-AA688F01BE07}.AppStore|ARM.Build.0 = Release|Any CPU
		{9CCBA100-072A-4F30-B3C6-AA688F01BE07}.AppStore|iPhone.ActiveCfg = Release|Any CPU
		{9CCBA100-072A-4F30-B3C6-AA688F01BE07}.AppStore|iPhone.Build.0 = Release|Any CPU
		{9CCBA100-072A-4F30-B3C6-AA688F01BE07}.AppStore|iPhoneSimulator.ActiveCfg = Release|Any CPU
		{9CCBA100-072A-4F30-B3C6-AA688F01BE07}.AppStore|iPhoneSimulator.Build.0 = Release|Any CPU
		{9CCBA100-072A-4F30-B3C6-AA688F01BE07}.AppStore|Mixed Platforms.ActiveCfg = Release|Any CPU
		{9CCBA100-072A-4F30-B3C6-AA688F01BE07}.AppStore|Mixed Platforms.Build.0 = Release|Any CPU
		{9CCBA100-072A-4F30-B3C6-AA688F01BE07}.AppStore|x64.ActiveCfg = Release|Any CPU
		{9CCBA100-072A-4F30-B3C6-AA688F01BE07}.AppStore|x64.Build.0 = Release|Any CPU
		{9CCBA100-072A-4F30-B3C6-AA688F01BE07}.AppStore|x86.ActiveCfg = Release|Any CPU
		{9CCBA100-072A-4F30-B3C6-AA688F01BE07}.AppStore|x86.Build.0 = Release|Any CPU
		{9CCBA100-072A-4F30-B3C6-AA688F01BE07}.Debug|Any CPU.ActiveCfg = Debug|Any CPU
		{9CCBA100-072A-4F30-B3C6-AA688F01BE07}.Debug|Any CPU.Build.0 = Debug|Any CPU
		{9CCBA100-072A-4F30-B3C6-AA688F01BE07}.Debug|ARM.ActiveCfg = Debug|Any CPU
		{9CCBA100-072A-4F30-B3C6-AA688F01BE07}.Debug|ARM.Build.0 = Debug|Any CPU
		{9CCBA100-072A-4F30-B3C6-AA688F01BE07}.Debug|iPhone.ActiveCfg = Debug|Any CPU
		{9CCBA100-072A-4F30-B3C6-AA688F01BE07}.Debug|iPhone.Build.0 = Debug|Any CPU
		{9CCBA100-072A-4F30-B3C6-AA688F01BE07}.Debug|iPhoneSimulator.ActiveCfg = Debug|Any CPU
		{9CCBA100-072A-4F30-B3C6-AA688F01BE07}.Debug|iPhoneSimulator.Build.0 = Debug|Any CPU
		{9CCBA100-072A-4F30-B3C6-AA688F01BE07}.Debug|Mixed Platforms.ActiveCfg = Debug|Any CPU
		{9CCBA100-072A-4F30-B3C6-AA688F01BE07}.Debug|Mixed Platforms.Build.0 = Debug|Any CPU
		{9CCBA100-072A-4F30-B3C6-AA688F01BE07}.Debug|x64.ActiveCfg = Debug|Any CPU
		{9CCBA100-072A-4F30-B3C6-AA688F01BE07}.Debug|x64.Build.0 = Debug|Any CPU
		{9CCBA100-072A-4F30-B3C6-AA688F01BE07}.Debug|x86.ActiveCfg = Debug|Any CPU
		{9CCBA100-072A-4F30-B3C6-AA688F01BE07}.Debug|x86.Build.0 = Debug|Any CPU
		{9CCBA100-072A-4F30-B3C6-AA688F01BE07}.Release|Any CPU.ActiveCfg = Release|Any CPU
		{9CCBA100-072A-4F30-B3C6-AA688F01BE07}.Release|ARM.ActiveCfg = Release|Any CPU
		{9CCBA100-072A-4F30-B3C6-AA688F01BE07}.Release|iPhone.ActiveCfg = Release|Any CPU
		{9CCBA100-072A-4F30-B3C6-AA688F01BE07}.Release|iPhoneSimulator.ActiveCfg = Release|Any CPU
		{9CCBA100-072A-4F30-B3C6-AA688F01BE07}.Release|Mixed Platforms.ActiveCfg = Release|Any CPU
		{9CCBA100-072A-4F30-B3C6-AA688F01BE07}.Release|x64.ActiveCfg = Release|Any CPU
		{9CCBA100-072A-4F30-B3C6-AA688F01BE07}.Release|x86.ActiveCfg = Release|Any CPU
		{C5DA9975-903B-4983-8E50-ED787630FF3C}.Ad-Hoc|Any CPU.ActiveCfg = Release|Any CPU
		{C5DA9975-903B-4983-8E50-ED787630FF3C}.Ad-Hoc|Any CPU.Build.0 = Release|Any CPU
		{C5DA9975-903B-4983-8E50-ED787630FF3C}.Ad-Hoc|ARM.ActiveCfg = Release|Any CPU
		{C5DA9975-903B-4983-8E50-ED787630FF3C}.Ad-Hoc|ARM.Build.0 = Release|Any CPU
		{C5DA9975-903B-4983-8E50-ED787630FF3C}.Ad-Hoc|iPhone.ActiveCfg = Release|Any CPU
		{C5DA9975-903B-4983-8E50-ED787630FF3C}.Ad-Hoc|iPhone.Build.0 = Release|Any CPU
		{C5DA9975-903B-4983-8E50-ED787630FF3C}.Ad-Hoc|iPhoneSimulator.ActiveCfg = Release|Any CPU
		{C5DA9975-903B-4983-8E50-ED787630FF3C}.Ad-Hoc|iPhoneSimulator.Build.0 = Release|Any CPU
		{C5DA9975-903B-4983-8E50-ED787630FF3C}.Ad-Hoc|Mixed Platforms.ActiveCfg = Release|Any CPU
		{C5DA9975-903B-4983-8E50-ED787630FF3C}.Ad-Hoc|Mixed Platforms.Build.0 = Release|Any CPU
		{C5DA9975-903B-4983-8E50-ED787630FF3C}.Ad-Hoc|x64.ActiveCfg = Release|Any CPU
		{C5DA9975-903B-4983-8E50-ED787630FF3C}.Ad-Hoc|x64.Build.0 = Release|Any CPU
		{C5DA9975-903B-4983-8E50-ED787630FF3C}.Ad-Hoc|x86.ActiveCfg = Release|Any CPU
		{C5DA9975-903B-4983-8E50-ED787630FF3C}.Ad-Hoc|x86.Build.0 = Release|Any CPU
		{C5DA9975-903B-4983-8E50-ED787630FF3C}.AppStore|Any CPU.ActiveCfg = Release|Any CPU
		{C5DA9975-903B-4983-8E50-ED787630FF3C}.AppStore|Any CPU.Build.0 = Release|Any CPU
		{C5DA9975-903B-4983-8E50-ED787630FF3C}.AppStore|ARM.ActiveCfg = Release|Any CPU
		{C5DA9975-903B-4983-8E50-ED787630FF3C}.AppStore|ARM.Build.0 = Release|Any CPU
		{C5DA9975-903B-4983-8E50-ED787630FF3C}.AppStore|iPhone.ActiveCfg = Release|Any CPU
		{C5DA9975-903B-4983-8E50-ED787630FF3C}.AppStore|iPhone.Build.0 = Release|Any CPU
		{C5DA9975-903B-4983-8E50-ED787630FF3C}.AppStore|iPhoneSimulator.ActiveCfg = Release|Any CPU
		{C5DA9975-903B-4983-8E50-ED787630FF3C}.AppStore|iPhoneSimulator.Build.0 = Release|Any CPU
		{C5DA9975-903B-4983-8E50-ED787630FF3C}.AppStore|Mixed Platforms.ActiveCfg = Release|Any CPU
		{C5DA9975-903B-4983-8E50-ED787630FF3C}.AppStore|Mixed Platforms.Build.0 = Release|Any CPU
		{C5DA9975-903B-4983-8E50-ED787630FF3C}.AppStore|x64.ActiveCfg = Release|Any CPU
		{C5DA9975-903B-4983-8E50-ED787630FF3C}.AppStore|x64.Build.0 = Release|Any CPU
		{C5DA9975-903B-4983-8E50-ED787630FF3C}.AppStore|x86.ActiveCfg = Release|Any CPU
		{C5DA9975-903B-4983-8E50-ED787630FF3C}.AppStore|x86.Build.0 = Release|Any CPU
		{C5DA9975-903B-4983-8E50-ED787630FF3C}.Debug|Any CPU.ActiveCfg = Debug|Any CPU
		{C5DA9975-903B-4983-8E50-ED787630FF3C}.Debug|Any CPU.Build.0 = Debug|Any CPU
		{C5DA9975-903B-4983-8E50-ED787630FF3C}.Debug|ARM.ActiveCfg = Debug|Any CPU
		{C5DA9975-903B-4983-8E50-ED787630FF3C}.Debug|ARM.Build.0 = Debug|Any CPU
		{C5DA9975-903B-4983-8E50-ED787630FF3C}.Debug|iPhone.ActiveCfg = Debug|Any CPU
		{C5DA9975-903B-4983-8E50-ED787630FF3C}.Debug|iPhone.Build.0 = Debug|Any CPU
		{C5DA9975-903B-4983-8E50-ED787630FF3C}.Debug|iPhoneSimulator.ActiveCfg = Debug|Any CPU
		{C5DA9975-903B-4983-8E50-ED787630FF3C}.Debug|iPhoneSimulator.Build.0 = Debug|Any CPU
		{C5DA9975-903B-4983-8E50-ED787630FF3C}.Debug|Mixed Platforms.ActiveCfg = Debug|Any CPU
		{C5DA9975-903B-4983-8E50-ED787630FF3C}.Debug|Mixed Platforms.Build.0 = Debug|Any CPU
		{C5DA9975-903B-4983-8E50-ED787630FF3C}.Debug|x64.ActiveCfg = Debug|Any CPU
		{C5DA9975-903B-4983-8E50-ED787630FF3C}.Debug|x64.Build.0 = Debug|Any CPU
		{C5DA9975-903B-4983-8E50-ED787630FF3C}.Debug|x86.ActiveCfg = Debug|Any CPU
		{C5DA9975-903B-4983-8E50-ED787630FF3C}.Debug|x86.Build.0 = Debug|Any CPU
		{C5DA9975-903B-4983-8E50-ED787630FF3C}.Release|Any CPU.ActiveCfg = Release|Any CPU
		{C5DA9975-903B-4983-8E50-ED787630FF3C}.Release|Any CPU.Build.0 = Release|Any CPU
		{C5DA9975-903B-4983-8E50-ED787630FF3C}.Release|ARM.ActiveCfg = Release|Any CPU
		{C5DA9975-903B-4983-8E50-ED787630FF3C}.Release|ARM.Build.0 = Release|Any CPU
		{C5DA9975-903B-4983-8E50-ED787630FF3C}.Release|iPhone.ActiveCfg = Release|Any CPU
		{C5DA9975-903B-4983-8E50-ED787630FF3C}.Release|iPhone.Build.0 = Release|Any CPU
		{C5DA9975-903B-4983-8E50-ED787630FF3C}.Release|iPhoneSimulator.ActiveCfg = Release|Any CPU
		{C5DA9975-903B-4983-8E50-ED787630FF3C}.Release|iPhoneSimulator.Build.0 = Release|Any CPU
		{C5DA9975-903B-4983-8E50-ED787630FF3C}.Release|Mixed Platforms.ActiveCfg = Release|Any CPU
		{C5DA9975-903B-4983-8E50-ED787630FF3C}.Release|Mixed Platforms.Build.0 = Release|Any CPU
		{C5DA9975-903B-4983-8E50-ED787630FF3C}.Release|x64.ActiveCfg = Release|Any CPU
		{C5DA9975-903B-4983-8E50-ED787630FF3C}.Release|x64.Build.0 = Release|Any CPU
		{C5DA9975-903B-4983-8E50-ED787630FF3C}.Release|x86.ActiveCfg = Release|Any CPU
		{C5DA9975-903B-4983-8E50-ED787630FF3C}.Release|x86.Build.0 = Release|Any CPU
		{DC7BC052-767D-4A5F-A94C-6B9DD4523396}.Ad-Hoc|Any CPU.ActiveCfg = Release|Any CPU
		{DC7BC052-767D-4A5F-A94C-6B9DD4523396}.Ad-Hoc|Any CPU.Build.0 = Release|Any CPU
		{DC7BC052-767D-4A5F-A94C-6B9DD4523396}.Ad-Hoc|ARM.ActiveCfg = Release|ARM
		{DC7BC052-767D-4A5F-A94C-6B9DD4523396}.Ad-Hoc|ARM.Build.0 = Release|ARM
		{DC7BC052-767D-4A5F-A94C-6B9DD4523396}.Ad-Hoc|iPhone.ActiveCfg = Release|Any CPU
		{DC7BC052-767D-4A5F-A94C-6B9DD4523396}.Ad-Hoc|iPhone.Build.0 = Release|Any CPU
		{DC7BC052-767D-4A5F-A94C-6B9DD4523396}.Ad-Hoc|iPhoneSimulator.ActiveCfg = Release|Any CPU
		{DC7BC052-767D-4A5F-A94C-6B9DD4523396}.Ad-Hoc|iPhoneSimulator.Build.0 = Release|Any CPU
		{DC7BC052-767D-4A5F-A94C-6B9DD4523396}.Ad-Hoc|Mixed Platforms.ActiveCfg = Release|x86
		{DC7BC052-767D-4A5F-A94C-6B9DD4523396}.Ad-Hoc|Mixed Platforms.Build.0 = Release|x86
		{DC7BC052-767D-4A5F-A94C-6B9DD4523396}.Ad-Hoc|x64.ActiveCfg = Release|x64
		{DC7BC052-767D-4A5F-A94C-6B9DD4523396}.Ad-Hoc|x64.Build.0 = Release|x64
		{DC7BC052-767D-4A5F-A94C-6B9DD4523396}.Ad-Hoc|x86.ActiveCfg = Release|x86
		{DC7BC052-767D-4A5F-A94C-6B9DD4523396}.Ad-Hoc|x86.Build.0 = Release|x86
		{DC7BC052-767D-4A5F-A94C-6B9DD4523396}.AppStore|Any CPU.ActiveCfg = Release|Any CPU
		{DC7BC052-767D-4A5F-A94C-6B9DD4523396}.AppStore|Any CPU.Build.0 = Release|Any CPU
		{DC7BC052-767D-4A5F-A94C-6B9DD4523396}.AppStore|ARM.ActiveCfg = Release|ARM
		{DC7BC052-767D-4A5F-A94C-6B9DD4523396}.AppStore|ARM.Build.0 = Release|ARM
		{DC7BC052-767D-4A5F-A94C-6B9DD4523396}.AppStore|iPhone.ActiveCfg = Release|Any CPU
		{DC7BC052-767D-4A5F-A94C-6B9DD4523396}.AppStore|iPhone.Build.0 = Release|Any CPU
		{DC7BC052-767D-4A5F-A94C-6B9DD4523396}.AppStore|iPhoneSimulator.ActiveCfg = Release|Any CPU
		{DC7BC052-767D-4A5F-A94C-6B9DD4523396}.AppStore|iPhoneSimulator.Build.0 = Release|Any CPU
		{DC7BC052-767D-4A5F-A94C-6B9DD4523396}.AppStore|Mixed Platforms.ActiveCfg = Release|x86
		{DC7BC052-767D-4A5F-A94C-6B9DD4523396}.AppStore|Mixed Platforms.Build.0 = Release|x86
		{DC7BC052-767D-4A5F-A94C-6B9DD4523396}.AppStore|x64.ActiveCfg = Release|x64
		{DC7BC052-767D-4A5F-A94C-6B9DD4523396}.AppStore|x64.Build.0 = Release|x64
		{DC7BC052-767D-4A5F-A94C-6B9DD4523396}.AppStore|x86.ActiveCfg = Release|x86
		{DC7BC052-767D-4A5F-A94C-6B9DD4523396}.AppStore|x86.Build.0 = Release|x86
		{DC7BC052-767D-4A5F-A94C-6B9DD4523396}.Debug|Any CPU.ActiveCfg = Debug|Any CPU
		{DC7BC052-767D-4A5F-A94C-6B9DD4523396}.Debug|Any CPU.Build.0 = Debug|Any CPU
		{DC7BC052-767D-4A5F-A94C-6B9DD4523396}.Debug|ARM.ActiveCfg = Debug|ARM
		{DC7BC052-767D-4A5F-A94C-6B9DD4523396}.Debug|ARM.Build.0 = Debug|ARM
		{DC7BC052-767D-4A5F-A94C-6B9DD4523396}.Debug|iPhone.ActiveCfg = Debug|Any CPU
		{DC7BC052-767D-4A5F-A94C-6B9DD4523396}.Debug|iPhone.Build.0 = Debug|Any CPU
		{DC7BC052-767D-4A5F-A94C-6B9DD4523396}.Debug|iPhoneSimulator.ActiveCfg = Debug|Any CPU
		{DC7BC052-767D-4A5F-A94C-6B9DD4523396}.Debug|iPhoneSimulator.Build.0 = Debug|Any CPU
		{DC7BC052-767D-4A5F-A94C-6B9DD4523396}.Debug|Mixed Platforms.ActiveCfg = Debug|x86
		{DC7BC052-767D-4A5F-A94C-6B9DD4523396}.Debug|Mixed Platforms.Build.0 = Debug|x86
		{DC7BC052-767D-4A5F-A94C-6B9DD4523396}.Debug|x64.ActiveCfg = Debug|x64
		{DC7BC052-767D-4A5F-A94C-6B9DD4523396}.Debug|x64.Build.0 = Debug|x64
		{DC7BC052-767D-4A5F-A94C-6B9DD4523396}.Debug|x86.ActiveCfg = Debug|x86
		{DC7BC052-767D-4A5F-A94C-6B9DD4523396}.Debug|x86.Build.0 = Debug|x86
		{DC7BC052-767D-4A5F-A94C-6B9DD4523396}.Release|Any CPU.ActiveCfg = Release|Any CPU
		{DC7BC052-767D-4A5F-A94C-6B9DD4523396}.Release|Any CPU.Build.0 = Release|Any CPU
		{DC7BC052-767D-4A5F-A94C-6B9DD4523396}.Release|ARM.ActiveCfg = Release|ARM
		{DC7BC052-767D-4A5F-A94C-6B9DD4523396}.Release|ARM.Build.0 = Release|ARM
		{DC7BC052-767D-4A5F-A94C-6B9DD4523396}.Release|iPhone.ActiveCfg = Release|Any CPU
		{DC7BC052-767D-4A5F-A94C-6B9DD4523396}.Release|iPhone.Build.0 = Release|Any CPU
		{DC7BC052-767D-4A5F-A94C-6B9DD4523396}.Release|iPhoneSimulator.ActiveCfg = Release|Any CPU
		{DC7BC052-767D-4A5F-A94C-6B9DD4523396}.Release|iPhoneSimulator.Build.0 = Release|Any CPU
		{DC7BC052-767D-4A5F-A94C-6B9DD4523396}.Release|Mixed Platforms.ActiveCfg = Release|x86
		{DC7BC052-767D-4A5F-A94C-6B9DD4523396}.Release|Mixed Platforms.Build.0 = Release|x86
		{DC7BC052-767D-4A5F-A94C-6B9DD4523396}.Release|x64.ActiveCfg = Release|x64
		{DC7BC052-767D-4A5F-A94C-6B9DD4523396}.Release|x64.Build.0 = Release|x64
		{DC7BC052-767D-4A5F-A94C-6B9DD4523396}.Release|x86.ActiveCfg = Release|x86
		{DC7BC052-767D-4A5F-A94C-6B9DD4523396}.Release|x86.Build.0 = Release|x86
		{BF8B4CE6-F65A-4059-AFCB-A8A8188232D7}.Ad-Hoc|Any CPU.ActiveCfg = Release|x64
		{BF8B4CE6-F65A-4059-AFCB-A8A8188232D7}.Ad-Hoc|Any CPU.Build.0 = Release|x64
		{BF8B4CE6-F65A-4059-AFCB-A8A8188232D7}.Ad-Hoc|Any CPU.Deploy.0 = Release|x64
		{BF8B4CE6-F65A-4059-AFCB-A8A8188232D7}.Ad-Hoc|ARM.ActiveCfg = Release|ARM
		{BF8B4CE6-F65A-4059-AFCB-A8A8188232D7}.Ad-Hoc|ARM.Build.0 = Release|ARM
		{BF8B4CE6-F65A-4059-AFCB-A8A8188232D7}.Ad-Hoc|ARM.Deploy.0 = Release|ARM
		{BF8B4CE6-F65A-4059-AFCB-A8A8188232D7}.Ad-Hoc|iPhone.ActiveCfg = Release|x64
		{BF8B4CE6-F65A-4059-AFCB-A8A8188232D7}.Ad-Hoc|iPhone.Build.0 = Release|x64
		{BF8B4CE6-F65A-4059-AFCB-A8A8188232D7}.Ad-Hoc|iPhone.Deploy.0 = Release|x64
		{BF8B4CE6-F65A-4059-AFCB-A8A8188232D7}.Ad-Hoc|iPhoneSimulator.ActiveCfg = Release|x64
		{BF8B4CE6-F65A-4059-AFCB-A8A8188232D7}.Ad-Hoc|iPhoneSimulator.Build.0 = Release|x64
		{BF8B4CE6-F65A-4059-AFCB-A8A8188232D7}.Ad-Hoc|iPhoneSimulator.Deploy.0 = Release|x64
		{BF8B4CE6-F65A-4059-AFCB-A8A8188232D7}.Ad-Hoc|Mixed Platforms.ActiveCfg = Release|x86
		{BF8B4CE6-F65A-4059-AFCB-A8A8188232D7}.Ad-Hoc|Mixed Platforms.Build.0 = Release|x86
		{BF8B4CE6-F65A-4059-AFCB-A8A8188232D7}.Ad-Hoc|Mixed Platforms.Deploy.0 = Release|x86
		{BF8B4CE6-F65A-4059-AFCB-A8A8188232D7}.Ad-Hoc|x64.ActiveCfg = Release|x64
		{BF8B4CE6-F65A-4059-AFCB-A8A8188232D7}.Ad-Hoc|x64.Build.0 = Release|x64
		{BF8B4CE6-F65A-4059-AFCB-A8A8188232D7}.Ad-Hoc|x64.Deploy.0 = Release|x64
		{BF8B4CE6-F65A-4059-AFCB-A8A8188232D7}.Ad-Hoc|x86.ActiveCfg = Release|x86
		{BF8B4CE6-F65A-4059-AFCB-A8A8188232D7}.Ad-Hoc|x86.Build.0 = Release|x86
		{BF8B4CE6-F65A-4059-AFCB-A8A8188232D7}.Ad-Hoc|x86.Deploy.0 = Release|x86
		{BF8B4CE6-F65A-4059-AFCB-A8A8188232D7}.AppStore|Any CPU.ActiveCfg = Release|x64
		{BF8B4CE6-F65A-4059-AFCB-A8A8188232D7}.AppStore|Any CPU.Build.0 = Release|x64
		{BF8B4CE6-F65A-4059-AFCB-A8A8188232D7}.AppStore|Any CPU.Deploy.0 = Release|x64
		{BF8B4CE6-F65A-4059-AFCB-A8A8188232D7}.AppStore|ARM.ActiveCfg = Release|ARM
		{BF8B4CE6-F65A-4059-AFCB-A8A8188232D7}.AppStore|ARM.Build.0 = Release|ARM
		{BF8B4CE6-F65A-4059-AFCB-A8A8188232D7}.AppStore|ARM.Deploy.0 = Release|ARM
		{BF8B4CE6-F65A-4059-AFCB-A8A8188232D7}.AppStore|iPhone.ActiveCfg = Release|x64
		{BF8B4CE6-F65A-4059-AFCB-A8A8188232D7}.AppStore|iPhone.Build.0 = Release|x64
		{BF8B4CE6-F65A-4059-AFCB-A8A8188232D7}.AppStore|iPhone.Deploy.0 = Release|x64
		{BF8B4CE6-F65A-4059-AFCB-A8A8188232D7}.AppStore|iPhoneSimulator.ActiveCfg = Release|x64
		{BF8B4CE6-F65A-4059-AFCB-A8A8188232D7}.AppStore|iPhoneSimulator.Build.0 = Release|x64
		{BF8B4CE6-F65A-4059-AFCB-A8A8188232D7}.AppStore|iPhoneSimulator.Deploy.0 = Release|x64
		{BF8B4CE6-F65A-4059-AFCB-A8A8188232D7}.AppStore|Mixed Platforms.ActiveCfg = Release|x86
		{BF8B4CE6-F65A-4059-AFCB-A8A8188232D7}.AppStore|Mixed Platforms.Build.0 = Release|x86
		{BF8B4CE6-F65A-4059-AFCB-A8A8188232D7}.AppStore|Mixed Platforms.Deploy.0 = Release|x86
		{BF8B4CE6-F65A-4059-AFCB-A8A8188232D7}.AppStore|x64.ActiveCfg = Release|x64
		{BF8B4CE6-F65A-4059-AFCB-A8A8188232D7}.AppStore|x64.Build.0 = Release|x64
		{BF8B4CE6-F65A-4059-AFCB-A8A8188232D7}.AppStore|x64.Deploy.0 = Release|x64
		{BF8B4CE6-F65A-4059-AFCB-A8A8188232D7}.AppStore|x86.ActiveCfg = Release|x86
		{BF8B4CE6-F65A-4059-AFCB-A8A8188232D7}.AppStore|x86.Build.0 = Release|x86
		{BF8B4CE6-F65A-4059-AFCB-A8A8188232D7}.AppStore|x86.Deploy.0 = Release|x86
		{BF8B4CE6-F65A-4059-AFCB-A8A8188232D7}.Debug|Any CPU.ActiveCfg = Debug|x86
		{BF8B4CE6-F65A-4059-AFCB-A8A8188232D7}.Debug|Any CPU.Build.0 = Debug|x86
		{BF8B4CE6-F65A-4059-AFCB-A8A8188232D7}.Debug|Any CPU.Deploy.0 = Debug|x86
		{BF8B4CE6-F65A-4059-AFCB-A8A8188232D7}.Debug|ARM.ActiveCfg = Debug|ARM
		{BF8B4CE6-F65A-4059-AFCB-A8A8188232D7}.Debug|ARM.Build.0 = Debug|ARM
		{BF8B4CE6-F65A-4059-AFCB-A8A8188232D7}.Debug|ARM.Deploy.0 = Debug|ARM
		{BF8B4CE6-F65A-4059-AFCB-A8A8188232D7}.Debug|iPhone.ActiveCfg = Debug|x86
		{BF8B4CE6-F65A-4059-AFCB-A8A8188232D7}.Debug|iPhoneSimulator.ActiveCfg = Debug|x86
		{BF8B4CE6-F65A-4059-AFCB-A8A8188232D7}.Debug|Mixed Platforms.ActiveCfg = Debug|x86
		{BF8B4CE6-F65A-4059-AFCB-A8A8188232D7}.Debug|Mixed Platforms.Build.0 = Debug|x86
		{BF8B4CE6-F65A-4059-AFCB-A8A8188232D7}.Debug|Mixed Platforms.Deploy.0 = Debug|x86
		{BF8B4CE6-F65A-4059-AFCB-A8A8188232D7}.Debug|x64.ActiveCfg = Debug|x64
		{BF8B4CE6-F65A-4059-AFCB-A8A8188232D7}.Debug|x64.Build.0 = Debug|x64
		{BF8B4CE6-F65A-4059-AFCB-A8A8188232D7}.Debug|x64.Deploy.0 = Debug|x64
		{BF8B4CE6-F65A-4059-AFCB-A8A8188232D7}.Debug|x86.ActiveCfg = Debug|x86
		{BF8B4CE6-F65A-4059-AFCB-A8A8188232D7}.Debug|x86.Build.0 = Debug|x86
		{BF8B4CE6-F65A-4059-AFCB-A8A8188232D7}.Debug|x86.Deploy.0 = Debug|x86
		{BF8B4CE6-F65A-4059-AFCB-A8A8188232D7}.Release|Any CPU.ActiveCfg = Release|x86
		{BF8B4CE6-F65A-4059-AFCB-A8A8188232D7}.Release|ARM.ActiveCfg = Release|ARM
		{BF8B4CE6-F65A-4059-AFCB-A8A8188232D7}.Release|ARM.Build.0 = Release|ARM
		{BF8B4CE6-F65A-4059-AFCB-A8A8188232D7}.Release|ARM.Deploy.0 = Release|ARM
		{BF8B4CE6-F65A-4059-AFCB-A8A8188232D7}.Release|iPhone.ActiveCfg = Release|x86
		{BF8B4CE6-F65A-4059-AFCB-A8A8188232D7}.Release|iPhoneSimulator.ActiveCfg = Release|x86
		{BF8B4CE6-F65A-4059-AFCB-A8A8188232D7}.Release|Mixed Platforms.ActiveCfg = Release|x86
		{BF8B4CE6-F65A-4059-AFCB-A8A8188232D7}.Release|Mixed Platforms.Build.0 = Release|x86
		{BF8B4CE6-F65A-4059-AFCB-A8A8188232D7}.Release|Mixed Platforms.Deploy.0 = Release|x86
		{BF8B4CE6-F65A-4059-AFCB-A8A8188232D7}.Release|x64.ActiveCfg = Release|x64
		{BF8B4CE6-F65A-4059-AFCB-A8A8188232D7}.Release|x64.Build.0 = Release|x64
		{BF8B4CE6-F65A-4059-AFCB-A8A8188232D7}.Release|x64.Deploy.0 = Release|x64
		{BF8B4CE6-F65A-4059-AFCB-A8A8188232D7}.Release|x86.ActiveCfg = Release|x86
		{BF8B4CE6-F65A-4059-AFCB-A8A8188232D7}.Release|x86.Build.0 = Release|x86
		{BF8B4CE6-F65A-4059-AFCB-A8A8188232D7}.Release|x86.Deploy.0 = Release|x86
		{AAACF457-7546-4CA1-B2E1-CC1746572832}.Ad-Hoc|Any CPU.ActiveCfg = Release|Any CPU
		{AAACF457-7546-4CA1-B2E1-CC1746572832}.Ad-Hoc|Any CPU.Build.0 = Release|Any CPU
		{AAACF457-7546-4CA1-B2E1-CC1746572832}.Ad-Hoc|ARM.ActiveCfg = Release|Any CPU
		{AAACF457-7546-4CA1-B2E1-CC1746572832}.Ad-Hoc|ARM.Build.0 = Release|Any CPU
		{AAACF457-7546-4CA1-B2E1-CC1746572832}.Ad-Hoc|iPhone.ActiveCfg = Release|Any CPU
		{AAACF457-7546-4CA1-B2E1-CC1746572832}.Ad-Hoc|iPhone.Build.0 = Release|Any CPU
		{AAACF457-7546-4CA1-B2E1-CC1746572832}.Ad-Hoc|iPhoneSimulator.ActiveCfg = Release|Any CPU
		{AAACF457-7546-4CA1-B2E1-CC1746572832}.Ad-Hoc|iPhoneSimulator.Build.0 = Release|Any CPU
		{AAACF457-7546-4CA1-B2E1-CC1746572832}.Ad-Hoc|Mixed Platforms.ActiveCfg = Release|Any CPU
		{AAACF457-7546-4CA1-B2E1-CC1746572832}.Ad-Hoc|Mixed Platforms.Build.0 = Release|Any CPU
		{AAACF457-7546-4CA1-B2E1-CC1746572832}.Ad-Hoc|x64.ActiveCfg = Release|Any CPU
		{AAACF457-7546-4CA1-B2E1-CC1746572832}.Ad-Hoc|x64.Build.0 = Release|Any CPU
		{AAACF457-7546-4CA1-B2E1-CC1746572832}.Ad-Hoc|x86.ActiveCfg = Release|Any CPU
		{AAACF457-7546-4CA1-B2E1-CC1746572832}.Ad-Hoc|x86.Build.0 = Release|Any CPU
		{AAACF457-7546-4CA1-B2E1-CC1746572832}.AppStore|Any CPU.ActiveCfg = Release|Any CPU
		{AAACF457-7546-4CA1-B2E1-CC1746572832}.AppStore|Any CPU.Build.0 = Release|Any CPU
		{AAACF457-7546-4CA1-B2E1-CC1746572832}.AppStore|ARM.ActiveCfg = Release|Any CPU
		{AAACF457-7546-4CA1-B2E1-CC1746572832}.AppStore|ARM.Build.0 = Release|Any CPU
		{AAACF457-7546-4CA1-B2E1-CC1746572832}.AppStore|iPhone.ActiveCfg = Release|Any CPU
		{AAACF457-7546-4CA1-B2E1-CC1746572832}.AppStore|iPhone.Build.0 = Release|Any CPU
		{AAACF457-7546-4CA1-B2E1-CC1746572832}.AppStore|iPhoneSimulator.ActiveCfg = Release|Any CPU
		{AAACF457-7546-4CA1-B2E1-CC1746572832}.AppStore|iPhoneSimulator.Build.0 = Release|Any CPU
		{AAACF457-7546-4CA1-B2E1-CC1746572832}.AppStore|Mixed Platforms.ActiveCfg = Release|Any CPU
		{AAACF457-7546-4CA1-B2E1-CC1746572832}.AppStore|Mixed Platforms.Build.0 = Release|Any CPU
		{AAACF457-7546-4CA1-B2E1-CC1746572832}.AppStore|x64.ActiveCfg = Release|Any CPU
		{AAACF457-7546-4CA1-B2E1-CC1746572832}.AppStore|x64.Build.0 = Release|Any CPU
		{AAACF457-7546-4CA1-B2E1-CC1746572832}.AppStore|x86.ActiveCfg = Release|Any CPU
		{AAACF457-7546-4CA1-B2E1-CC1746572832}.AppStore|x86.Build.0 = Release|Any CPU
		{AAACF457-7546-4CA1-B2E1-CC1746572832}.Debug|Any CPU.ActiveCfg = Debug|Any CPU
		{AAACF457-7546-4CA1-B2E1-CC1746572832}.Debug|Any CPU.Build.0 = Debug|Any CPU
		{AAACF457-7546-4CA1-B2E1-CC1746572832}.Debug|ARM.ActiveCfg = Debug|Any CPU
		{AAACF457-7546-4CA1-B2E1-CC1746572832}.Debug|ARM.Build.0 = Debug|Any CPU
		{AAACF457-7546-4CA1-B2E1-CC1746572832}.Debug|iPhone.ActiveCfg = Debug|Any CPU
		{AAACF457-7546-4CA1-B2E1-CC1746572832}.Debug|iPhone.Build.0 = Debug|Any CPU
		{AAACF457-7546-4CA1-B2E1-CC1746572832}.Debug|iPhoneSimulator.ActiveCfg = Debug|Any CPU
		{AAACF457-7546-4CA1-B2E1-CC1746572832}.Debug|iPhoneSimulator.Build.0 = Debug|Any CPU
		{AAACF457-7546-4CA1-B2E1-CC1746572832}.Debug|Mixed Platforms.ActiveCfg = Debug|Any CPU
		{AAACF457-7546-4CA1-B2E1-CC1746572832}.Debug|Mixed Platforms.Build.0 = Debug|Any CPU
		{AAACF457-7546-4CA1-B2E1-CC1746572832}.Debug|x64.ActiveCfg = Debug|Any CPU
		{AAACF457-7546-4CA1-B2E1-CC1746572832}.Debug|x64.Build.0 = Debug|Any CPU
		{AAACF457-7546-4CA1-B2E1-CC1746572832}.Debug|x86.ActiveCfg = Debug|Any CPU
		{AAACF457-7546-4CA1-B2E1-CC1746572832}.Debug|x86.Build.0 = Debug|Any CPU
		{AAACF457-7546-4CA1-B2E1-CC1746572832}.Release|Any CPU.ActiveCfg = Release|Any CPU
		{AAACF457-7546-4CA1-B2E1-CC1746572832}.Release|Any CPU.Build.0 = Release|Any CPU
		{AAACF457-7546-4CA1-B2E1-CC1746572832}.Release|ARM.ActiveCfg = Release|Any CPU
		{AAACF457-7546-4CA1-B2E1-CC1746572832}.Release|ARM.Build.0 = Release|Any CPU
		{AAACF457-7546-4CA1-B2E1-CC1746572832}.Release|iPhone.ActiveCfg = Release|Any CPU
		{AAACF457-7546-4CA1-B2E1-CC1746572832}.Release|iPhone.Build.0 = Release|Any CPU
		{AAACF457-7546-4CA1-B2E1-CC1746572832}.Release|iPhoneSimulator.ActiveCfg = Release|Any CPU
		{AAACF457-7546-4CA1-B2E1-CC1746572832}.Release|iPhoneSimulator.Build.0 = Release|Any CPU
		{AAACF457-7546-4CA1-B2E1-CC1746572832}.Release|Mixed Platforms.ActiveCfg = Release|Any CPU
		{AAACF457-7546-4CA1-B2E1-CC1746572832}.Release|Mixed Platforms.Build.0 = Release|Any CPU
		{AAACF457-7546-4CA1-B2E1-CC1746572832}.Release|x64.ActiveCfg = Release|Any CPU
		{AAACF457-7546-4CA1-B2E1-CC1746572832}.Release|x64.Build.0 = Release|Any CPU
		{AAACF457-7546-4CA1-B2E1-CC1746572832}.Release|x86.ActiveCfg = Release|Any CPU
		{AAACF457-7546-4CA1-B2E1-CC1746572832}.Release|x86.Build.0 = Release|Any CPU
	EndGlobalSection
	GlobalSection(SolutionProperties) = preSolution
		HideSolutionNode = FALSE
	EndGlobalSection
	GlobalSection(NestedProjects) = preSolution
		{15E582C9-8B2B-4C1A-BC64-050B0B19B249} = {0F03930A-9EA4-407F-BFC7-D6C8959A5FE9}
		{C9CB994C-4CA8-4966-8992-22C5C2B24E8C} = {0F03930A-9EA4-407F-BFC7-D6C8959A5FE9}
		{881DD912-9FBA-4446-8D2C-21EFF73D233A} = {0F03930A-9EA4-407F-BFC7-D6C8959A5FE9}
		{A4FC713A-876D-44CF-8BB3-D2C1FF1A5ED9} = {0F03930A-9EA4-407F-BFC7-D6C8959A5FE9}
		{A3AAFEEF-513A-4296-A9DF-4F7BE657AA45} = {0F03930A-9EA4-407F-BFC7-D6C8959A5FE9}
		{15A1CCE5-395D-4CCB-9B94-43A5A2BB3774} = {0F03930A-9EA4-407F-BFC7-D6C8959A5FE9}
		{739AFEB7-C23A-45C1-89EF-2AD231F64B65} = {B1A50379-018A-4280-9EC5-95F5338F890A}
		{E62CB347-19B0-4220-9C77-A2F47F3FBA75} = {B1A50379-018A-4280-9EC5-95F5338F890A}
		{AA0E1D39-B5B2-442C-81C2-E4B691C4163D} = {B1A50379-018A-4280-9EC5-95F5338F890A}
		{35E4822B-853B-4CB2-AAE1-7D40D76C1E84} = {B1A50379-018A-4280-9EC5-95F5338F890A}
		{6084CED8-DBFA-4043-9DAC-3DD880D0E533} = {B1A50379-018A-4280-9EC5-95F5338F890A}
		{F290ADB0-BDC5-424D-8909-0B4EE37F7130} = {DAE58CB7-00EC-48C8-ADD2-AF50384603D5}
		{D9FE34CE-0064-4CBE-81BE-6DF87ED05030} = {DAE58CB7-00EC-48C8-ADD2-AF50384603D5}
		{84AD1C35-2BBF-4AE1-9B42-30CC95709E4A} = {DAE58CB7-00EC-48C8-ADD2-AF50384603D5}
		{0B1BBA44-0118-495E-8E2F-04D10302D81B} = {DAE58CB7-00EC-48C8-ADD2-AF50384603D5}
		{A7170015-D79A-40B1-9DF4-BFB47FB55938} = {DAE58CB7-00EC-48C8-ADD2-AF50384603D5}
		{9CCBA100-072A-4F30-B3C6-AA688F01BE07} = {0F03930A-9EA4-407F-BFC7-D6C8959A5FE9}
		{C5DA9975-903B-4983-8E50-ED787630FF3C} = {DAE58CB7-00EC-48C8-ADD2-AF50384603D5}
		{DC7BC052-767D-4A5F-A94C-6B9DD4523396} = {B1A50379-018A-4280-9EC5-95F5338F890A}
		{BF8B4CE6-F65A-4059-AFCB-A8A8188232D7} = {0F03930A-9EA4-407F-BFC7-D6C8959A5FE9}
		{E45C2E83-909A-473E-A1D8-8C116B1979E0} = {0F03930A-9EA4-407F-BFC7-D6C8959A5FE9}
		{AAACF457-7546-4CA1-B2E1-CC1746572832} = {0F03930A-9EA4-407F-BFC7-D6C8959A5FE9}
	EndGlobalSection
	GlobalSection(MonoDevelopProperties) = preSolution
		StartupItem = Quantfabric.Shared\Quantfabric.Shared.shproj
	EndGlobalSection
EndGlobal
